PODS:
  - AvePurchaseButton (1.0.6)
  - Charts (3.4.0):
    - Charts/Core (= 3.4.0)
  - Charts/Core (3.4.0)
  - IQKeyboardManager (6.5.4)
  - JGProgressHUD (2.1)
  - Pushwoosh (5.19.6):
    - Pushwoosh/Core (= 5.19.6)
  - Pushwoosh/Core (5.19.6)

DEPENDENCIES:
  - AvePurchaseButton
  - Charts
  - IQKeyboardManager
  - JGProgressHUD
  - Pushwoosh

SPEC REPOS:
  trunk:
    - AvePurchaseButton
    - Charts
    - IQKeyboardManager
    - JGProgressHUD
    - Pushwoosh

SPEC CHECKSUMS:
  AvePurchaseButton: 2f14b225134ce005b77e83fbe0b431ad2d924830
  Charts: 74c9f256eaf0460c0c416522d1cf8c634ea6b286
  IQKeyboardManager: 72b359cd7e777e3a984cedbe05f8da45320cbb63
  JGProgressHUD: aa403e9a5b45cae98903c4600cccdd98c0c3ec90
  Pushwoosh: e4fed1e428031a63d37092f012676542b4e9fa35

PODFILE CHECKSUM: ad71ec7b66c8c9c2e85acd9a3afc01940ef9b14d

COCOAPODS: 1.8.4
