// !$*UTF8*$!
{
	archiveVersion = 1;
	classes = {
	};
	objectVersion = 46;
	objects = {

/* Begin PBXBuildFile section */
		4303F165236828AD00EBA3B1 /* PickerTableView.swift in Sources */ = {isa = PBXBuildFile; fileRef = 4303F164236828AD00EBA3B1 /* PickerTableView.swift */; };
		4303F16723682DE800EBA3B1 /* LifestyleTableView.swift in Sources */ = {isa = PBXBuildFile; fileRef = 4303F16623682DE800EBA3B1 /* LifestyleTableView.swift */; };
		4303F1692368300100EBA3B1 /* GoalTableView.swift in Sources */ = {isa = PBXBuildFile; fileRef = 4303F1682368300100EBA3B1 /* GoalTableView.swift */; };
		4303F16B236832FB00EBA3B1 /* StoreViewController.swift in Sources */ = {isa = PBXBuildFile; fileRef = 4303F16A236832FB00EBA3B1 /* StoreViewController.swift */; };
		4303F16D236856F700EBA3B1 /* FoodTrackViewController.swift in Sources */ = {isa = PBXBuildFile; fileRef = 4303F16C236856F700EBA3B1 /* FoodTrackViewController.swift */; };
		4303F16F2368869A00EBA3B1 /* TrackerINavigationBar.swift in Sources */ = {isa = PBXBuildFile; fileRef = 4303F16E2368869A00EBA3B1 /* TrackerINavigationBar.swift */; };
		4303F1712368883B00EBA3B1 /* AppGalleryView.swift in Sources */ = {isa = PBXBuildFile; fileRef = 4303F1702368883B00EBA3B1 /* AppGalleryView.swift */; };
		4303F17323696D6D00EBA3B1 /* AppGalleryResponse.swift in Sources */ = {isa = PBXBuildFile; fileRef = 4303F17223696D6D00EBA3B1 /* AppGalleryResponse.swift */; };
		4303F1752369940400EBA3B1 /* CustomCell.swift in Sources */ = {isa = PBXBuildFile; fileRef = 4303F1742369940400EBA3B1 /* CustomCell.swift */; };
		4303F17723699AFE00EBA3B1 /* ImageDownloader.swift in Sources */ = {isa = PBXBuildFile; fileRef = 4303F17623699AFE00EBA3B1 /* ImageDownloader.swift */; };
		4303F1792369B98B00EBA3B1 /* DetailView.swift in Sources */ = {isa = PBXBuildFile; fileRef = 4303F1782369B98B00EBA3B1 /* DetailView.swift */; };
		4303F17B2369CAA700EBA3B1 /* AsyncImageView.swift in Sources */ = {isa = PBXBuildFile; fileRef = 4303F17A2369CAA700EBA3B1 /* AsyncImageView.swift */; };
		4303F17D2369D1E900EBA3B1 /* ARScrollViewEnhancer.swift in Sources */ = {isa = PBXBuildFile; fileRef = 4303F17C2369D1E900EBA3B1 /* ARScrollViewEnhancer.swift */; };
		4303F17F2369D59300EBA3B1 /* AppDelegate.swift in Sources */ = {isa = PBXBuildFile; fileRef = 4303F17E2369D59300EBA3B1 /* AppDelegate.swift */; };
		4303F181236AC30000EBA3B1 /* FoodTrackCell.swift in Sources */ = {isa = PBXBuildFile; fileRef = 4303F180236AC30000EBA3B1 /* FoodTrackCell.swift */; };
		435A73302361BF8F005B4BF4 /* AddFoodViewController.swift in Sources */ = {isa = PBXBuildFile; fileRef = 435A732F2361BF8F005B4BF4 /* AddFoodViewController.swift */; };
		437ECCA22362DE8900573D52 /* DeviceViewController.swift in Sources */ = {isa = PBXBuildFile; fileRef = 437ECCA12362DE8900573D52 /* DeviceViewController.swift */; };
		437ECCA6236304A500573D52 /* DeviceDetailViewController.swift in Sources */ = {isa = PBXBuildFile; fileRef = 437ECCA5236304A500573D52 /* DeviceDetailViewController.swift */; };
		437ECCAA2363115900573D52 /* FoodObjectsViewController.swift in Sources */ = {isa = PBXBuildFile; fileRef = 437ECCA92363115900573D52 /* FoodObjectsViewController.swift */; };
		437ECCAE23631EB000573D52 /* ScannerViewController.swift in Sources */ = {isa = PBXBuildFile; fileRef = 437ECCAD23631EB000573D52 /* ScannerViewController.swift */; };
		437ECCB0236436FB00573D52 /* SwiftCommon.swift in Sources */ = {isa = PBXBuildFile; fileRef = 437ECCAF236436FB00573D52 /* SwiftCommon.swift */; };
		439DE72423603C2200CC8543 /* Food+CoreDataProperties.swift in Sources */ = {isa = PBXBuildFile; fileRef = 439DE71E23603C2200CC8543 /* Food+CoreDataProperties.swift */; };
		439DE72523603C2200CC8543 /* UserFoodRecords+CoreDataClass.swift in Sources */ = {isa = PBXBuildFile; fileRef = 439DE71F23603C2200CC8543 /* UserFoodRecords+CoreDataClass.swift */; };
		439DE72623603C2200CC8543 /* UserFoodRecords+CoreDataProperties.swift in Sources */ = {isa = PBXBuildFile; fileRef = 439DE72023603C2200CC8543 /* UserFoodRecords+CoreDataProperties.swift */; };
		439DE72723603C2200CC8543 /* FoodList+CoreDataClass.swift in Sources */ = {isa = PBXBuildFile; fileRef = 439DE72123603C2200CC8543 /* FoodList+CoreDataClass.swift */; };
		439DE72823603C2200CC8543 /* FoodList+CoreDataProperties.swift in Sources */ = {isa = PBXBuildFile; fileRef = 439DE72223603C2200CC8543 /* FoodList+CoreDataProperties.swift */; };
		439DE72923603C2200CC8543 /* Food+CoreDataClass.swift in Sources */ = {isa = PBXBuildFile; fileRef = 439DE72323603C2200CC8543 /* Food+CoreDataClass.swift */; };
		439DE72B23603D9B00CC8543 /* Food+UI.swift in Sources */ = {isa = PBXBuildFile; fileRef = 439DE72A23603D9B00CC8543 /* Food+UI.swift */; };
		43CA92EE236C59C00090D9A3 /* BeFitTrackerTests.swift in Sources */ = {isa = PBXBuildFile; fileRef = 43CA92ED236C59C00090D9A3 /* BeFitTrackerTests.swift */; };
		43CA92F8236C930A0090D9A3 /* VCNavigationListener.swift in Sources */ = {isa = PBXBuildFile; fileRef = 43CA92F7236C930A0090D9A3 /* VCNavigationListener.swift */; };
		43CA92FA236C95600090D9A3 /* PresentingNavigationController.swift in Sources */ = {isa = PBXBuildFile; fileRef = 43CA92F9236C955F0090D9A3 /* PresentingNavigationController.swift */; };
		43F051DB2366D0B3008B4F7F /* UISnapNav.swift in Sources */ = {isa = PBXBuildFile; fileRef = 43F051DA2366D0B3008B4F7F /* UISnapNav.swift */; };
		43F051E02366D93F008B4F7F /* ZFOODOBJECT.json in Resources */ = {isa = PBXBuildFile; fileRef = 43F051DF2366D93F008B4F7F /* ZFOODOBJECT.json */; };
		43F051E22366DE80008B4F7F /* CustomProgView.swift in Sources */ = {isa = PBXBuildFile; fileRef = 43F051E12366DE80008B4F7F /* CustomProgView.swift */; };
		43F051E42366E11B008B4F7F /* BFMasterTableViewController.swift in Sources */ = {isa = PBXBuildFile; fileRef = 43F051E32366E11B008B4F7F /* BFMasterTableViewController.swift */; };
		43F051E62366F459008B4F7F /* DetailViewController.swift in Sources */ = {isa = PBXBuildFile; fileRef = 43F051E52366F459008B4F7F /* DetailViewController.swift */; };
		43F051E82367243B008B4F7F /* FirstViewController.swift in Sources */ = {isa = PBXBuildFile; fileRef = 43F051E72367243B008B4F7F /* FirstViewController.swift */; };
		512609061E5D934E009BA829 /* StoreKit.framework in Frameworks */ = {isa = PBXBuildFile; fileRef = 512609051E5D934E009BA829 /* StoreKit.framework */; };
		51FB9A241E63EB3900FF418D /* BeFit_iOS.sqlite in Resources */ = {isa = PBXBuildFile; fileRef = 51FB9A211E63EB3900FF418D /* BeFit_iOS.sqlite */; };
		51FB9A251E63EB3900FF418D /* BeFit_iOS.sqlite-shm in Resources */ = {isa = PBXBuildFile; fileRef = 51FB9A221E63EB3900FF418D /* BeFit_iOS.sqlite-shm */; };
		51FB9A261E63EB3900FF418D /* BeFit_iOS.sqlite-wal in Resources */ = {isa = PBXBuildFile; fileRef = 51FB9A231E63EB3900FF418D /* BeFit_iOS.sqlite-wal */; };
		906D18D57FE3B691EAA65E5D /* Pods_BeFitTracker.framework in Frameworks */ = {isa = PBXBuildFile; fileRef = 474E423491E3F9AF753F33FA /* Pods_BeFitTracker.framework */; };
		FC290ADC19CF560E0044C06B /* Main.storyboard in Resources */ = {isa = PBXBuildFile; fileRef = FC290ADA19CF560E0044C06B /* Main.storyboard */; };
		FC290ADE19CF560E0044C06B /* Images.xcassets in Resources */ = {isa = PBXBuildFile; fileRef = FC290ADD19CF560E0044C06B /* Images.xcassets */; };
		FC290AFE19CF57A60044C06B /* UIKit.framework in Frameworks */ = {isa = PBXBuildFile; fileRef = FC290AFD19CF57A60044C06B /* UIKit.framework */; };
		FC290B0019CF57AC0044C06B /* Foundation.framework in Frameworks */ = {isa = PBXBuildFile; fileRef = FC290AFF19CF57AC0044C06B /* Foundation.framework */; };
		FC290B0219CF57B30044C06B /* CoreData.framework in Frameworks */ = {isa = PBXBuildFile; fileRef = FC290B0119CF57B30044C06B /* CoreData.framework */; };
		FC29F1601E70FA5300251B34 /* CustomCell.xib in Resources */ = {isa = PBXBuildFile; fileRef = FC29F15A1E70FA5300251B34 /* CustomCell.xib */; };
		FC29F1731E71153400251B34 /* QuartzCore.framework in Frameworks */ = {isa = PBXBuildFile; fileRef = FC29F1721E71153400251B34 /* QuartzCore.framework */; };
		FC790D241E899DA800A57DA7 /* libz.tbd in Frameworks */ = {isa = PBXBuildFile; fileRef = FC790D231E899DA800A57DA7 /* libz.tbd */; };
		FC790D261E899DB600A57DA7 /* libstdc++.tbd in Frameworks */ = {isa = PBXBuildFile; fileRef = FC790D251E899DB600A57DA7 /* libstdc++.tbd */; };
		FC8F8C9A1FB8D5940015E5E8 /* LaunchScreen.storyboard in Resources */ = {isa = PBXBuildFile; fileRef = FC8F8C991FB8D5940015E5E8 /* LaunchScreen.storyboard */; };
		FCA42E0F1E38F0BD00619AE6 /* Chart.js in Resources */ = {isa = PBXBuildFile; fileRef = FCA42DD61E38F0BD00619AE6 /* Chart.js */; };
		FCA42E101E38F0BD00619AE6 /* Chart.min.js in Resources */ = {isa = PBXBuildFile; fileRef = FCA42DD71E38F0BD00619AE6 /* Chart.min.js */; };
		FCA42E111E38F0BD00619AE6 /* cw.html in Resources */ = {isa = PBXBuildFile; fileRef = FCA42DD81E38F0BD00619AE6 /* cw.html */; };
		FCA42E121E38F0BD00619AE6 /* cw.js in Resources */ = {isa = PBXBuildFile; fileRef = FCA42DD91E38F0BD00619AE6 /* cw.js */; };
		FCA42E131E38F0BD00619AE6 /* datasets.js in Resources */ = {isa = PBXBuildFile; fileRef = FCA42DDA1E38F0BD00619AE6 /* datasets.js */; };
		FCA42E141E38F0BD00619AE6 /* CWBarChart.m in Sources */ = {isa = PBXBuildFile; fileRef = FCA42DDD1E38F0BD00619AE6 /* CWBarChart.m */; };
		FCA42E151E38F0BD00619AE6 /* CWBarChartData.m in Sources */ = {isa = PBXBuildFile; fileRef = FCA42DDF1E38F0BD00619AE6 /* CWBarChartData.m */; };
		FCA42E161E38F0BD00619AE6 /* CWBarChartOptions.m in Sources */ = {isa = PBXBuildFile; fileRef = FCA42DE11E38F0BD00619AE6 /* CWBarChartOptions.m */; };
		FCA42E171E38F0BD00619AE6 /* CWBarDataSet.m in Sources */ = {isa = PBXBuildFile; fileRef = FCA42DE31E38F0BD00619AE6 /* CWBarDataSet.m */; };
		FCA42E181E38F0BD00619AE6 /* CWBoolean.m in Sources */ = {isa = PBXBuildFile; fileRef = FCA42DE51E38F0BD00619AE6 /* CWBoolean.m */; };
		FCA42E191E38F0BD00619AE6 /* CWChart.m in Sources */ = {isa = PBXBuildFile; fileRef = FCA42DE71E38F0BD00619AE6 /* CWChart.m */; };
		FCA42E1A1E38F0BD00619AE6 /* CWColors.m in Sources */ = {isa = PBXBuildFile; fileRef = FCA42DE91E38F0BD00619AE6 /* CWColors.m */; };
		FCA42E1B1E38F0BD00619AE6 /* CWData.m in Sources */ = {isa = PBXBuildFile; fileRef = FCA42DEB1E38F0BD00619AE6 /* CWData.m */; };
		FCA42E1C1E38F0BD00619AE6 /* CWDataSet.m in Sources */ = {isa = PBXBuildFile; fileRef = FCA42DED1E38F0BD00619AE6 /* CWDataSet.m */; };
		FCA42E1D1E38F0BD00619AE6 /* CWDoughnutChart.m in Sources */ = {isa = PBXBuildFile; fileRef = FCA42DEF1E38F0BD00619AE6 /* CWDoughnutChart.m */; };
		FCA42E1E1E38F0BD00619AE6 /* CWGlobalOptions.m in Sources */ = {isa = PBXBuildFile; fileRef = FCA42DF11E38F0BD00619AE6 /* CWGlobalOptions.m */; };
		FCA42E1F1E38F0BD00619AE6 /* CWLabelledData.m in Sources */ = {isa = PBXBuildFile; fileRef = FCA42DF31E38F0BD00619AE6 /* CWLabelledData.m */; };
		FCA42E201E38F0BD00619AE6 /* CWLineChart.m in Sources */ = {isa = PBXBuildFile; fileRef = FCA42DF51E38F0BD00619AE6 /* CWLineChart.m */; };
		FCA42E211E38F0BD00619AE6 /* CWLineChartData.m in Sources */ = {isa = PBXBuildFile; fileRef = FCA42DF71E38F0BD00619AE6 /* CWLineChartData.m */; };
		FCA42E221E38F0BD00619AE6 /* CWLineChartOptions.m in Sources */ = {isa = PBXBuildFile; fileRef = FCA42DF91E38F0BD00619AE6 /* CWLineChartOptions.m */; };
		FCA42E231E38F0BD00619AE6 /* CWObject.m in Sources */ = {isa = PBXBuildFile; fileRef = FCA42DFB1E38F0BD00619AE6 /* CWObject.m */; };
		FCA42E241E38F0BD00619AE6 /* CWPieChart.m in Sources */ = {isa = PBXBuildFile; fileRef = FCA42DFD1E38F0BD00619AE6 /* CWPieChart.m */; };
		FCA42E251E38F0BD00619AE6 /* CWPieChartOptions.m in Sources */ = {isa = PBXBuildFile; fileRef = FCA42DFF1E38F0BD00619AE6 /* CWPieChartOptions.m */; };
		FCA42E261E38F0BD00619AE6 /* CWPointDataSet.m in Sources */ = {isa = PBXBuildFile; fileRef = FCA42E011E38F0BD00619AE6 /* CWPointDataSet.m */; };
		FCA42E271E38F0BD00619AE6 /* CWPolarAreaChart.m in Sources */ = {isa = PBXBuildFile; fileRef = FCA42E031E38F0BD00619AE6 /* CWPolarAreaChart.m */; };
		FCA42E281E38F0BD00619AE6 /* CWPolarAreaChartOptions.m in Sources */ = {isa = PBXBuildFile; fileRef = FCA42E051E38F0BD00619AE6 /* CWPolarAreaChartOptions.m */; };
		FCA42E291E38F0BD00619AE6 /* CWRadarChart.m in Sources */ = {isa = PBXBuildFile; fileRef = FCA42E071E38F0BD00619AE6 /* CWRadarChart.m */; };
		FCA42E2A1E38F0BD00619AE6 /* CWRadarChartData.m in Sources */ = {isa = PBXBuildFile; fileRef = FCA42E091E38F0BD00619AE6 /* CWRadarChartData.m */; };
		FCA42E2B1E38F0BD00619AE6 /* CWRadarChartOptions.m in Sources */ = {isa = PBXBuildFile; fileRef = FCA42E0B1E38F0BD00619AE6 /* CWRadarChartOptions.m */; };
		FCA42E2C1E38F0BD00619AE6 /* CWSegmentData.m in Sources */ = {isa = PBXBuildFile; fileRef = FCA42E0D1E38F0BD00619AE6 /* CWSegmentData.m */; };
		FCA42E2E1E38F20400619AE6 /* WebKit.framework in Frameworks */ = {isa = PBXBuildFile; fileRef = FCA42E2D1E38F20400619AE6 /* WebKit.framework */; };
		FCBC23B319EB96A600C480B6 /* BeFit_DataModel.xcdatamodeld in Sources */ = {isa = PBXBuildFile; fileRef = FCBC23A919EB96A600C480B6 /* BeFit_DataModel.xcdatamodeld */; };
		FCE5B9E41E7264D400324083 /* CBAutoScrollLabel.m in Sources */ = {isa = PBXBuildFile; fileRef = FCE5B9E31E7264D400324083 /* CBAutoScrollLabel.m */; };
/* End PBXBuildFile section */

/* Begin PBXContainerItemProxy section */
		43CA92F0236C59C00090D9A3 /* PBXContainerItemProxy */ = {
			isa = PBXContainerItemProxy;
			containerPortal = FC290ABF19CF560E0044C06B /* Project object */;
			proxyType = 1;
			remoteGlobalIDString = FC290AC619CF560E0044C06B;
			remoteInfo = BeFitTracker;
		};
/* End PBXContainerItemProxy section */

/* Begin PBXFileReference section */
		4303F164236828AD00EBA3B1 /* PickerTableView.swift */ = {isa = PBXFileReference; lastKnownFileType = sourcecode.swift; path = PickerTableView.swift; sourceTree = "<group>"; };
		4303F16623682DE800EBA3B1 /* LifestyleTableView.swift */ = {isa = PBXFileReference; lastKnownFileType = sourcecode.swift; path = LifestyleTableView.swift; sourceTree = "<group>"; };
		4303F1682368300100EBA3B1 /* GoalTableView.swift */ = {isa = PBXFileReference; lastKnownFileType = sourcecode.swift; path = GoalTableView.swift; sourceTree = "<group>"; };
		4303F16A236832FB00EBA3B1 /* StoreViewController.swift */ = {isa = PBXFileReference; lastKnownFileType = sourcecode.swift; path = StoreViewController.swift; sourceTree = "<group>"; };
		4303F16C236856F700EBA3B1 /* FoodTrackViewController.swift */ = {isa = PBXFileReference; lastKnownFileType = sourcecode.swift; path = FoodTrackViewController.swift; sourceTree = "<group>"; };
		4303F16E2368869A00EBA3B1 /* TrackerINavigationBar.swift */ = {isa = PBXFileReference; lastKnownFileType = sourcecode.swift; path = TrackerINavigationBar.swift; sourceTree = "<group>"; };
		4303F1702368883B00EBA3B1 /* AppGalleryView.swift */ = {isa = PBXFileReference; lastKnownFileType = sourcecode.swift; path = AppGalleryView.swift; sourceTree = "<group>"; };
		4303F17223696D6D00EBA3B1 /* AppGalleryResponse.swift */ = {isa = PBXFileReference; lastKnownFileType = sourcecode.swift; path = AppGalleryResponse.swift; sourceTree = "<group>"; };
		4303F1742369940400EBA3B1 /* CustomCell.swift */ = {isa = PBXFileReference; lastKnownFileType = sourcecode.swift; path = CustomCell.swift; sourceTree = "<group>"; };
		4303F17623699AFE00EBA3B1 /* ImageDownloader.swift */ = {isa = PBXFileReference; lastKnownFileType = sourcecode.swift; path = ImageDownloader.swift; sourceTree = "<group>"; };
		4303F1782369B98B00EBA3B1 /* DetailView.swift */ = {isa = PBXFileReference; lastKnownFileType = sourcecode.swift; path = DetailView.swift; sourceTree = "<group>"; };
		4303F17A2369CAA700EBA3B1 /* AsyncImageView.swift */ = {isa = PBXFileReference; lastKnownFileType = sourcecode.swift; path = AsyncImageView.swift; sourceTree = "<group>"; };
		4303F17C2369D1E900EBA3B1 /* ARScrollViewEnhancer.swift */ = {isa = PBXFileReference; lastKnownFileType = sourcecode.swift; path = ARScrollViewEnhancer.swift; sourceTree = "<group>"; };
		4303F17E2369D59300EBA3B1 /* AppDelegate.swift */ = {isa = PBXFileReference; lastKnownFileType = sourcecode.swift; path = AppDelegate.swift; sourceTree = "<group>"; };
		4303F180236AC30000EBA3B1 /* FoodTrackCell.swift */ = {isa = PBXFileReference; lastKnownFileType = sourcecode.swift; path = FoodTrackCell.swift; sourceTree = "<group>"; };
		435A732F2361BF8F005B4BF4 /* AddFoodViewController.swift */ = {isa = PBXFileReference; lastKnownFileType = sourcecode.swift; path = AddFoodViewController.swift; sourceTree = "<group>"; };
		437ECCA12362DE8900573D52 /* DeviceViewController.swift */ = {isa = PBXFileReference; fileEncoding = 4; lastKnownFileType = sourcecode.swift; path = DeviceViewController.swift; sourceTree = "<group>"; };
		437ECCA5236304A500573D52 /* DeviceDetailViewController.swift */ = {isa = PBXFileReference; fileEncoding = 4; lastKnownFileType = sourcecode.swift; path = DeviceDetailViewController.swift; sourceTree = "<group>"; };
		437ECCA92363115900573D52 /* FoodObjectsViewController.swift */ = {isa = PBXFileReference; fileEncoding = 4; lastKnownFileType = sourcecode.swift; path = FoodObjectsViewController.swift; sourceTree = "<group>"; };
		437ECCAD23631EB000573D52 /* ScannerViewController.swift */ = {isa = PBXFileReference; fileEncoding = 4; lastKnownFileType = sourcecode.swift; path = ScannerViewController.swift; sourceTree = "<group>"; };
		437ECCAF236436FB00573D52 /* SwiftCommon.swift */ = {isa = PBXFileReference; lastKnownFileType = sourcecode.swift; path = SwiftCommon.swift; sourceTree = "<group>"; };
		439DE70F23603B4200CC8543 /* BeFit Tracker-Bridging-Header.h */ = {isa = PBXFileReference; lastKnownFileType = sourcecode.c.h; path = "BeFit Tracker-Bridging-Header.h"; sourceTree = "<group>"; };
		439DE71E23603C2200CC8543 /* Food+CoreDataProperties.swift */ = {isa = PBXFileReference; fileEncoding = 4; lastKnownFileType = sourcecode.swift; path = "Food+CoreDataProperties.swift"; sourceTree = "<group>"; };
		439DE71F23603C2200CC8543 /* UserFoodRecords+CoreDataClass.swift */ = {isa = PBXFileReference; fileEncoding = 4; lastKnownFileType = sourcecode.swift; path = "UserFoodRecords+CoreDataClass.swift"; sourceTree = "<group>"; };
		439DE72023603C2200CC8543 /* UserFoodRecords+CoreDataProperties.swift */ = {isa = PBXFileReference; fileEncoding = 4; lastKnownFileType = sourcecode.swift; path = "UserFoodRecords+CoreDataProperties.swift"; sourceTree = "<group>"; };
		439DE72123603C2200CC8543 /* FoodList+CoreDataClass.swift */ = {isa = PBXFileReference; fileEncoding = 4; lastKnownFileType = sourcecode.swift; path = "FoodList+CoreDataClass.swift"; sourceTree = "<group>"; };
		439DE72223603C2200CC8543 /* FoodList+CoreDataProperties.swift */ = {isa = PBXFileReference; fileEncoding = 4; lastKnownFileType = sourcecode.swift; path = "FoodList+CoreDataProperties.swift"; sourceTree = "<group>"; };
		439DE72323603C2200CC8543 /* Food+CoreDataClass.swift */ = {isa = PBXFileReference; fileEncoding = 4; lastKnownFileType = sourcecode.swift; path = "Food+CoreDataClass.swift"; sourceTree = "<group>"; };
		439DE72A23603D9B00CC8543 /* Food+UI.swift */ = {isa = PBXFileReference; lastKnownFileType = sourcecode.swift; path = "Food+UI.swift"; sourceTree = "<group>"; };
		43CA92EB236C59C00090D9A3 /* BeFitTrackerTests.xctest */ = {isa = PBXFileReference; explicitFileType = wrapper.cfbundle; includeInIndex = 0; path = BeFitTrackerTests.xctest; sourceTree = BUILT_PRODUCTS_DIR; };
		43CA92ED236C59C00090D9A3 /* BeFitTrackerTests.swift */ = {isa = PBXFileReference; lastKnownFileType = sourcecode.swift; path = BeFitTrackerTests.swift; sourceTree = "<group>"; };
		43CA92EF236C59C00090D9A3 /* Info.plist */ = {isa = PBXFileReference; lastKnownFileType = text.plist.xml; path = Info.plist; sourceTree = "<group>"; };
		43CA92F7236C930A0090D9A3 /* VCNavigationListener.swift */ = {isa = PBXFileReference; lastKnownFileType = sourcecode.swift; path = VCNavigationListener.swift; sourceTree = "<group>"; };
		43CA92F9236C955F0090D9A3 /* PresentingNavigationController.swift */ = {isa = PBXFileReference; lastKnownFileType = sourcecode.swift; path = PresentingNavigationController.swift; sourceTree = "<group>"; };
		43F051DA2366D0B3008B4F7F /* UISnapNav.swift */ = {isa = PBXFileReference; fileEncoding = 4; lastKnownFileType = sourcecode.swift; path = UISnapNav.swift; sourceTree = "<group>"; };
		43F051DF2366D93F008B4F7F /* ZFOODOBJECT.json */ = {isa = PBXFileReference; fileEncoding = 4; lastKnownFileType = text.json; path = ZFOODOBJECT.json; sourceTree = "<group>"; };
		43F051E12366DE80008B4F7F /* CustomProgView.swift */ = {isa = PBXFileReference; lastKnownFileType = sourcecode.swift; path = CustomProgView.swift; sourceTree = "<group>"; };
		43F051E32366E11B008B4F7F /* BFMasterTableViewController.swift */ = {isa = PBXFileReference; lastKnownFileType = sourcecode.swift; path = BFMasterTableViewController.swift; sourceTree = "<group>"; };
		43F051E52366F459008B4F7F /* DetailViewController.swift */ = {isa = PBXFileReference; lastKnownFileType = sourcecode.swift; path = DetailViewController.swift; sourceTree = "<group>"; };
		43F051E72367243B008B4F7F /* FirstViewController.swift */ = {isa = PBXFileReference; lastKnownFileType = sourcecode.swift; path = FirstViewController.swift; sourceTree = "<group>"; };
		474E423491E3F9AF753F33FA /* Pods_BeFitTracker.framework */ = {isa = PBXFileReference; explicitFileType = wrapper.framework; includeInIndex = 0; path = Pods_BeFitTracker.framework; sourceTree = BUILT_PRODUCTS_DIR; };
		512609051E5D934E009BA829 /* StoreKit.framework */ = {isa = PBXFileReference; lastKnownFileType = wrapper.framework; name = StoreKit.framework; path = System/Library/Frameworks/StoreKit.framework; sourceTree = SDKROOT; };
		51FB9A211E63EB3900FF418D /* BeFit_iOS.sqlite */ = {isa = PBXFileReference; lastKnownFileType = file; path = BeFit_iOS.sqlite; sourceTree = "<group>"; };
		51FB9A221E63EB3900FF418D /* BeFit_iOS.sqlite-shm */ = {isa = PBXFileReference; lastKnownFileType = file; path = "BeFit_iOS.sqlite-shm"; sourceTree = "<group>"; };
		51FB9A231E63EB3900FF418D /* BeFit_iOS.sqlite-wal */ = {isa = PBXFileReference; lastKnownFileType = file; path = "BeFit_iOS.sqlite-wal"; sourceTree = "<group>"; };
		5F90FCDC6999BB93B0C27536 /* Pods-BeFitTracker.debug.xcconfig */ = {isa = PBXFileReference; includeInIndex = 1; lastKnownFileType = text.xcconfig; name = "Pods-BeFitTracker.debug.xcconfig"; path = "Target Support Files/Pods-BeFitTracker/Pods-BeFitTracker.debug.xcconfig"; sourceTree = "<group>"; };
		C093CFF90A16C23A8ED3BFA6 /* Pods-BeFitTracker.release.xcconfig */ = {isa = PBXFileReference; includeInIndex = 1; lastKnownFileType = text.xcconfig; name = "Pods-BeFitTracker.release.xcconfig"; path = "Target Support Files/Pods-BeFitTracker/Pods-BeFitTracker.release.xcconfig"; sourceTree = "<group>"; };
		FC290AC719CF560E0044C06B /* BeFitTracker.app */ = {isa = PBXFileReference; explicitFileType = wrapper.application; includeInIndex = 0; path = BeFitTracker.app; sourceTree = BUILT_PRODUCTS_DIR; };
		FC290ACB19CF560E0044C06B /* Info.plist */ = {isa = PBXFileReference; lastKnownFileType = text.plist.xml; path = Info.plist; sourceTree = "<group>"; };
		FC290ADB19CF560E0044C06B /* Base */ = {isa = PBXFileReference; lastKnownFileType = file.storyboard; name = Base; path = Base.lproj/Main.storyboard; sourceTree = "<group>"; };
		FC290ADD19CF560E0044C06B /* Images.xcassets */ = {isa = PBXFileReference; lastKnownFileType = folder.assetcatalog; path = Images.xcassets; sourceTree = "<group>"; };
		FC290AFD19CF57A60044C06B /* UIKit.framework */ = {isa = PBXFileReference; lastKnownFileType = wrapper.framework; name = UIKit.framework; path = System/Library/Frameworks/UIKit.framework; sourceTree = SDKROOT; };
		FC290AFF19CF57AC0044C06B /* Foundation.framework */ = {isa = PBXFileReference; lastKnownFileType = wrapper.framework; name = Foundation.framework; path = System/Library/Frameworks/Foundation.framework; sourceTree = SDKROOT; };
		FC290B0119CF57B30044C06B /* CoreData.framework */ = {isa = PBXFileReference; lastKnownFileType = wrapper.framework; name = CoreData.framework; path = System/Library/Frameworks/CoreData.framework; sourceTree = SDKROOT; };
		FC29F15A1E70FA5300251B34 /* CustomCell.xib */ = {isa = PBXFileReference; fileEncoding = 4; lastKnownFileType = file.xib; path = CustomCell.xib; sourceTree = "<group>"; };
		FC29F1721E71153400251B34 /* QuartzCore.framework */ = {isa = PBXFileReference; lastKnownFileType = wrapper.framework; name = QuartzCore.framework; path = System/Library/Frameworks/QuartzCore.framework; sourceTree = SDKROOT; };
		FC790D231E899DA800A57DA7 /* libz.tbd */ = {isa = PBXFileReference; lastKnownFileType = "sourcecode.text-based-dylib-definition"; name = libz.tbd; path = usr/lib/libz.tbd; sourceTree = SDKROOT; };
		FC790D251E899DB600A57DA7 /* libstdc++.tbd */ = {isa = PBXFileReference; lastKnownFileType = "sourcecode.text-based-dylib-definition"; name = "libstdc++.tbd"; path = "usr/lib/libstdc++.tbd"; sourceTree = SDKROOT; };
		FC790D271E899EBA00A57DA7 /* BeFit Tracker.entitlements */ = {isa = PBXFileReference; lastKnownFileType = text.plist.entitlements; path = "BeFit Tracker.entitlements"; sourceTree = "<group>"; };
		FC8F8C991FB8D5940015E5E8 /* LaunchScreen.storyboard */ = {isa = PBXFileReference; lastKnownFileType = file.storyboard; path = LaunchScreen.storyboard; sourceTree = "<group>"; };
		FCA42DD21E38EDAE00619AE6 /* CoreGraphics.framework */ = {isa = PBXFileReference; lastKnownFileType = wrapper.framework; name = CoreGraphics.framework; path = System/Library/Frameworks/CoreGraphics.framework; sourceTree = SDKROOT; };
		FCA42DD61E38F0BD00619AE6 /* Chart.js */ = {isa = PBXFileReference; fileEncoding = 4; lastKnownFileType = sourcecode.javascript; path = Chart.js; sourceTree = "<group>"; };
		FCA42DD71E38F0BD00619AE6 /* Chart.min.js */ = {isa = PBXFileReference; fileEncoding = 4; lastKnownFileType = sourcecode.javascript; path = Chart.min.js; sourceTree = "<group>"; };
		FCA42DD81E38F0BD00619AE6 /* cw.html */ = {isa = PBXFileReference; fileEncoding = 4; lastKnownFileType = text.html; path = cw.html; sourceTree = "<group>"; };
		FCA42DD91E38F0BD00619AE6 /* cw.js */ = {isa = PBXFileReference; fileEncoding = 4; lastKnownFileType = sourcecode.javascript; path = cw.js; sourceTree = "<group>"; };
		FCA42DDA1E38F0BD00619AE6 /* datasets.js */ = {isa = PBXFileReference; fileEncoding = 4; lastKnownFileType = sourcecode.javascript; path = datasets.js; sourceTree = "<group>"; };
		FCA42DDB1E38F0BD00619AE6 /* CW.h */ = {isa = PBXFileReference; fileEncoding = 4; lastKnownFileType = sourcecode.c.h; path = CW.h; sourceTree = "<group>"; };
		FCA42DDC1E38F0BD00619AE6 /* CWBarChart.h */ = {isa = PBXFileReference; fileEncoding = 4; lastKnownFileType = sourcecode.c.h; path = CWBarChart.h; sourceTree = "<group>"; };
		FCA42DDD1E38F0BD00619AE6 /* CWBarChart.m */ = {isa = PBXFileReference; fileEncoding = 4; lastKnownFileType = sourcecode.c.objc; path = CWBarChart.m; sourceTree = "<group>"; };
		FCA42DDE1E38F0BD00619AE6 /* CWBarChartData.h */ = {isa = PBXFileReference; fileEncoding = 4; lastKnownFileType = sourcecode.c.h; path = CWBarChartData.h; sourceTree = "<group>"; };
		FCA42DDF1E38F0BD00619AE6 /* CWBarChartData.m */ = {isa = PBXFileReference; fileEncoding = 4; lastKnownFileType = sourcecode.c.objc; path = CWBarChartData.m; sourceTree = "<group>"; };
		FCA42DE01E38F0BD00619AE6 /* CWBarChartOptions.h */ = {isa = PBXFileReference; fileEncoding = 4; lastKnownFileType = sourcecode.c.h; path = CWBarChartOptions.h; sourceTree = "<group>"; };
		FCA42DE11E38F0BD00619AE6 /* CWBarChartOptions.m */ = {isa = PBXFileReference; fileEncoding = 4; lastKnownFileType = sourcecode.c.objc; path = CWBarChartOptions.m; sourceTree = "<group>"; };
		FCA42DE21E38F0BD00619AE6 /* CWBarDataSet.h */ = {isa = PBXFileReference; fileEncoding = 4; lastKnownFileType = sourcecode.c.h; path = CWBarDataSet.h; sourceTree = "<group>"; };
		FCA42DE31E38F0BD00619AE6 /* CWBarDataSet.m */ = {isa = PBXFileReference; fileEncoding = 4; lastKnownFileType = sourcecode.c.objc; path = CWBarDataSet.m; sourceTree = "<group>"; };
		FCA42DE41E38F0BD00619AE6 /* CWBoolean.h */ = {isa = PBXFileReference; fileEncoding = 4; lastKnownFileType = sourcecode.c.h; path = CWBoolean.h; sourceTree = "<group>"; };
		FCA42DE51E38F0BD00619AE6 /* CWBoolean.m */ = {isa = PBXFileReference; fileEncoding = 4; lastKnownFileType = sourcecode.c.objc; path = CWBoolean.m; sourceTree = "<group>"; };
		FCA42DE61E38F0BD00619AE6 /* CWChart.h */ = {isa = PBXFileReference; fileEncoding = 4; lastKnownFileType = sourcecode.c.h; path = CWChart.h; sourceTree = "<group>"; };
		FCA42DE71E38F0BD00619AE6 /* CWChart.m */ = {isa = PBXFileReference; fileEncoding = 4; lastKnownFileType = sourcecode.c.objc; path = CWChart.m; sourceTree = "<group>"; };
		FCA42DE81E38F0BD00619AE6 /* CWColors.h */ = {isa = PBXFileReference; fileEncoding = 4; lastKnownFileType = sourcecode.c.h; path = CWColors.h; sourceTree = "<group>"; };
		FCA42DE91E38F0BD00619AE6 /* CWColors.m */ = {isa = PBXFileReference; fileEncoding = 4; lastKnownFileType = sourcecode.c.objc; path = CWColors.m; sourceTree = "<group>"; };
		FCA42DEA1E38F0BD00619AE6 /* CWData.h */ = {isa = PBXFileReference; fileEncoding = 4; lastKnownFileType = sourcecode.c.h; path = CWData.h; sourceTree = "<group>"; };
		FCA42DEB1E38F0BD00619AE6 /* CWData.m */ = {isa = PBXFileReference; fileEncoding = 4; lastKnownFileType = sourcecode.c.objc; path = CWData.m; sourceTree = "<group>"; };
		FCA42DEC1E38F0BD00619AE6 /* CWDataSet.h */ = {isa = PBXFileReference; fileEncoding = 4; lastKnownFileType = sourcecode.c.h; path = CWDataSet.h; sourceTree = "<group>"; };
		FCA42DED1E38F0BD00619AE6 /* CWDataSet.m */ = {isa = PBXFileReference; fileEncoding = 4; lastKnownFileType = sourcecode.c.objc; path = CWDataSet.m; sourceTree = "<group>"; };
		FCA42DEE1E38F0BD00619AE6 /* CWDoughnutChart.h */ = {isa = PBXFileReference; fileEncoding = 4; lastKnownFileType = sourcecode.c.h; path = CWDoughnutChart.h; sourceTree = "<group>"; };
		FCA42DEF1E38F0BD00619AE6 /* CWDoughnutChart.m */ = {isa = PBXFileReference; fileEncoding = 4; lastKnownFileType = sourcecode.c.objc; path = CWDoughnutChart.m; sourceTree = "<group>"; };
		FCA42DF01E38F0BD00619AE6 /* CWGlobalOptions.h */ = {isa = PBXFileReference; fileEncoding = 4; lastKnownFileType = sourcecode.c.h; path = CWGlobalOptions.h; sourceTree = "<group>"; };
		FCA42DF11E38F0BD00619AE6 /* CWGlobalOptions.m */ = {isa = PBXFileReference; fileEncoding = 4; lastKnownFileType = sourcecode.c.objc; path = CWGlobalOptions.m; sourceTree = "<group>"; };
		FCA42DF21E38F0BD00619AE6 /* CWLabelledData.h */ = {isa = PBXFileReference; fileEncoding = 4; lastKnownFileType = sourcecode.c.h; path = CWLabelledData.h; sourceTree = "<group>"; };
		FCA42DF31E38F0BD00619AE6 /* CWLabelledData.m */ = {isa = PBXFileReference; fileEncoding = 4; lastKnownFileType = sourcecode.c.objc; path = CWLabelledData.m; sourceTree = "<group>"; };
		FCA42DF41E38F0BD00619AE6 /* CWLineChart.h */ = {isa = PBXFileReference; fileEncoding = 4; lastKnownFileType = sourcecode.c.h; path = CWLineChart.h; sourceTree = "<group>"; };
		FCA42DF51E38F0BD00619AE6 /* CWLineChart.m */ = {isa = PBXFileReference; fileEncoding = 4; lastKnownFileType = sourcecode.c.objc; path = CWLineChart.m; sourceTree = "<group>"; };
		FCA42DF61E38F0BD00619AE6 /* CWLineChartData.h */ = {isa = PBXFileReference; fileEncoding = 4; lastKnownFileType = sourcecode.c.h; path = CWLineChartData.h; sourceTree = "<group>"; };
		FCA42DF71E38F0BD00619AE6 /* CWLineChartData.m */ = {isa = PBXFileReference; fileEncoding = 4; lastKnownFileType = sourcecode.c.objc; path = CWLineChartData.m; sourceTree = "<group>"; };
		FCA42DF81E38F0BD00619AE6 /* CWLineChartOptions.h */ = {isa = PBXFileReference; fileEncoding = 4; lastKnownFileType = sourcecode.c.h; path = CWLineChartOptions.h; sourceTree = "<group>"; };
		FCA42DF91E38F0BD00619AE6 /* CWLineChartOptions.m */ = {isa = PBXFileReference; fileEncoding = 4; lastKnownFileType = sourcecode.c.objc; path = CWLineChartOptions.m; sourceTree = "<group>"; };
		FCA42DFA1E38F0BD00619AE6 /* CWObject.h */ = {isa = PBXFileReference; fileEncoding = 4; lastKnownFileType = sourcecode.c.h; path = CWObject.h; sourceTree = "<group>"; };
		FCA42DFB1E38F0BD00619AE6 /* CWObject.m */ = {isa = PBXFileReference; fileEncoding = 4; lastKnownFileType = sourcecode.c.objc; path = CWObject.m; sourceTree = "<group>"; };
		FCA42DFC1E38F0BD00619AE6 /* CWPieChart.h */ = {isa = PBXFileReference; fileEncoding = 4; lastKnownFileType = sourcecode.c.h; path = CWPieChart.h; sourceTree = "<group>"; };
		FCA42DFD1E38F0BD00619AE6 /* CWPieChart.m */ = {isa = PBXFileReference; fileEncoding = 4; lastKnownFileType = sourcecode.c.objc; path = CWPieChart.m; sourceTree = "<group>"; };
		FCA42DFE1E38F0BD00619AE6 /* CWPieChartOptions.h */ = {isa = PBXFileReference; fileEncoding = 4; lastKnownFileType = sourcecode.c.h; path = CWPieChartOptions.h; sourceTree = "<group>"; };
		FCA42DFF1E38F0BD00619AE6 /* CWPieChartOptions.m */ = {isa = PBXFileReference; fileEncoding = 4; lastKnownFileType = sourcecode.c.objc; path = CWPieChartOptions.m; sourceTree = "<group>"; };
		FCA42E001E38F0BD00619AE6 /* CWPointDataSet.h */ = {isa = PBXFileReference; fileEncoding = 4; lastKnownFileType = sourcecode.c.h; path = CWPointDataSet.h; sourceTree = "<group>"; };
		FCA42E011E38F0BD00619AE6 /* CWPointDataSet.m */ = {isa = PBXFileReference; fileEncoding = 4; lastKnownFileType = sourcecode.c.objc; path = CWPointDataSet.m; sourceTree = "<group>"; };
		FCA42E021E38F0BD00619AE6 /* CWPolarAreaChart.h */ = {isa = PBXFileReference; fileEncoding = 4; lastKnownFileType = sourcecode.c.h; path = CWPolarAreaChart.h; sourceTree = "<group>"; };
		FCA42E031E38F0BD00619AE6 /* CWPolarAreaChart.m */ = {isa = PBXFileReference; fileEncoding = 4; lastKnownFileType = sourcecode.c.objc; path = CWPolarAreaChart.m; sourceTree = "<group>"; };
		FCA42E041E38F0BD00619AE6 /* CWPolarAreaChartOptions.h */ = {isa = PBXFileReference; fileEncoding = 4; lastKnownFileType = sourcecode.c.h; path = CWPolarAreaChartOptions.h; sourceTree = "<group>"; };
		FCA42E051E38F0BD00619AE6 /* CWPolarAreaChartOptions.m */ = {isa = PBXFileReference; fileEncoding = 4; lastKnownFileType = sourcecode.c.objc; path = CWPolarAreaChartOptions.m; sourceTree = "<group>"; };
		FCA42E061E38F0BD00619AE6 /* CWRadarChart.h */ = {isa = PBXFileReference; fileEncoding = 4; lastKnownFileType = sourcecode.c.h; path = CWRadarChart.h; sourceTree = "<group>"; };
		FCA42E071E38F0BD00619AE6 /* CWRadarChart.m */ = {isa = PBXFileReference; fileEncoding = 4; lastKnownFileType = sourcecode.c.objc; path = CWRadarChart.m; sourceTree = "<group>"; };
		FCA42E081E38F0BD00619AE6 /* CWRadarChartData.h */ = {isa = PBXFileReference; fileEncoding = 4; lastKnownFileType = sourcecode.c.h; path = CWRadarChartData.h; sourceTree = "<group>"; };
		FCA42E091E38F0BD00619AE6 /* CWRadarChartData.m */ = {isa = PBXFileReference; fileEncoding = 4; lastKnownFileType = sourcecode.c.objc; path = CWRadarChartData.m; sourceTree = "<group>"; };
		FCA42E0A1E38F0BD00619AE6 /* CWRadarChartOptions.h */ = {isa = PBXFileReference; fileEncoding = 4; lastKnownFileType = sourcecode.c.h; path = CWRadarChartOptions.h; sourceTree = "<group>"; };
		FCA42E0B1E38F0BD00619AE6 /* CWRadarChartOptions.m */ = {isa = PBXFileReference; fileEncoding = 4; lastKnownFileType = sourcecode.c.objc; path = CWRadarChartOptions.m; sourceTree = "<group>"; };
		FCA42E0C1E38F0BD00619AE6 /* CWSegmentData.h */ = {isa = PBXFileReference; fileEncoding = 4; lastKnownFileType = sourcecode.c.h; path = CWSegmentData.h; sourceTree = "<group>"; };
		FCA42E0D1E38F0BD00619AE6 /* CWSegmentData.m */ = {isa = PBXFileReference; fileEncoding = 4; lastKnownFileType = sourcecode.c.objc; path = CWSegmentData.m; sourceTree = "<group>"; };
		FCA42E0E1E38F0BD00619AE6 /* CWTypes.h */ = {isa = PBXFileReference; fileEncoding = 4; lastKnownFileType = sourcecode.c.h; path = CWTypes.h; sourceTree = "<group>"; };
		FCA42E2D1E38F20400619AE6 /* WebKit.framework */ = {isa = PBXFileReference; lastKnownFileType = wrapper.framework; name = WebKit.framework; path = System/Library/Frameworks/WebKit.framework; sourceTree = SDKROOT; };
		FCBC23AA19EB96A600C480B6 /* BeFit_DataModel.xcdatamodel */ = {isa = PBXFileReference; lastKnownFileType = wrapper.xcdatamodel; path = BeFit_DataModel.xcdatamodel; sourceTree = "<group>"; };
		FCBC23AB19EB96A600C480B6 /* BeFit_DataModel2.xcdatamodel */ = {isa = PBXFileReference; lastKnownFileType = wrapper.xcdatamodel; path = BeFit_DataModel2.xcdatamodel; sourceTree = "<group>"; };
		FCE5B9E21E7264D400324083 /* CBAutoScrollLabel.h */ = {isa = PBXFileReference; fileEncoding = 4; lastKnownFileType = sourcecode.c.h; path = CBAutoScrollLabel.h; sourceTree = "<group>"; };
		FCE5B9E31E7264D400324083 /* CBAutoScrollLabel.m */ = {isa = PBXFileReference; fileEncoding = 4; lastKnownFileType = sourcecode.c.objc; path = CBAutoScrollLabel.m; sourceTree = "<group>"; };
/* End PBXFileReference section */

/* Begin PBXFrameworksBuildPhase section */
		43CA92E8236C59C00090D9A3 /* Frameworks */ = {
			isa = PBXFrameworksBuildPhase;
			buildActionMask = 2147483647;
			files = (
			);
			runOnlyForDeploymentPostprocessing = 0;
		};
		FC290AC419CF560E0044C06B /* Frameworks */ = {
			isa = PBXFrameworksBuildPhase;
			buildActionMask = 2147483647;
			files = (
				FC790D261E899DB600A57DA7 /* libstdc++.tbd in Frameworks */,
				FC790D241E899DA800A57DA7 /* libz.tbd in Frameworks */,
				FC29F1731E71153400251B34 /* QuartzCore.framework in Frameworks */,
				FCA42E2E1E38F20400619AE6 /* WebKit.framework in Frameworks */,
				FC290B0219CF57B30044C06B /* CoreData.framework in Frameworks */,
				512609061E5D934E009BA829 /* StoreKit.framework in Frameworks */,
				FC290B0019CF57AC0044C06B /* Foundation.framework in Frameworks */,
				FC290AFE19CF57A60044C06B /* UIKit.framework in Frameworks */,
				906D18D57FE3B691EAA65E5D /* Pods_BeFitTracker.framework in Frameworks */,
			);
			runOnlyForDeploymentPostprocessing = 0;
		};
/* End PBXFrameworksBuildPhase section */

/* Begin PBXGroup section */
		43CA92EC236C59C00090D9A3 /* BeFitTrackerTests */ = {
			isa = PBXGroup;
			children = (
				43CA92ED236C59C00090D9A3 /* BeFitTrackerTests.swift */,
				43CA92EF236C59C00090D9A3 /* Info.plist */,
			);
			path = BeFitTrackerTests;
			sourceTree = "<group>";
		};
		5107F8131E541D3E00E1EEBD /* Add Food */ = {
			isa = PBXGroup;
			children = (
				435A732F2361BF8F005B4BF4 /* AddFoodViewController.swift */,
			);
			name = "Add Food";
			sourceTree = "<group>";
		};
		8C1556D3F11BA15E5DFC6B0D /* Pods */ = {
			isa = PBXGroup;
			children = (
				5F90FCDC6999BB93B0C27536 /* Pods-BeFitTracker.debug.xcconfig */,
				C093CFF90A16C23A8ED3BFA6 /* Pods-BeFitTracker.release.xcconfig */,
			);
			path = Pods;
			sourceTree = "<group>";
		};
		FC290ABE19CF560E0044C06B = {
			isa = PBXGroup;
			children = (
				FC790D271E899EBA00A57DA7 /* BeFit Tracker.entitlements */,
				FC290AC919CF560E0044C06B /* BeFit iOS */,
				43CA92EC236C59C00090D9A3 /* BeFitTrackerTests */,
				FC290AC819CF560E0044C06B /* Products */,
				FCA42DD11E38EDAD00619AE6 /* Frameworks */,
				8C1556D3F11BA15E5DFC6B0D /* Pods */,
			);
			sourceTree = "<group>";
		};
		FC290AC819CF560E0044C06B /* Products */ = {
			isa = PBXGroup;
			children = (
				FC290AC719CF560E0044C06B /* BeFitTracker.app */,
				43CA92EB236C59C00090D9A3 /* BeFitTrackerTests.xctest */,
			);
			name = Products;
			sourceTree = "<group>";
		};
		FC290AC919CF560E0044C06B /* BeFit iOS */ = {
			isa = PBXGroup;
			children = (
				FCA42DD51E38F0BD00619AE6 /* Assets */,
				FCBC23A619EB962400C480B6 /* DataModel */,
				FCBC23A819EB966F00C480B6 /* ViewControllers */,
				FCBC23A719EB965E00C480B6 /* Resources */,
				FC290ACA19CF560E0044C06B /* Supporting Files */,
			);
			path = "BeFit iOS";
			sourceTree = "<group>";
		};
		FC290ACA19CF560E0044C06B /* Supporting Files */ = {
			isa = PBXGroup;
			children = (
				FCA42DD41E38F0BD00619AE6 /* CW */,
				FC290B0119CF57B30044C06B /* CoreData.framework */,
				FC290AFF19CF57AC0044C06B /* Foundation.framework */,
				FC290AFD19CF57A60044C06B /* UIKit.framework */,
				FC290ACB19CF560E0044C06B /* Info.plist */,
				439DE70F23603B4200CC8543 /* BeFit Tracker-Bridging-Header.h */,
				437ECCAF236436FB00573D52 /* SwiftCommon.swift */,
				4303F17E2369D59300EBA3B1 /* AppDelegate.swift */,
			);
			name = "Supporting Files";
			sourceTree = "<group>";
		};
		FC29F1521E70F9CD00251B34 /* Store */ = {
			isa = PBXGroup;
			children = (
				4303F16A236832FB00EBA3B1 /* StoreViewController.swift */,
			);
			name = Store;
			sourceTree = "<group>";
		};
		FC29F1531E70F9E800251B34 /* Tracker */ = {
			isa = PBXGroup;
			children = (
				4303F16C236856F700EBA3B1 /* FoodTrackViewController.swift */,
				4303F16E2368869A00EBA3B1 /* TrackerINavigationBar.swift */,
				4303F180236AC30000EBA3B1 /* FoodTrackCell.swift */,
			);
			name = Tracker;
			sourceTree = "<group>";
		};
		FC29F1621E70FA5900251B34 /* More */ = {
			isa = PBXGroup;
			children = (
				FC29F15A1E70FA5300251B34 /* CustomCell.xib */,
				4303F1702368883B00EBA3B1 /* AppGalleryView.swift */,
				4303F17223696D6D00EBA3B1 /* AppGalleryResponse.swift */,
				4303F1742369940400EBA3B1 /* CustomCell.swift */,
				4303F17623699AFE00EBA3B1 /* ImageDownloader.swift */,
				4303F1782369B98B00EBA3B1 /* DetailView.swift */,
				4303F17A2369CAA700EBA3B1 /* AsyncImageView.swift */,
				4303F17C2369D1E900EBA3B1 /* ARScrollViewEnhancer.swift */,
			);
			name = More;
			sourceTree = "<group>";
		};
		FC3EFA8C1E71FE7A00D6F979 /* Scanner */ = {
			isa = PBXGroup;
			children = (
				437ECCAD23631EB000573D52 /* ScannerViewController.swift */,
			);
			name = Scanner;
			sourceTree = "<group>";
		};
		FC760C2B1E4918A400336D75 /* Food Library */ = {
			isa = PBXGroup;
			children = (
				43F051DA2366D0B3008B4F7F /* UISnapNav.swift */,
				43F051E12366DE80008B4F7F /* CustomProgView.swift */,
				43F051E32366E11B008B4F7F /* BFMasterTableViewController.swift */,
				43F051E52366F459008B4F7F /* DetailViewController.swift */,
			);
			name = "Food Library";
			sourceTree = "<group>";
		};
		FC760C2C1E4918B200336D75 /* Food List */ = {
			isa = PBXGroup;
			children = (
				437ECCA92363115900573D52 /* FoodObjectsViewController.swift */,
				437ECCA5236304A500573D52 /* DeviceDetailViewController.swift */,
				437ECCA12362DE8900573D52 /* DeviceViewController.swift */,
			);
			name = "Food List";
			sourceTree = "<group>";
		};
		FC760C2D1E4918BE00336D75 /* BMI Calculator */ = {
			isa = PBXGroup;
			children = (
				43F051E72367243B008B4F7F /* FirstViewController.swift */,
				4303F164236828AD00EBA3B1 /* PickerTableView.swift */,
				4303F16623682DE800EBA3B1 /* LifestyleTableView.swift */,
				4303F1682368300100EBA3B1 /* GoalTableView.swift */,
			);
			name = "BMI Calculator";
			sourceTree = "<group>";
		};
		FCA42DD11E38EDAD00619AE6 /* Frameworks */ = {
			isa = PBXGroup;
			children = (
				FC790D251E899DB600A57DA7 /* libstdc++.tbd */,
				FC790D231E899DA800A57DA7 /* libz.tbd */,
				FC29F1721E71153400251B34 /* QuartzCore.framework */,
				512609051E5D934E009BA829 /* StoreKit.framework */,
				FCA42E2D1E38F20400619AE6 /* WebKit.framework */,
				FCA42DD21E38EDAE00619AE6 /* CoreGraphics.framework */,
				474E423491E3F9AF753F33FA /* Pods_BeFitTracker.framework */,
			);
			name = Frameworks;
			sourceTree = "<group>";
		};
		FCA42DD41E38F0BD00619AE6 /* CW */ = {
			isa = PBXGroup;
			children = (
				FCA42DDB1E38F0BD00619AE6 /* CW.h */,
				FCA42DDC1E38F0BD00619AE6 /* CWBarChart.h */,
				FCA42DDD1E38F0BD00619AE6 /* CWBarChart.m */,
				FCA42DDE1E38F0BD00619AE6 /* CWBarChartData.h */,
				FCA42DDF1E38F0BD00619AE6 /* CWBarChartData.m */,
				FCA42DE01E38F0BD00619AE6 /* CWBarChartOptions.h */,
				FCA42DE11E38F0BD00619AE6 /* CWBarChartOptions.m */,
				FCA42DE21E38F0BD00619AE6 /* CWBarDataSet.h */,
				FCA42DE31E38F0BD00619AE6 /* CWBarDataSet.m */,
				FCA42DE41E38F0BD00619AE6 /* CWBoolean.h */,
				FCA42DE51E38F0BD00619AE6 /* CWBoolean.m */,
				FCA42DE61E38F0BD00619AE6 /* CWChart.h */,
				FCA42DE71E38F0BD00619AE6 /* CWChart.m */,
				FCA42DE81E38F0BD00619AE6 /* CWColors.h */,
				FCA42DE91E38F0BD00619AE6 /* CWColors.m */,
				FCA42DEA1E38F0BD00619AE6 /* CWData.h */,
				FCA42DEB1E38F0BD00619AE6 /* CWData.m */,
				FCA42DEC1E38F0BD00619AE6 /* CWDataSet.h */,
				FCA42DED1E38F0BD00619AE6 /* CWDataSet.m */,
				FCA42DEE1E38F0BD00619AE6 /* CWDoughnutChart.h */,
				FCA42DEF1E38F0BD00619AE6 /* CWDoughnutChart.m */,
				FCA42DF01E38F0BD00619AE6 /* CWGlobalOptions.h */,
				FCA42DF11E38F0BD00619AE6 /* CWGlobalOptions.m */,
				FCA42DF21E38F0BD00619AE6 /* CWLabelledData.h */,
				FCA42DF31E38F0BD00619AE6 /* CWLabelledData.m */,
				FCA42DF41E38F0BD00619AE6 /* CWLineChart.h */,
				FCA42DF51E38F0BD00619AE6 /* CWLineChart.m */,
				FCA42DF61E38F0BD00619AE6 /* CWLineChartData.h */,
				FCA42DF71E38F0BD00619AE6 /* CWLineChartData.m */,
				FCA42DF81E38F0BD00619AE6 /* CWLineChartOptions.h */,
				FCA42DF91E38F0BD00619AE6 /* CWLineChartOptions.m */,
				FCA42DFA1E38F0BD00619AE6 /* CWObject.h */,
				FCA42DFB1E38F0BD00619AE6 /* CWObject.m */,
				FCA42DFC1E38F0BD00619AE6 /* CWPieChart.h */,
				FCA42DFD1E38F0BD00619AE6 /* CWPieChart.m */,
				FCA42DFE1E38F0BD00619AE6 /* CWPieChartOptions.h */,
				FCA42DFF1E38F0BD00619AE6 /* CWPieChartOptions.m */,
				FCA42E001E38F0BD00619AE6 /* CWPointDataSet.h */,
				FCA42E011E38F0BD00619AE6 /* CWPointDataSet.m */,
				FCA42E021E38F0BD00619AE6 /* CWPolarAreaChart.h */,
				FCA42E031E38F0BD00619AE6 /* CWPolarAreaChart.m */,
				FCA42E041E38F0BD00619AE6 /* CWPolarAreaChartOptions.h */,
				FCA42E051E38F0BD00619AE6 /* CWPolarAreaChartOptions.m */,
				FCA42E061E38F0BD00619AE6 /* CWRadarChart.h */,
				FCA42E071E38F0BD00619AE6 /* CWRadarChart.m */,
				FCA42E081E38F0BD00619AE6 /* CWRadarChartData.h */,
				FCA42E091E38F0BD00619AE6 /* CWRadarChartData.m */,
				FCA42E0A1E38F0BD00619AE6 /* CWRadarChartOptions.h */,
				FCA42E0B1E38F0BD00619AE6 /* CWRadarChartOptions.m */,
				FCA42E0C1E38F0BD00619AE6 /* CWSegmentData.h */,
				FCA42E0D1E38F0BD00619AE6 /* CWSegmentData.m */,
				FCA42E0E1E38F0BD00619AE6 /* CWTypes.h */,
			);
			path = CW;
			sourceTree = "<group>";
		};
		FCA42DD51E38F0BD00619AE6 /* Assets */ = {
			isa = PBXGroup;
			children = (
				FCA42DD61E38F0BD00619AE6 /* Chart.js */,
				FCA42DD71E38F0BD00619AE6 /* Chart.min.js */,
				FCA42DD81E38F0BD00619AE6 /* cw.html */,
				FCA42DD91E38F0BD00619AE6 /* cw.js */,
				FCA42DDA1E38F0BD00619AE6 /* datasets.js */,
			);
			name = Assets;
			path = CW/Assets;
			sourceTree = "<group>";
		};
		FCBC23A619EB962400C480B6 /* DataModel */ = {
			isa = PBXGroup;
			children = (
				439DE72323603C2200CC8543 /* Food+CoreDataClass.swift */,
				439DE71E23603C2200CC8543 /* Food+CoreDataProperties.swift */,
				439DE72123603C2200CC8543 /* FoodList+CoreDataClass.swift */,
				439DE72223603C2200CC8543 /* FoodList+CoreDataProperties.swift */,
				439DE71F23603C2200CC8543 /* UserFoodRecords+CoreDataClass.swift */,
				439DE72023603C2200CC8543 /* UserFoodRecords+CoreDataProperties.swift */,
				439DE72A23603D9B00CC8543 /* Food+UI.swift */,
				FCBC23A919EB96A600C480B6 /* BeFit_DataModel.xcdatamodeld */,
				51FB9A211E63EB3900FF418D /* BeFit_iOS.sqlite */,
				51FB9A221E63EB3900FF418D /* BeFit_iOS.sqlite-shm */,
				51FB9A231E63EB3900FF418D /* BeFit_iOS.sqlite-wal */,
				43F051DF2366D93F008B4F7F /* ZFOODOBJECT.json */,
			);
			path = DataModel;
			sourceTree = "<group>";
		};
		FCBC23A719EB965E00C480B6 /* Resources */ = {
			isa = PBXGroup;
			children = (
				FCE5B9E51E7264D900324083 /* ScrollLabel */,
				FC290ADA19CF560E0044C06B /* Main.storyboard */,
				FC8F8C991FB8D5940015E5E8 /* LaunchScreen.storyboard */,
				FC290ADD19CF560E0044C06B /* Images.xcassets */,
			);
			name = Resources;
			sourceTree = "<group>";
		};
		FCBC23A819EB966F00C480B6 /* ViewControllers */ = {
			isa = PBXGroup;
			children = (
				5107F8131E541D3E00E1EEBD /* Add Food */,
				FC3EFA8C1E71FE7A00D6F979 /* Scanner */,
				FC29F1621E70FA5900251B34 /* More */,
				FC29F1531E70F9E800251B34 /* Tracker */,
				FC29F1521E70F9CD00251B34 /* Store */,
				FC760C2D1E4918BE00336D75 /* BMI Calculator */,
				FC760C2B1E4918A400336D75 /* Food Library */,
				FC760C2C1E4918B200336D75 /* Food List */,
				43CA92F7236C930A0090D9A3 /* VCNavigationListener.swift */,
				43CA92F9236C955F0090D9A3 /* PresentingNavigationController.swift */,
			);
			path = ViewControllers;
			sourceTree = "<group>";
		};
		FCE5B9E51E7264D900324083 /* ScrollLabel */ = {
			isa = PBXGroup;
			children = (
				FCE5B9E21E7264D400324083 /* CBAutoScrollLabel.h */,
				FCE5B9E31E7264D400324083 /* CBAutoScrollLabel.m */,
			);
			name = ScrollLabel;
			sourceTree = "<group>";
		};
/* End PBXGroup section */

/* Begin PBXNativeTarget section */
		43CA92EA236C59C00090D9A3 /* BeFitTrackerTests */ = {
			isa = PBXNativeTarget;
			buildConfigurationList = 43CA92F2236C59C00090D9A3 /* Build configuration list for PBXNativeTarget "BeFitTrackerTests" */;
			buildPhases = (
				43CA92E7236C59C00090D9A3 /* Sources */,
				43CA92E8236C59C00090D9A3 /* Frameworks */,
				43CA92E9236C59C00090D9A3 /* Resources */,
			);
			buildRules = (
			);
			dependencies = (
				43CA92F1236C59C00090D9A3 /* PBXTargetDependency */,
			);
			name = BeFitTrackerTests;
			productName = BeFitTrackerTests;
			productReference = 43CA92EB236C59C00090D9A3 /* BeFitTrackerTests.xctest */;
			productType = "com.apple.product-type.bundle.unit-test";
		};
		FC290AC619CF560E0044C06B /* BeFitTracker */ = {
			isa = PBXNativeTarget;
			buildConfigurationList = FC290AF019CF560E0044C06B /* Build configuration list for PBXNativeTarget "BeFitTracker" */;
			buildPhases = (
				CAB56C1316011D500A9DB604 /* [CP] Check Pods Manifest.lock */,
				FC290AC319CF560E0044C06B /* Sources */,
				FC290AC419CF560E0044C06B /* Frameworks */,
				FC290AC519CF560E0044C06B /* Resources */,
				85923CB55897F53130D04F0A /* [CP] Embed Pods Frameworks */,
			);
			buildRules = (
			);
			dependencies = (
			);
			name = BeFitTracker;
			productName = "BeFit iOS";
			productReference = FC290AC719CF560E0044C06B /* BeFitTracker.app */;
			productType = "com.apple.product-type.application";
		};
/* End PBXNativeTarget section */

/* Begin PBXProject section */
		FC290ABF19CF560E0044C06B /* Project object */ = {
			isa = PBXProject;
			attributes = {
				LastSwiftUpdateCheck = 1110;
				LastUpgradeCheck = 0910;
				ORGANIZATIONNAME = "Jon Brown";
				TargetAttributes = {
					43CA92EA236C59C00090D9A3 = {
						CreatedOnToolsVersion = 11.1;
						ProvisioningStyle = Manual;
						TestTargetID = FC290AC619CF560E0044C06B;
					};
					FC290AC619CF560E0044C06B = {
						CreatedOnToolsVersion = 6.0.1;
						DevelopmentTeam = 2D4Z7WQ7RS;
						LastSwiftMigration = 1110;
						ProvisioningStyle = Automatic;
						SystemCapabilities = {
							com.apple.BackgroundModes = {
								enabled = 1;
							};
							com.apple.InAppPurchase = {
								enabled = 1;
							};
							com.apple.Push = {
								enabled = 1;
							};
						};
					};
				};
			};
			buildConfigurationList = FC290AC219CF560E0044C06B /* Build configuration list for PBXProject "BeFit iOS" */;
			compatibilityVersion = "Xcode 3.2";
			developmentRegion = English;
			hasScannedForEncodings = 0;
			knownRegions = (
				English,
				en,
				Base,
			);
			mainGroup = FC290ABE19CF560E0044C06B;
			productRefGroup = FC290AC819CF560E0044C06B /* Products */;
			projectDirPath = "";
			projectRoot = "";
			targets = (
				FC290AC619CF560E0044C06B /* BeFitTracker */,
				43CA92EA236C59C00090D9A3 /* BeFitTrackerTests */,
			);
		};
/* End PBXProject section */

/* Begin PBXResourcesBuildPhase section */
		43CA92E9236C59C00090D9A3 /* Resources */ = {
			isa = PBXResourcesBuildPhase;
			buildActionMask = 2147483647;
			files = (
			);
			runOnlyForDeploymentPostprocessing = 0;
		};
		FC290AC519CF560E0044C06B /* Resources */ = {
			isa = PBXResourcesBuildPhase;
			buildActionMask = 2147483647;
			files = (
				FC29F1601E70FA5300251B34 /* CustomCell.xib in Resources */,
				FCA42E111E38F0BD00619AE6 /* cw.html in Resources */,
				FC290ADC19CF560E0044C06B /* Main.storyboard in Resources */,
				51FB9A251E63EB3900FF418D /* BeFit_iOS.sqlite-shm in Resources */,
				FCA42E121E38F0BD00619AE6 /* cw.js in Resources */,
				51FB9A261E63EB3900FF418D /* BeFit_iOS.sqlite-wal in Resources */,
				FC8F8C9A1FB8D5940015E5E8 /* LaunchScreen.storyboard in Resources */,
				FCA42E131E38F0BD00619AE6 /* datasets.js in Resources */,
				FCA42E0F1E38F0BD00619AE6 /* Chart.js in Resources */,
				FC290ADE19CF560E0044C06B /* Images.xcassets in Resources */,
				43F051E02366D93F008B4F7F /* ZFOODOBJECT.json in Resources */,
				FCA42E101E38F0BD00619AE6 /* Chart.min.js in Resources */,
				51FB9A241E63EB3900FF418D /* BeFit_iOS.sqlite in Resources */,
			);
			runOnlyForDeploymentPostprocessing = 0;
		};
/* End PBXResourcesBuildPhase section */

/* Begin PBXShellScriptBuildPhase section */
		85923CB55897F53130D04F0A /* [CP] Embed Pods Frameworks */ = {
			isa = PBXShellScriptBuildPhase;
			buildActionMask = 2147483647;
			files = (
			);
			inputPaths = (
				"${PODS_ROOT}/Target Support Files/Pods-BeFitTracker/Pods-BeFitTracker-frameworks.sh",
				"${BUILT_PRODUCTS_DIR}/AvePurchaseButton/AvePurchaseButton.framework",
				"${BUILT_PRODUCTS_DIR}/Charts/Charts.framework",
				"${BUILT_PRODUCTS_DIR}/IQKeyboardManager/IQKeyboardManager.framework",
				"${BUILT_PRODUCTS_DIR}/JGProgressHUD/JGProgressHUD.framework",
			);
			name = "[CP] Embed Pods Frameworks";
			outputPaths = (
				"${TARGET_BUILD_DIR}/${FRAMEWORKS_FOLDER_PATH}/AvePurchaseButton.framework",
				"${TARGET_BUILD_DIR}/${FRAMEWORKS_FOLDER_PATH}/Charts.framework",
				"${TARGET_BUILD_DIR}/${FRAMEWORKS_FOLDER_PATH}/IQKeyboardManager.framework",
				"${TARGET_BUILD_DIR}/${FRAMEWORKS_FOLDER_PATH}/JGProgressHUD.framework",
			);
			runOnlyForDeploymentPostprocessing = 0;
			shellPath = /bin/sh;
			shellScript = "\"${PODS_ROOT}/Target Support Files/Pods-BeFitTracker/Pods-BeFitTracker-frameworks.sh\"\n";
			showEnvVarsInLog = 0;
		};
		CAB56C1316011D500A9DB604 /* [CP] Check Pods Manifest.lock */ = {
			isa = PBXShellScriptBuildPhase;
			buildActionMask = 2147483647;
			files = (
			);
			inputFileListPaths = (
			);
			inputPaths = (
				"${PODS_PODFILE_DIR_PATH}/Podfile.lock",
				"${PODS_ROOT}/Manifest.lock",
			);
			name = "[CP] Check Pods Manifest.lock";
			outputFileListPaths = (
			);
			outputPaths = (
				"$(DERIVED_FILE_DIR)/Pods-BeFitTracker-checkManifestLockResult.txt",
			);
			runOnlyForDeploymentPostprocessing = 0;
			shellPath = /bin/sh;
			shellScript = "diff \"${PODS_PODFILE_DIR_PATH}/Podfile.lock\" \"${PODS_ROOT}/Manifest.lock\" > /dev/null\nif [ $? != 0 ] ; then\n    # print error to STDERR\n    echo \"error: The sandbox is not in sync with the Podfile.lock. Run 'pod install' or update your CocoaPods installation.\" >&2\n    exit 1\nfi\n# This output is used by Xcode 'outputs' to avoid re-running this script phase.\necho \"SUCCESS\" > \"${SCRIPT_OUTPUT_FILE_0}\"\n";
			showEnvVarsInLog = 0;
		};
/* End PBXShellScriptBuildPhase section */

/* Begin PBXSourcesBuildPhase section */
		43CA92E7236C59C00090D9A3 /* Sources */ = {
			isa = PBXSourcesBuildPhase;
			buildActionMask = 2147483647;
			files = (
				43CA92EE236C59C00090D9A3 /* BeFitTrackerTests.swift in Sources */,
			);
			runOnlyForDeploymentPostprocessing = 0;
		};
		FC290AC319CF560E0044C06B /* Sources */ = {
			isa = PBXSourcesBuildPhase;
			buildActionMask = 2147483647;
			files = (
				FCA42E181E38F0BD00619AE6 /* CWBoolean.m in Sources */,
				439DE72823603C2200CC8543 /* FoodList+CoreDataProperties.swift in Sources */,
				439DE72623603C2200CC8543 /* UserFoodRecords+CoreDataProperties.swift in Sources */,
				FCA42E271E38F0BD00619AE6 /* CWPolarAreaChart.m in Sources */,
				FCA42E281E38F0BD00619AE6 /* CWPolarAreaChartOptions.m in Sources */,
				43F051E82367243B008B4F7F /* FirstViewController.swift in Sources */,
				FCA42E231E38F0BD00619AE6 /* CWObject.m in Sources */,
				4303F1692368300100EBA3B1 /* GoalTableView.swift in Sources */,
				FCA42E261E38F0BD00619AE6 /* CWPointDataSet.m in Sources */,
				FCA42E171E38F0BD00619AE6 /* CWBarDataSet.m in Sources */,
				FCA42E191E38F0BD00619AE6 /* CWChart.m in Sources */,
				FCA42E151E38F0BD00619AE6 /* CWBarChartData.m in Sources */,
				4303F165236828AD00EBA3B1 /* PickerTableView.swift in Sources */,
				FCA42E2B1E38F0BD00619AE6 /* CWRadarChartOptions.m in Sources */,
				43F051E22366DE80008B4F7F /* CustomProgView.swift in Sources */,
				439DE72523603C2200CC8543 /* UserFoodRecords+CoreDataClass.swift in Sources */,
				FCA42E221E38F0BD00619AE6 /* CWLineChartOptions.m in Sources */,
				4303F1712368883B00EBA3B1 /* AppGalleryView.swift in Sources */,
				439DE72923603C2200CC8543 /* Food+CoreDataClass.swift in Sources */,
				437ECCA22362DE8900573D52 /* DeviceViewController.swift in Sources */,
				439DE72423603C2200CC8543 /* Food+CoreDataProperties.swift in Sources */,
				437ECCAE23631EB000573D52 /* ScannerViewController.swift in Sources */,
				4303F1792369B98B00EBA3B1 /* DetailView.swift in Sources */,
				4303F17D2369D1E900EBA3B1 /* ARScrollViewEnhancer.swift in Sources */,
				4303F16F2368869A00EBA3B1 /* TrackerINavigationBar.swift in Sources */,
				FCA42E1A1E38F0BD00619AE6 /* CWColors.m in Sources */,
				4303F17723699AFE00EBA3B1 /* ImageDownloader.swift in Sources */,
				FCE5B9E41E7264D400324083 /* CBAutoScrollLabel.m in Sources */,
				FCA42E2A1E38F0BD00619AE6 /* CWRadarChartData.m in Sources */,
				43CA92F8236C930A0090D9A3 /* VCNavigationListener.swift in Sources */,
				4303F17F2369D59300EBA3B1 /* AppDelegate.swift in Sources */,
				FCA42E1B1E38F0BD00619AE6 /* CWData.m in Sources */,
				435A73302361BF8F005B4BF4 /* AddFoodViewController.swift in Sources */,
				439DE72723603C2200CC8543 /* FoodList+CoreDataClass.swift in Sources */,
				FCA42E251E38F0BD00619AE6 /* CWPieChartOptions.m in Sources */,
				FCA42E211E38F0BD00619AE6 /* CWLineChartData.m in Sources */,
				43F051E42366E11B008B4F7F /* BFMasterTableViewController.swift in Sources */,
				FCA42E291E38F0BD00619AE6 /* CWRadarChart.m in Sources */,
				437ECCAA2363115900573D52 /* FoodObjectsViewController.swift in Sources */,
				437ECCA6236304A500573D52 /* DeviceDetailViewController.swift in Sources */,
				43F051DB2366D0B3008B4F7F /* UISnapNav.swift in Sources */,
				FCA42E201E38F0BD00619AE6 /* CWLineChart.m in Sources */,
				4303F16B236832FB00EBA3B1 /* StoreViewController.swift in Sources */,
				4303F1752369940400EBA3B1 /* CustomCell.swift in Sources */,
				4303F16D236856F700EBA3B1 /* FoodTrackViewController.swift in Sources */,
				FCA42E241E38F0BD00619AE6 /* CWPieChart.m in Sources */,
				43F051E62366F459008B4F7F /* DetailViewController.swift in Sources */,
				437ECCB0236436FB00573D52 /* SwiftCommon.swift in Sources */,
				FCA42E1C1E38F0BD00619AE6 /* CWDataSet.m in Sources */,
				FCA42E161E38F0BD00619AE6 /* CWBarChartOptions.m in Sources */,
				FCA42E141E38F0BD00619AE6 /* CWBarChart.m in Sources */,
				439DE72B23603D9B00CC8543 /* Food+UI.swift in Sources */,
				4303F16723682DE800EBA3B1 /* LifestyleTableView.swift in Sources */,
				43CA92FA236C95600090D9A3 /* PresentingNavigationController.swift in Sources */,
				FCA42E1E1E38F0BD00619AE6 /* CWGlobalOptions.m in Sources */,
				FCA42E1F1E38F0BD00619AE6 /* CWLabelledData.m in Sources */,
				FCA42E2C1E38F0BD00619AE6 /* CWSegmentData.m in Sources */,
				4303F17323696D6D00EBA3B1 /* AppGalleryResponse.swift in Sources */,
				4303F17B2369CAA700EBA3B1 /* AsyncImageView.swift in Sources */,
				FCBC23B319EB96A600C480B6 /* BeFit_DataModel.xcdatamodeld in Sources */,
				4303F181236AC30000EBA3B1 /* FoodTrackCell.swift in Sources */,
				FCA42E1D1E38F0BD00619AE6 /* CWDoughnutChart.m in Sources */,
			);
			runOnlyForDeploymentPostprocessing = 0;
		};
/* End PBXSourcesBuildPhase section */

/* Begin PBXTargetDependency section */
		43CA92F1236C59C00090D9A3 /* PBXTargetDependency */ = {
			isa = PBXTargetDependency;
			target = FC290AC619CF560E0044C06B /* BeFitTracker */;
			targetProxy = 43CA92F0236C59C00090D9A3 /* PBXContainerItemProxy */;
		};
/* End PBXTargetDependency section */

/* Begin PBXVariantGroup section */
		FC290ADA19CF560E0044C06B /* Main.storyboard */ = {
			isa = PBXVariantGroup;
			children = (
				FC290ADB19CF560E0044C06B /* Base */,
			);
			name = Main.storyboard;
			sourceTree = "<group>";
		};
/* End PBXVariantGroup section */

/* Begin XCBuildConfiguration section */
		43CA92F3236C59C00090D9A3 /* Debug */ = {
			isa = XCBuildConfiguration;
			buildSettings = {
				BUNDLE_LOADER = "$(TEST_HOST)";
				CLANG_ANALYZER_NONNULL = YES;
				CLANG_ANALYZER_NUMBER_OBJECT_CONVERSION = YES_AGGRESSIVE;
				CLANG_CXX_LANGUAGE_STANDARD = "gnu++14";
				CLANG_ENABLE_OBJC_WEAK = YES;
				CLANG_WARN_DEPRECATED_OBJC_IMPLEMENTATIONS = YES;
				CLANG_WARN_DOCUMENTATION_COMMENTS = YES;
				CLANG_WARN_OBJC_IMPLICIT_RETAIN_SELF = YES;
				CLANG_WARN_UNGUARDED_AVAILABILITY = YES_AGGRESSIVE;
				CODE_SIGN_STYLE = Manual;
				DEBUG_INFORMATION_FORMAT = dwarf;
				DEVELOPMENT_TEAM = "";
				GCC_C_LANGUAGE_STANDARD = gnu11;
				INFOPLIST_FILE = BeFitTrackerTests/Info.plist;
				IPHONEOS_DEPLOYMENT_TARGET = 13.1;
				LD_RUNPATH_SEARCH_PATHS = "$(inherited) @executable_path/Frameworks @loader_path/Frameworks";
				MTL_ENABLE_DEBUG_INFO = INCLUDE_SOURCE;
				MTL_FAST_MATH = YES;
				PRODUCT_BUNDLE_IDENTIFIER = "com.jonbrown.org.BeFit-iOS";
				PRODUCT_NAME = "$(TARGET_NAME)";
				PROVISIONING_PROFILE_SPECIFIER = "";
				"PROVISIONING_PROFILE_SPECIFIER[sdk=macosx*]" = "";
				SWIFT_ACTIVE_COMPILATION_CONDITIONS = DEBUG;
				SWIFT_OPTIMIZATION_LEVEL = "-Onone";
				SWIFT_VERSION = 5.0;
				TARGETED_DEVICE_FAMILY = "1,2";
				TEST_HOST = "$(BUILT_PRODUCTS_DIR)/BeFitTracker.app/BeFitTracker";
			};
			name = Debug;
		};
		43CA92F4236C59C00090D9A3 /* Release */ = {
			isa = XCBuildConfiguration;
			buildSettings = {
				BUNDLE_LOADER = "$(TEST_HOST)";
				CLANG_ANALYZER_NONNULL = YES;
				CLANG_ANALYZER_NUMBER_OBJECT_CONVERSION = YES_AGGRESSIVE;
				CLANG_CXX_LANGUAGE_STANDARD = "gnu++14";
				CLANG_ENABLE_OBJC_WEAK = YES;
				CLANG_WARN_DEPRECATED_OBJC_IMPLEMENTATIONS = YES;
				CLANG_WARN_DOCUMENTATION_COMMENTS = YES;
				CLANG_WARN_OBJC_IMPLICIT_RETAIN_SELF = YES;
				CLANG_WARN_UNGUARDED_AVAILABILITY = YES_AGGRESSIVE;
				CODE_SIGN_STYLE = Manual;
				COPY_PHASE_STRIP = NO;
				DEBUG_INFORMATION_FORMAT = "dwarf-with-dsym";
				DEVELOPMENT_TEAM = "";
				GCC_C_LANGUAGE_STANDARD = gnu11;
				INFOPLIST_FILE = BeFitTrackerTests/Info.plist;
				IPHONEOS_DEPLOYMENT_TARGET = 13.1;
				LD_RUNPATH_SEARCH_PATHS = "$(inherited) @executable_path/Frameworks @loader_path/Frameworks";
				MTL_FAST_MATH = YES;
				PRODUCT_BUNDLE_IDENTIFIER = "com.jonbrown.org.BeFit-iOS";
				PRODUCT_NAME = "$(TARGET_NAME)";
				PROVISIONING_PROFILE_SPECIFIER = "";
				"PROVISIONING_PROFILE_SPECIFIER[sdk=macosx*]" = "";
				SWIFT_OPTIMIZATION_LEVEL = "-Owholemodule";
				SWIFT_VERSION = 5.0;
				TARGETED_DEVICE_FAMILY = "1,2";
				TEST_HOST = "$(BUILT_PRODUCTS_DIR)/BeFitTracker.app/BeFitTracker";
			};
			name = Release;
		};
		FC290AEE19CF560E0044C06B /* Debug */ = {
			isa = XCBuildConfiguration;
			buildSettings = {
				ALWAYS_SEARCH_USER_PATHS = NO;
				CLANG_CXX_LANGUAGE_STANDARD = "gnu++0x";
				CLANG_CXX_LIBRARY = "libc++";
				CLANG_ENABLE_MODULES = YES;
				CLANG_ENABLE_OBJC_ARC = YES;
				CLANG_WARN_BLOCK_CAPTURE_AUTORELEASING = YES;
				CLANG_WARN_BOOL_CONVERSION = YES;
				CLANG_WARN_COMMA = YES;
				CLANG_WARN_CONSTANT_CONVERSION = YES;
				CLANG_WARN_DIRECT_OBJC_ISA_USAGE = YES_ERROR;
				CLANG_WARN_EMPTY_BODY = YES;
				CLANG_WARN_ENUM_CONVERSION = YES;
				CLANG_WARN_INFINITE_RECURSION = YES;
				CLANG_WARN_INT_CONVERSION = YES;
				CLANG_WARN_NON_LITERAL_NULL_CONVERSION = YES;
				CLANG_WARN_OBJC_LITERAL_CONVERSION = YES;
				CLANG_WARN_OBJC_ROOT_CLASS = YES_ERROR;
				CLANG_WARN_RANGE_LOOP_ANALYSIS = YES;
				CLANG_WARN_STRICT_PROTOTYPES = YES;
				CLANG_WARN_SUSPICIOUS_MOVE = YES;
				CLANG_WARN_UNREACHABLE_CODE = YES;
				CLANG_WARN__DUPLICATE_METHOD_MATCH = YES;
				CODE_SIGN_IDENTITY = "iPhone Developer: Jonathan Brown (E9WTB27D9J)";
				"CODE_SIGN_IDENTITY[sdk=iphoneos*]" = "iPhone Developer: Jonathan Brown (E9WTB27D9J)";
				COPY_PHASE_STRIP = NO;
				DEVELOPMENT_TEAM = 2D4Z7WQ7RS;
				ENABLE_STRICT_OBJC_MSGSEND = YES;
				ENABLE_TESTABILITY = YES;
				GCC_C_LANGUAGE_STANDARD = gnu99;
				GCC_DYNAMIC_NO_PIC = NO;
				GCC_NO_COMMON_BLOCKS = YES;
				GCC_OPTIMIZATION_LEVEL = 0;
				GCC_PREPROCESSOR_DEFINITIONS = (
					"DEBUG=1",
					"$(inherited)",
				);
				GCC_SYMBOLS_PRIVATE_EXTERN = NO;
				GCC_WARN_64_TO_32_BIT_CONVERSION = YES;
				GCC_WARN_ABOUT_RETURN_TYPE = YES_ERROR;
				GCC_WARN_UNDECLARED_SELECTOR = YES;
				GCC_WARN_UNINITIALIZED_AUTOS = YES_AGGRESSIVE;
				GCC_WARN_UNUSED_FUNCTION = YES;
				GCC_WARN_UNUSED_VARIABLE = YES;
				IPHONEOS_DEPLOYMENT_TARGET = 11.1;
				MTL_ENABLE_DEBUG_INFO = YES;
				ONLY_ACTIVE_ARCH = YES;
				PROVISIONING_PROFILE = "9c0c2981-ffb3-432a-9ce1-8f4e6b02f8d6";
				SDKROOT = iphoneos;
			};
			name = Debug;
		};
		FC290AEF19CF560E0044C06B /* Release */ = {
			isa = XCBuildConfiguration;
			buildSettings = {
				ALWAYS_SEARCH_USER_PATHS = NO;
				CLANG_CXX_LANGUAGE_STANDARD = "gnu++0x";
				CLANG_CXX_LIBRARY = "libc++";
				CLANG_ENABLE_MODULES = YES;
				CLANG_ENABLE_OBJC_ARC = YES;
				CLANG_WARN_BLOCK_CAPTURE_AUTORELEASING = YES;
				CLANG_WARN_BOOL_CONVERSION = YES;
				CLANG_WARN_COMMA = YES;
				CLANG_WARN_CONSTANT_CONVERSION = YES;
				CLANG_WARN_DIRECT_OBJC_ISA_USAGE = YES_ERROR;
				CLANG_WARN_EMPTY_BODY = YES;
				CLANG_WARN_ENUM_CONVERSION = YES;
				CLANG_WARN_INFINITE_RECURSION = YES;
				CLANG_WARN_INT_CONVERSION = YES;
				CLANG_WARN_NON_LITERAL_NULL_CONVERSION = YES;
				CLANG_WARN_OBJC_LITERAL_CONVERSION = YES;
				CLANG_WARN_OBJC_ROOT_CLASS = YES_ERROR;
				CLANG_WARN_RANGE_LOOP_ANALYSIS = YES;
				CLANG_WARN_STRICT_PROTOTYPES = YES;
				CLANG_WARN_SUSPICIOUS_MOVE = YES;
				CLANG_WARN_UNREACHABLE_CODE = YES;
				CLANG_WARN__DUPLICATE_METHOD_MATCH = YES;
				CODE_SIGN_IDENTITY = "iPhone Developer: Jonathan Brown (E9WTB27D9J)";
				"CODE_SIGN_IDENTITY[sdk=iphoneos*]" = "iPhone Developer: Jonathan Brown (E9WTB27D9J)";
				COPY_PHASE_STRIP = YES;
				DEVELOPMENT_TEAM = 2D4Z7WQ7RS;
				ENABLE_NS_ASSERTIONS = NO;
				ENABLE_STRICT_OBJC_MSGSEND = YES;
				GCC_C_LANGUAGE_STANDARD = gnu99;
				GCC_NO_COMMON_BLOCKS = YES;
				GCC_WARN_64_TO_32_BIT_CONVERSION = YES;
				GCC_WARN_ABOUT_RETURN_TYPE = YES_ERROR;
				GCC_WARN_UNDECLARED_SELECTOR = YES;
				GCC_WARN_UNINITIALIZED_AUTOS = YES_AGGRESSIVE;
				GCC_WARN_UNUSED_FUNCTION = YES;
				GCC_WARN_UNUSED_VARIABLE = YES;
				IPHONEOS_DEPLOYMENT_TARGET = 11.1;
				MTL_ENABLE_DEBUG_INFO = NO;
				ONLY_ACTIVE_ARCH = YES;
				PROVISIONING_PROFILE = "9c0c2981-ffb3-432a-9ce1-8f4e6b02f8d6";
				SDKROOT = iphoneos;
				VALIDATE_PRODUCT = YES;
			};
			name = Release;
		};
		FC290AF119CF560E0044C06B /* Debug */ = {
			isa = XCBuildConfiguration;
			baseConfigurationReference = 5F90FCDC6999BB93B0C27536 /* Pods-BeFitTracker.debug.xcconfig */;
			buildSettings = {
				ASSETCATALOG_COMPILER_APPICON_NAME = AppIcon;
				CLANG_ENABLE_MODULES = YES;
				CODE_SIGN_ENTITLEMENTS = "BeFit Tracker.entitlements";
				CODE_SIGN_IDENTITY = "iPhone Developer: Jonathan Brown (E9WTB27D9J)";
				"CODE_SIGN_IDENTITY[sdk=iphoneos*]" = "iPhone Developer";
				DEVELOPMENT_TEAM = 2D4Z7WQ7RS;
				FRAMEWORK_SEARCH_PATHS = (
					"$(inherited)",
					"$(PROJECT_DIR)",
				);
				IBC_WARNINGS = NO;
				IBSC_WARNINGS = NO;
				INFOPLIST_FILE = "BeFit iOS/Info.plist";
				IPHONEOS_DEPLOYMENT_TARGET = 12.0;
				LD_RUNPATH_SEARCH_PATHS = "$(inherited) @executable_path/Frameworks";
				PRODUCT_BUNDLE_IDENTIFIER = "com.jonbrown.org.BeFit-iOS";
				PRODUCT_NAME = "$(TARGET_NAME)";
				PROVISIONING_PROFILE = "";
				PROVISIONING_PROFILE_SPECIFIER = "";
				SWIFT_OBJC_BRIDGING_HEADER = "BeFit iOS/BeFit Tracker-Bridging-Header.h";
				SWIFT_OPTIMIZATION_LEVEL = "-Onone";
				SWIFT_VERSION = 5.0;
			};
			name = Debug;
		};
		FC290AF219CF560E0044C06B /* Release */ = {
			isa = XCBuildConfiguration;
			baseConfigurationReference = C093CFF90A16C23A8ED3BFA6 /* Pods-BeFitTracker.release.xcconfig */;
			buildSettings = {
				ASSETCATALOG_COMPILER_APPICON_NAME = AppIcon;
				CLANG_ENABLE_MODULES = YES;
				CODE_SIGN_ENTITLEMENTS = "BeFit Tracker.entitlements";
				CODE_SIGN_IDENTITY = "iPhone Developer: Jonathan Brown (E9WTB27D9J)";
				"CODE_SIGN_IDENTITY[sdk=iphoneos*]" = "iPhone Developer";
				DEVELOPMENT_TEAM = 2D4Z7WQ7RS;
				FRAMEWORK_SEARCH_PATHS = (
					"$(inherited)",
					"$(PROJECT_DIR)",
				);
				IBC_WARNINGS = NO;
				IBSC_WARNINGS = NO;
				INFOPLIST_FILE = "BeFit iOS/Info.plist";
				IPHONEOS_DEPLOYMENT_TARGET = 12.0;
				LD_RUNPATH_SEARCH_PATHS = "$(inherited) @executable_path/Frameworks";
				PRODUCT_BUNDLE_IDENTIFIER = "com.jonbrown.org.BeFit-iOS";
				PRODUCT_NAME = "$(TARGET_NAME)";
				PROVISIONING_PROFILE = "";
				PROVISIONING_PROFILE_SPECIFIER = "";
				SWIFT_OBJC_BRIDGING_HEADER = "BeFit iOS/BeFit Tracker-Bridging-Header.h";
				SWIFT_VERSION = 5.0;
			};
			name = Release;
		};
/* End XCBuildConfiguration section */

/* Begin XCConfigurationList section */
		43CA92F2236C59C00090D9A3 /* Build configuration list for PBXNativeTarget "BeFitTrackerTests" */ = {
			isa = XCConfigurationList;
			buildConfigurations = (
				43CA92F3236C59C00090D9A3 /* Debug */,
				43CA92F4236C59C00090D9A3 /* Release */,
			);
			defaultConfigurationIsVisible = 0;
			defaultConfigurationName = Release;
		};
		FC290AC219CF560E0044C06B /* Build configuration list for PBXProject "BeFit iOS" */ = {
			isa = XCConfigurationList;
			buildConfigurations = (
				FC290AEE19CF560E0044C06B /* Debug */,
				FC290AEF19CF560E0044C06B /* Release */,
			);
			defaultConfigurationIsVisible = 0;
			defaultConfigurationName = Release;
		};
		FC290AF019CF560E0044C06B /* Build configuration list for PBXNativeTarget "BeFitTracker" */ = {
			isa = XCConfigurationList;
			buildConfigurations = (
				FC290AF119CF560E0044C06B /* Debug */,
				FC290AF219CF560E0044C06B /* Release */,
			);
			defaultConfigurationIsVisible = 0;
			defaultConfigurationName = Release;
		};
/* End XCConfigurationList section */

/* Begin XCVersionGroup section */
		FCBC23A919EB96A600C480B6 /* BeFit_DataModel.xcdatamodeld */ = {
			isa = XCVersionGroup;
			children = (
				FCBC23AA19EB96A600C480B6 /* BeFit_DataModel.xcdatamodel */,
				FCBC23AB19EB96A600C480B6 /* BeFit_DataModel2.xcdatamodel */,
			);
			currentVersion = FCBC23AB19EB96A600C480B6 /* BeFit_DataModel2.xcdatamodel */;
			path = BeFit_DataModel.xcdatamodeld;
			sourceTree = "<group>";
			versionGroupType = wrapper.xcdatamodel;
		};
/* End XCVersionGroup section */
	};
	rootObject = FC290ABF19CF560E0044C06B /* Project object */;
}
