// !$*UTF8*$!
{
	archiveVersion = 1;
	classes = {
	};
	objectVersion = 46;
	objects = {

/* Begin PBXBuildFile section */
		435A73302361BF8F005B4BF4 /* AddFoodViewController.swift in Sources */ = {isa = PBXBuildFile; fileRef = 435A732F2361BF8F005B4BF4 /* AddFoodViewController.swift */; };
		439DE72423603C2200CC8543 /* Food+CoreDataProperties.swift in Sources */ = {isa = PBXBuildFile; fileRef = 439DE71E23603C2200CC8543 /* Food+CoreDataProperties.swift */; };
		439DE72523603C2200CC8543 /* UserFoodRecords+CoreDataClass.swift in Sources */ = {isa = PBXBuildFile; fileRef = 439DE71F23603C2200CC8543 /* UserFoodRecords+CoreDataClass.swift */; };
		439DE72623603C2200CC8543 /* UserFoodRecords+CoreDataProperties.swift in Sources */ = {isa = PBXBuildFile; fileRef = 439DE72023603C2200CC8543 /* UserFoodRecords+CoreDataProperties.swift */; };
		439DE72723603C2200CC8543 /* FoodList+CoreDataClass.swift in Sources */ = {isa = PBXBuildFile; fileRef = 439DE72123603C2200CC8543 /* FoodList+CoreDataClass.swift */; };
		439DE72823603C2200CC8543 /* FoodList+CoreDataProperties.swift in Sources */ = {isa = PBXBuildFile; fileRef = 439DE72223603C2200CC8543 /* FoodList+CoreDataProperties.swift */; };
		439DE72923603C2200CC8543 /* Food+CoreDataClass.swift in Sources */ = {isa = PBXBuildFile; fileRef = 439DE72323603C2200CC8543 /* Food+CoreDataClass.swift */; };
		439DE72B23603D9B00CC8543 /* Food+UI.swift in Sources */ = {isa = PBXBuildFile; fileRef = 439DE72A23603D9B00CC8543 /* Food+UI.swift */; };
		5107F83A1E543D4600E1EEBD /* Barcode.m in Sources */ = {isa = PBXBuildFile; fileRef = 5107F8391E543D4600E1EEBD /* Barcode.m */; };
		5107F83D1E543D5E00E1EEBD /* ScannerViewController.m in Sources */ = {isa = PBXBuildFile; fileRef = 5107F83C1E543D5E00E1EEBD /* ScannerViewController.m */; };
		510ECE771E6A83C40010DB8A /* ZFOODOBJECT.json in Resources */ = {isa = PBXBuildFile; fileRef = 510ECE761E6A83C40010DB8A /* ZFOODOBJECT.json */; };
		511DB0E81E56E2FC0061F5CF /* StoreViewController.m in Sources */ = {isa = PBXBuildFile; fileRef = 511DB0E71E56E2FC0061F5CF /* StoreViewController.m */; };
		511DB0EB1E57073A0061F5CF /* FoodObjectsViewController.m in Sources */ = {isa = PBXBuildFile; fileRef = 511DB0EA1E57073A0061F5CF /* FoodObjectsViewController.m */; };
		512609061E5D934E009BA829 /* StoreKit.framework in Frameworks */ = {isa = PBXBuildFile; fileRef = 512609051E5D934E009BA829 /* StoreKit.framework */; };
		51E44C441E5C432E007E91C1 /* FoodTrackViewController.m in Sources */ = {isa = PBXBuildFile; fileRef = 51E44C431E5C432E007E91C1 /* FoodTrackViewController.m */; };
		51E44C491E5C452A007E91C1 /* SimpleBarChart.m in Sources */ = {isa = PBXBuildFile; fileRef = 51E44C481E5C452A007E91C1 /* SimpleBarChart.m */; settings = {COMPILER_FLAGS = "-w"; }; };
		51FB9A241E63EB3900FF418D /* BeFit_iOS.sqlite in Resources */ = {isa = PBXBuildFile; fileRef = 51FB9A211E63EB3900FF418D /* BeFit_iOS.sqlite */; };
		51FB9A251E63EB3900FF418D /* BeFit_iOS.sqlite-shm in Resources */ = {isa = PBXBuildFile; fileRef = 51FB9A221E63EB3900FF418D /* BeFit_iOS.sqlite-shm */; };
		51FB9A261E63EB3900FF418D /* BeFit_iOS.sqlite-wal in Resources */ = {isa = PBXBuildFile; fileRef = 51FB9A231E63EB3900FF418D /* BeFit_iOS.sqlite-wal */; };
		906D18D57FE3B691EAA65E5D /* Pods_BeFitTracker.framework in Frameworks */ = {isa = PBXBuildFile; fileRef = 474E423491E3F9AF753F33FA /* Pods_BeFitTracker.framework */; };
		FC290ACD19CF560E0044C06B /* main.m in Sources */ = {isa = PBXBuildFile; fileRef = FC290ACC19CF560E0044C06B /* main.m */; };
		FC290AD019CF560E0044C06B /* AppDelegate.m in Sources */ = {isa = PBXBuildFile; fileRef = FC290ACF19CF560E0044C06B /* AppDelegate.m */; };
		FC290ADC19CF560E0044C06B /* Main.storyboard in Resources */ = {isa = PBXBuildFile; fileRef = FC290ADA19CF560E0044C06B /* Main.storyboard */; };
		FC290ADE19CF560E0044C06B /* Images.xcassets in Resources */ = {isa = PBXBuildFile; fileRef = FC290ADD19CF560E0044C06B /* Images.xcassets */; };
		FC290AFE19CF57A60044C06B /* UIKit.framework in Frameworks */ = {isa = PBXBuildFile; fileRef = FC290AFD19CF57A60044C06B /* UIKit.framework */; };
		FC290B0019CF57AC0044C06B /* Foundation.framework in Frameworks */ = {isa = PBXBuildFile; fileRef = FC290AFF19CF57AC0044C06B /* Foundation.framework */; };
		FC290B0219CF57B30044C06B /* CoreData.framework in Frameworks */ = {isa = PBXBuildFile; fileRef = FC290B0119CF57B30044C06B /* CoreData.framework */; };
		FC29F1511E70BA4800251B34 /* UISnapNav.m in Sources */ = {isa = PBXBuildFile; fileRef = FC29F1501E70BA4800251B34 /* UISnapNav.m */; };
		FC29F15D1E70FA5300251B34 /* AppGalleryView.m in Sources */ = {isa = PBXBuildFile; fileRef = FC29F1551E70FA5300251B34 /* AppGalleryView.m */; };
		FC29F15E1E70FA5300251B34 /* ARScrollViewEnhancer.m in Sources */ = {isa = PBXBuildFile; fileRef = FC29F1571E70FA5300251B34 /* ARScrollViewEnhancer.m */; };
		FC29F15F1E70FA5300251B34 /* CustomCell.m in Sources */ = {isa = PBXBuildFile; fileRef = FC29F1591E70FA5300251B34 /* CustomCell.m */; };
		FC29F1601E70FA5300251B34 /* CustomCell.xib in Resources */ = {isa = PBXBuildFile; fileRef = FC29F15A1E70FA5300251B34 /* CustomCell.xib */; };
		FC29F1611E70FA5300251B34 /* DetailView.m in Sources */ = {isa = PBXBuildFile; fileRef = FC29F15C1E70FA5300251B34 /* DetailView.m */; };
		FC29F1731E71153400251B34 /* QuartzCore.framework in Frameworks */ = {isa = PBXBuildFile; fileRef = FC29F1721E71153400251B34 /* QuartzCore.framework */; };
		FC29F1771E7118F500251B34 /* ProgressHUD.bundle in Resources */ = {isa = PBXBuildFile; fileRef = FC29F1741E7118F500251B34 /* ProgressHUD.bundle */; };
		FC29F1781E7118F500251B34 /* ProgressHUD.m in Sources */ = {isa = PBXBuildFile; fileRef = FC29F1761E7118F500251B34 /* ProgressHUD.m */; };
		FC3FF5BE1E47C2280091FDD5 /* LifestyleTableView.m in Sources */ = {isa = PBXBuildFile; fileRef = FC3FF5BD1E47C2280091FDD5 /* LifestyleTableView.m */; };
		FC3FF5C11E47C7120091FDD5 /* GoalTableView.m in Sources */ = {isa = PBXBuildFile; fileRef = FC3FF5C01E47C7120091FDD5 /* GoalTableView.m */; };
		FC760C271E484B2800336D75 /* DeviceViewController.m in Sources */ = {isa = PBXBuildFile; fileRef = FC760C261E484B2800336D75 /* DeviceViewController.m */; };
		FC760C2A1E484B7A00336D75 /* DeviceDetailViewController.m in Sources */ = {isa = PBXBuildFile; fileRef = FC760C291E484B7A00336D75 /* DeviceDetailViewController.m */; };
		FC790D221E899D8A00A57DA7 /* Pushwoosh.framework in Frameworks */ = {isa = PBXBuildFile; fileRef = FC790D211E899D8A00A57DA7 /* Pushwoosh.framework */; };
		FC790D241E899DA800A57DA7 /* libz.tbd in Frameworks */ = {isa = PBXBuildFile; fileRef = FC790D231E899DA800A57DA7 /* libz.tbd */; };
		FC790D261E899DB600A57DA7 /* libstdc++.tbd in Frameworks */ = {isa = PBXBuildFile; fileRef = FC790D251E899DB600A57DA7 /* libstdc++.tbd */; };
		FC8F8C9A1FB8D5940015E5E8 /* LaunchScreen.storyboard in Resources */ = {isa = PBXBuildFile; fileRef = FC8F8C991FB8D5940015E5E8 /* LaunchScreen.storyboard */; };
		FC8F8C9D1FB8DB080015E5E8 /* TrackerINavigationBar.m in Sources */ = {isa = PBXBuildFile; fileRef = FC8F8C9C1FB8DB080015E5E8 /* TrackerINavigationBar.m */; };
		FC9EA5431D98C8210013D96A /* DetailViewController.m in Sources */ = {isa = PBXBuildFile; fileRef = FC9EA5421D98C8210013D96A /* DetailViewController.m */; };
		FCA42DB01E377CD400619AE6 /* CustomProgView.m in Sources */ = {isa = PBXBuildFile; fileRef = FCA42DAF1E377CD400619AE6 /* CustomProgView.m */; };
		FCA42E0F1E38F0BD00619AE6 /* Chart.js in Resources */ = {isa = PBXBuildFile; fileRef = FCA42DD61E38F0BD00619AE6 /* Chart.js */; };
		FCA42E101E38F0BD00619AE6 /* Chart.min.js in Resources */ = {isa = PBXBuildFile; fileRef = FCA42DD71E38F0BD00619AE6 /* Chart.min.js */; };
		FCA42E111E38F0BD00619AE6 /* cw.html in Resources */ = {isa = PBXBuildFile; fileRef = FCA42DD81E38F0BD00619AE6 /* cw.html */; };
		FCA42E121E38F0BD00619AE6 /* cw.js in Resources */ = {isa = PBXBuildFile; fileRef = FCA42DD91E38F0BD00619AE6 /* cw.js */; };
		FCA42E131E38F0BD00619AE6 /* datasets.js in Resources */ = {isa = PBXBuildFile; fileRef = FCA42DDA1E38F0BD00619AE6 /* datasets.js */; };
		FCA42E141E38F0BD00619AE6 /* CWBarChart.m in Sources */ = {isa = PBXBuildFile; fileRef = FCA42DDD1E38F0BD00619AE6 /* CWBarChart.m */; };
		FCA42E151E38F0BD00619AE6 /* CWBarChartData.m in Sources */ = {isa = PBXBuildFile; fileRef = FCA42DDF1E38F0BD00619AE6 /* CWBarChartData.m */; };
		FCA42E161E38F0BD00619AE6 /* CWBarChartOptions.m in Sources */ = {isa = PBXBuildFile; fileRef = FCA42DE11E38F0BD00619AE6 /* CWBarChartOptions.m */; };
		FCA42E171E38F0BD00619AE6 /* CWBarDataSet.m in Sources */ = {isa = PBXBuildFile; fileRef = FCA42DE31E38F0BD00619AE6 /* CWBarDataSet.m */; };
		FCA42E181E38F0BD00619AE6 /* CWBoolean.m in Sources */ = {isa = PBXBuildFile; fileRef = FCA42DE51E38F0BD00619AE6 /* CWBoolean.m */; };
		FCA42E191E38F0BD00619AE6 /* CWChart.m in Sources */ = {isa = PBXBuildFile; fileRef = FCA42DE71E38F0BD00619AE6 /* CWChart.m */; };
		FCA42E1A1E38F0BD00619AE6 /* CWColors.m in Sources */ = {isa = PBXBuildFile; fileRef = FCA42DE91E38F0BD00619AE6 /* CWColors.m */; };
		FCA42E1B1E38F0BD00619AE6 /* CWData.m in Sources */ = {isa = PBXBuildFile; fileRef = FCA42DEB1E38F0BD00619AE6 /* CWData.m */; };
		FCA42E1C1E38F0BD00619AE6 /* CWDataSet.m in Sources */ = {isa = PBXBuildFile; fileRef = FCA42DED1E38F0BD00619AE6 /* CWDataSet.m */; };
		FCA42E1D1E38F0BD00619AE6 /* CWDoughnutChart.m in Sources */ = {isa = PBXBuildFile; fileRef = FCA42DEF1E38F0BD00619AE6 /* CWDoughnutChart.m */; };
		FCA42E1E1E38F0BD00619AE6 /* CWGlobalOptions.m in Sources */ = {isa = PBXBuildFile; fileRef = FCA42DF11E38F0BD00619AE6 /* CWGlobalOptions.m */; };
		FCA42E1F1E38F0BD00619AE6 /* CWLabelledData.m in Sources */ = {isa = PBXBuildFile; fileRef = FCA42DF31E38F0BD00619AE6 /* CWLabelledData.m */; };
		FCA42E201E38F0BD00619AE6 /* CWLineChart.m in Sources */ = {isa = PBXBuildFile; fileRef = FCA42DF51E38F0BD00619AE6 /* CWLineChart.m */; };
		FCA42E211E38F0BD00619AE6 /* CWLineChartData.m in Sources */ = {isa = PBXBuildFile; fileRef = FCA42DF71E38F0BD00619AE6 /* CWLineChartData.m */; };
		FCA42E221E38F0BD00619AE6 /* CWLineChartOptions.m in Sources */ = {isa = PBXBuildFile; fileRef = FCA42DF91E38F0BD00619AE6 /* CWLineChartOptions.m */; };
		FCA42E231E38F0BD00619AE6 /* CWObject.m in Sources */ = {isa = PBXBuildFile; fileRef = FCA42DFB1E38F0BD00619AE6 /* CWObject.m */; };
		FCA42E241E38F0BD00619AE6 /* CWPieChart.m in Sources */ = {isa = PBXBuildFile; fileRef = FCA42DFD1E38F0BD00619AE6 /* CWPieChart.m */; };
		FCA42E251E38F0BD00619AE6 /* CWPieChartOptions.m in Sources */ = {isa = PBXBuildFile; fileRef = FCA42DFF1E38F0BD00619AE6 /* CWPieChartOptions.m */; };
		FCA42E261E38F0BD00619AE6 /* CWPointDataSet.m in Sources */ = {isa = PBXBuildFile; fileRef = FCA42E011E38F0BD00619AE6 /* CWPointDataSet.m */; };
		FCA42E271E38F0BD00619AE6 /* CWPolarAreaChart.m in Sources */ = {isa = PBXBuildFile; fileRef = FCA42E031E38F0BD00619AE6 /* CWPolarAreaChart.m */; };
		FCA42E281E38F0BD00619AE6 /* CWPolarAreaChartOptions.m in Sources */ = {isa = PBXBuildFile; fileRef = FCA42E051E38F0BD00619AE6 /* CWPolarAreaChartOptions.m */; };
		FCA42E291E38F0BD00619AE6 /* CWRadarChart.m in Sources */ = {isa = PBXBuildFile; fileRef = FCA42E071E38F0BD00619AE6 /* CWRadarChart.m */; };
		FCA42E2A1E38F0BD00619AE6 /* CWRadarChartData.m in Sources */ = {isa = PBXBuildFile; fileRef = FCA42E091E38F0BD00619AE6 /* CWRadarChartData.m */; };
		FCA42E2B1E38F0BD00619AE6 /* CWRadarChartOptions.m in Sources */ = {isa = PBXBuildFile; fileRef = FCA42E0B1E38F0BD00619AE6 /* CWRadarChartOptions.m */; };
		FCA42E2C1E38F0BD00619AE6 /* CWSegmentData.m in Sources */ = {isa = PBXBuildFile; fileRef = FCA42E0D1E38F0BD00619AE6 /* CWSegmentData.m */; };
		FCA42E2E1E38F20400619AE6 /* WebKit.framework in Frameworks */ = {isa = PBXBuildFile; fileRef = FCA42E2D1E38F20400619AE6 /* WebKit.framework */; };
		FCBC23B319EB96A600C480B6 /* BeFit_DataModel.xcdatamodeld in Sources */ = {isa = PBXBuildFile; fileRef = FCBC23A919EB96A600C480B6 /* BeFit_DataModel.xcdatamodeld */; };
		FCBC23B419EB96A600C480B6 /* BeFit_iOS.xcdatamodeld in Sources */ = {isa = PBXBuildFile; fileRef = FCBC23AC19EB96A600C480B6 /* BeFit_iOS.xcdatamodeld */; };
		FCBC23BE19EB96D900C480B6 /* BFMasterTableViewController.m in Sources */ = {isa = PBXBuildFile; fileRef = FCBC23B919EB96D900C480B6 /* BFMasterTableViewController.m */; };
		FCBC23BF19EB96D900C480B6 /* FirstViewController.m in Sources */ = {isa = PBXBuildFile; fileRef = FCBC23BB19EB96D900C480B6 /* FirstViewController.m */; };
		FCBECD201E4AC60A0034FACF /* AveBorderedButton.m in Sources */ = {isa = PBXBuildFile; fileRef = FCBECD181E4AC60A0034FACF /* AveBorderedButton.m */; };
		FCBECD211E4AC60A0034FACF /* AveBorderedView.m in Sources */ = {isa = PBXBuildFile; fileRef = FCBECD1A1E4AC60A0034FACF /* AveBorderedView.m */; };
		FCBECD221E4AC60A0034FACF /* AvePurchaseActivityIndicatorView.m in Sources */ = {isa = PBXBuildFile; fileRef = FCBECD1D1E4AC60A0034FACF /* AvePurchaseActivityIndicatorView.m */; };
		FCBECD231E4AC60A0034FACF /* AvePurchaseButton.m in Sources */ = {isa = PBXBuildFile; fileRef = FCBECD1F1E4AC60A0034FACF /* AvePurchaseButton.m */; };
		FCC792441E45942F00D19056 /* PickerTableView.m in Sources */ = {isa = PBXBuildFile; fileRef = FCC792431E45942F00D19056 /* PickerTableView.m */; };
		FCE5B9E41E7264D400324083 /* CBAutoScrollLabel.m in Sources */ = {isa = PBXBuildFile; fileRef = FCE5B9E31E7264D400324083 /* CBAutoScrollLabel.m */; };
/* End PBXBuildFile section */

/* Begin PBXContainerItemProxy section */
		FC290AE719CF560E0044C06B /* PBXContainerItemProxy */ = {
			isa = PBXContainerItemProxy;
			containerPortal = FC290ABF19CF560E0044C06B /* Project object */;
			proxyType = 1;
			remoteGlobalIDString = FC290AC619CF560E0044C06B;
			remoteInfo = "BeFit iOS";
		};
/* End PBXContainerItemProxy section */

/* Begin PBXFileReference section */
		435A732F2361BF8F005B4BF4 /* AddFoodViewController.swift */ = {isa = PBXFileReference; lastKnownFileType = sourcecode.swift; path = AddFoodViewController.swift; sourceTree = "<group>"; };
		439DE70F23603B4200CC8543 /* BeFit Tracker-Bridging-Header.h */ = {isa = PBXFileReference; lastKnownFileType = sourcecode.c.h; path = "BeFit Tracker-Bridging-Header.h"; sourceTree = "<group>"; };
		439DE71E23603C2200CC8543 /* Food+CoreDataProperties.swift */ = {isa = PBXFileReference; fileEncoding = 4; lastKnownFileType = sourcecode.swift; name = "Food+CoreDataProperties.swift"; path = "DataModel/Food+CoreDataProperties.swift"; sourceTree = "<group>"; };
		439DE71F23603C2200CC8543 /* UserFoodRecords+CoreDataClass.swift */ = {isa = PBXFileReference; fileEncoding = 4; lastKnownFileType = sourcecode.swift; name = "UserFoodRecords+CoreDataClass.swift"; path = "DataModel/UserFoodRecords+CoreDataClass.swift"; sourceTree = "<group>"; };
		439DE72023603C2200CC8543 /* UserFoodRecords+CoreDataProperties.swift */ = {isa = PBXFileReference; fileEncoding = 4; lastKnownFileType = sourcecode.swift; name = "UserFoodRecords+CoreDataProperties.swift"; path = "DataModel/UserFoodRecords+CoreDataProperties.swift"; sourceTree = "<group>"; };
		439DE72123603C2200CC8543 /* FoodList+CoreDataClass.swift */ = {isa = PBXFileReference; fileEncoding = 4; lastKnownFileType = sourcecode.swift; name = "FoodList+CoreDataClass.swift"; path = "DataModel/FoodList+CoreDataClass.swift"; sourceTree = "<group>"; };
		439DE72223603C2200CC8543 /* FoodList+CoreDataProperties.swift */ = {isa = PBXFileReference; fileEncoding = 4; lastKnownFileType = sourcecode.swift; name = "FoodList+CoreDataProperties.swift"; path = "DataModel/FoodList+CoreDataProperties.swift"; sourceTree = "<group>"; };
		439DE72323603C2200CC8543 /* Food+CoreDataClass.swift */ = {isa = PBXFileReference; fileEncoding = 4; lastKnownFileType = sourcecode.swift; name = "Food+CoreDataClass.swift"; path = "DataModel/Food+CoreDataClass.swift"; sourceTree = "<group>"; };
		439DE72A23603D9B00CC8543 /* Food+UI.swift */ = {isa = PBXFileReference; lastKnownFileType = sourcecode.swift; path = "Food+UI.swift"; sourceTree = "<group>"; };
		474E423491E3F9AF753F33FA /* Pods_BeFitTracker.framework */ = {isa = PBXFileReference; explicitFileType = wrapper.framework; includeInIndex = 0; path = Pods_BeFitTracker.framework; sourceTree = BUILT_PRODUCTS_DIR; };
		5107F8381E543D4600E1EEBD /* Barcode.h */ = {isa = PBXFileReference; fileEncoding = 4; lastKnownFileType = sourcecode.c.h; path = Barcode.h; sourceTree = "<group>"; };
		5107F8391E543D4600E1EEBD /* Barcode.m */ = {isa = PBXFileReference; fileEncoding = 4; lastKnownFileType = sourcecode.c.objc; path = Barcode.m; sourceTree = "<group>"; };
		5107F83B1E543D5E00E1EEBD /* ScannerViewController.h */ = {isa = PBXFileReference; fileEncoding = 4; lastKnownFileType = sourcecode.c.h; path = ScannerViewController.h; sourceTree = "<group>"; };
		5107F83C1E543D5E00E1EEBD /* ScannerViewController.m */ = {isa = PBXFileReference; fileEncoding = 4; lastKnownFileType = sourcecode.c.objc; path = ScannerViewController.m; sourceTree = "<group>"; };
		510ECE761E6A83C40010DB8A /* ZFOODOBJECT.json */ = {isa = PBXFileReference; fileEncoding = 4; lastKnownFileType = text.json; path = ZFOODOBJECT.json; sourceTree = "<group>"; };
		511DB0E61E56E2FC0061F5CF /* StoreViewController.h */ = {isa = PBXFileReference; fileEncoding = 4; lastKnownFileType = sourcecode.c.h; path = StoreViewController.h; sourceTree = "<group>"; };
		511DB0E71E56E2FC0061F5CF /* StoreViewController.m */ = {isa = PBXFileReference; fileEncoding = 4; lastKnownFileType = sourcecode.c.objc; path = StoreViewController.m; sourceTree = "<group>"; };
		511DB0E91E57073A0061F5CF /* FoodObjectsViewController.h */ = {isa = PBXFileReference; fileEncoding = 4; lastKnownFileType = sourcecode.c.h; path = FoodObjectsViewController.h; sourceTree = "<group>"; };
		511DB0EA1E57073A0061F5CF /* FoodObjectsViewController.m */ = {isa = PBXFileReference; fileEncoding = 4; lastKnownFileType = sourcecode.c.objc; path = FoodObjectsViewController.m; sourceTree = "<group>"; };
		512609051E5D934E009BA829 /* StoreKit.framework */ = {isa = PBXFileReference; lastKnownFileType = wrapper.framework; name = StoreKit.framework; path = System/Library/Frameworks/StoreKit.framework; sourceTree = SDKROOT; };
		51E44C421E5C432E007E91C1 /* FoodTrackViewController.h */ = {isa = PBXFileReference; fileEncoding = 4; lastKnownFileType = sourcecode.c.h; path = FoodTrackViewController.h; sourceTree = "<group>"; };
		51E44C431E5C432E007E91C1 /* FoodTrackViewController.m */ = {isa = PBXFileReference; fileEncoding = 4; lastKnownFileType = sourcecode.c.objc; path = FoodTrackViewController.m; sourceTree = "<group>"; };
		51E44C471E5C452A007E91C1 /* SimpleBarChart.h */ = {isa = PBXFileReference; fileEncoding = 4; lastKnownFileType = sourcecode.c.h; path = SimpleBarChart.h; sourceTree = "<group>"; };
		51E44C481E5C452A007E91C1 /* SimpleBarChart.m */ = {isa = PBXFileReference; fileEncoding = 4; lastKnownFileType = sourcecode.c.objc; path = SimpleBarChart.m; sourceTree = "<group>"; };
		51FB9A211E63EB3900FF418D /* BeFit_iOS.sqlite */ = {isa = PBXFileReference; lastKnownFileType = file; path = BeFit_iOS.sqlite; sourceTree = "<group>"; };
		51FB9A221E63EB3900FF418D /* BeFit_iOS.sqlite-shm */ = {isa = PBXFileReference; lastKnownFileType = file; path = "BeFit_iOS.sqlite-shm"; sourceTree = "<group>"; };
		51FB9A231E63EB3900FF418D /* BeFit_iOS.sqlite-wal */ = {isa = PBXFileReference; lastKnownFileType = file; path = "BeFit_iOS.sqlite-wal"; sourceTree = "<group>"; };
		5F90FCDC6999BB93B0C27536 /* Pods-BeFitTracker.debug.xcconfig */ = {isa = PBXFileReference; includeInIndex = 1; lastKnownFileType = text.xcconfig; name = "Pods-BeFitTracker.debug.xcconfig"; path = "Target Support Files/Pods-BeFitTracker/Pods-BeFitTracker.debug.xcconfig"; sourceTree = "<group>"; };
		C093CFF90A16C23A8ED3BFA6 /* Pods-BeFitTracker.release.xcconfig */ = {isa = PBXFileReference; includeInIndex = 1; lastKnownFileType = text.xcconfig; name = "Pods-BeFitTracker.release.xcconfig"; path = "Target Support Files/Pods-BeFitTracker/Pods-BeFitTracker.release.xcconfig"; sourceTree = "<group>"; };
		FC290AC719CF560E0044C06B /* BeFitTracker.app */ = {isa = PBXFileReference; explicitFileType = wrapper.application; includeInIndex = 0; path = BeFitTracker.app; sourceTree = BUILT_PRODUCTS_DIR; };
		FC290ACB19CF560E0044C06B /* Info.plist */ = {isa = PBXFileReference; lastKnownFileType = text.plist.xml; path = Info.plist; sourceTree = "<group>"; };
		FC290ACC19CF560E0044C06B /* main.m */ = {isa = PBXFileReference; lastKnownFileType = sourcecode.c.objc; path = main.m; sourceTree = "<group>"; };
		FC290ACE19CF560E0044C06B /* AppDelegate.h */ = {isa = PBXFileReference; lastKnownFileType = sourcecode.c.h; path = AppDelegate.h; sourceTree = "<group>"; };
		FC290ACF19CF560E0044C06B /* AppDelegate.m */ = {isa = PBXFileReference; lastKnownFileType = sourcecode.c.objc; path = AppDelegate.m; sourceTree = "<group>"; };
		FC290ADB19CF560E0044C06B /* Base */ = {isa = PBXFileReference; lastKnownFileType = file.storyboard; name = Base; path = Base.lproj/Main.storyboard; sourceTree = "<group>"; };
		FC290ADD19CF560E0044C06B /* Images.xcassets */ = {isa = PBXFileReference; lastKnownFileType = folder.assetcatalog; path = Images.xcassets; sourceTree = "<group>"; };
		FC290AE619CF560E0044C06B /* BeFit iOSTests.xctest */ = {isa = PBXFileReference; explicitFileType = wrapper.cfbundle; includeInIndex = 0; path = "BeFit iOSTests.xctest"; sourceTree = BUILT_PRODUCTS_DIR; };
		FC290AEB19CF560E0044C06B /* Info.plist */ = {isa = PBXFileReference; lastKnownFileType = text.plist.xml; path = Info.plist; sourceTree = "<group>"; };
		FC290AEC19CF560E0044C06B /* BeFit_iOSTests.m */ = {isa = PBXFileReference; lastKnownFileType = sourcecode.c.objc; path = BeFit_iOSTests.m; sourceTree = "<group>"; };
		FC290AFD19CF57A60044C06B /* UIKit.framework */ = {isa = PBXFileReference; lastKnownFileType = wrapper.framework; name = UIKit.framework; path = System/Library/Frameworks/UIKit.framework; sourceTree = SDKROOT; };
		FC290AFF19CF57AC0044C06B /* Foundation.framework */ = {isa = PBXFileReference; lastKnownFileType = wrapper.framework; name = Foundation.framework; path = System/Library/Frameworks/Foundation.framework; sourceTree = SDKROOT; };
		FC290B0119CF57B30044C06B /* CoreData.framework */ = {isa = PBXFileReference; lastKnownFileType = wrapper.framework; name = CoreData.framework; path = System/Library/Frameworks/CoreData.framework; sourceTree = SDKROOT; };
		FC29F14F1E70BA4800251B34 /* UISnapNav.h */ = {isa = PBXFileReference; fileEncoding = 4; lastKnownFileType = sourcecode.c.h; path = UISnapNav.h; sourceTree = "<group>"; };
		FC29F1501E70BA4800251B34 /* UISnapNav.m */ = {isa = PBXFileReference; fileEncoding = 4; lastKnownFileType = sourcecode.c.objc; path = UISnapNav.m; sourceTree = "<group>"; };
		FC29F1541E70FA5300251B34 /* AppGalleryView.h */ = {isa = PBXFileReference; fileEncoding = 4; lastKnownFileType = sourcecode.c.h; path = AppGalleryView.h; sourceTree = "<group>"; };
		FC29F1551E70FA5300251B34 /* AppGalleryView.m */ = {isa = PBXFileReference; fileEncoding = 4; lastKnownFileType = sourcecode.c.objc; path = AppGalleryView.m; sourceTree = "<group>"; };
		FC29F1561E70FA5300251B34 /* ARScrollViewEnhancer.h */ = {isa = PBXFileReference; fileEncoding = 4; lastKnownFileType = sourcecode.c.h; path = ARScrollViewEnhancer.h; sourceTree = "<group>"; };
		FC29F1571E70FA5300251B34 /* ARScrollViewEnhancer.m */ = {isa = PBXFileReference; fileEncoding = 4; lastKnownFileType = sourcecode.c.objc; path = ARScrollViewEnhancer.m; sourceTree = "<group>"; };
		FC29F1581E70FA5300251B34 /* CustomCell.h */ = {isa = PBXFileReference; fileEncoding = 4; lastKnownFileType = sourcecode.c.h; path = CustomCell.h; sourceTree = "<group>"; };
		FC29F1591E70FA5300251B34 /* CustomCell.m */ = {isa = PBXFileReference; fileEncoding = 4; lastKnownFileType = sourcecode.c.objc; path = CustomCell.m; sourceTree = "<group>"; };
		FC29F15A1E70FA5300251B34 /* CustomCell.xib */ = {isa = PBXFileReference; fileEncoding = 4; lastKnownFileType = file.xib; path = CustomCell.xib; sourceTree = "<group>"; };
		FC29F15B1E70FA5300251B34 /* DetailView.h */ = {isa = PBXFileReference; fileEncoding = 4; lastKnownFileType = sourcecode.c.h; path = DetailView.h; sourceTree = "<group>"; };
		FC29F15C1E70FA5300251B34 /* DetailView.m */ = {isa = PBXFileReference; fileEncoding = 4; lastKnownFileType = sourcecode.c.objc; path = DetailView.m; sourceTree = "<group>"; };
		FC29F1721E71153400251B34 /* QuartzCore.framework */ = {isa = PBXFileReference; lastKnownFileType = wrapper.framework; name = QuartzCore.framework; path = System/Library/Frameworks/QuartzCore.framework; sourceTree = SDKROOT; };
		FC29F1741E7118F500251B34 /* ProgressHUD.bundle */ = {isa = PBXFileReference; lastKnownFileType = "wrapper.plug-in"; path = ProgressHUD.bundle; sourceTree = "<group>"; };
		FC29F1751E7118F500251B34 /* ProgressHUD.h */ = {isa = PBXFileReference; fileEncoding = 4; lastKnownFileType = sourcecode.c.h; path = ProgressHUD.h; sourceTree = "<group>"; };
		FC29F1761E7118F500251B34 /* ProgressHUD.m */ = {isa = PBXFileReference; fileEncoding = 4; lastKnownFileType = sourcecode.c.objc; path = ProgressHUD.m; sourceTree = "<group>"; };
		FC3FF5BC1E47C2280091FDD5 /* LifestyleTableView.h */ = {isa = PBXFileReference; fileEncoding = 4; lastKnownFileType = sourcecode.c.h; path = LifestyleTableView.h; sourceTree = "<group>"; };
		FC3FF5BD1E47C2280091FDD5 /* LifestyleTableView.m */ = {isa = PBXFileReference; fileEncoding = 4; lastKnownFileType = sourcecode.c.objc; path = LifestyleTableView.m; sourceTree = "<group>"; };
		FC3FF5BF1E47C7120091FDD5 /* GoalTableView.h */ = {isa = PBXFileReference; fileEncoding = 4; lastKnownFileType = sourcecode.c.h; path = GoalTableView.h; sourceTree = "<group>"; };
		FC3FF5C01E47C7120091FDD5 /* GoalTableView.m */ = {isa = PBXFileReference; fileEncoding = 4; lastKnownFileType = sourcecode.c.objc; path = GoalTableView.m; sourceTree = "<group>"; };
		FC760C251E484B2800336D75 /* DeviceViewController.h */ = {isa = PBXFileReference; fileEncoding = 4; lastKnownFileType = sourcecode.c.h; name = DeviceViewController.h; path = ViewControllers/DeviceViewController.h; sourceTree = "<group>"; };
		FC760C261E484B2800336D75 /* DeviceViewController.m */ = {isa = PBXFileReference; fileEncoding = 4; lastKnownFileType = sourcecode.c.objc; name = DeviceViewController.m; path = ViewControllers/DeviceViewController.m; sourceTree = "<group>"; };
		FC760C281E484B7A00336D75 /* DeviceDetailViewController.h */ = {isa = PBXFileReference; fileEncoding = 4; lastKnownFileType = sourcecode.c.h; name = DeviceDetailViewController.h; path = ViewControllers/DeviceDetailViewController.h; sourceTree = "<group>"; };
		FC760C291E484B7A00336D75 /* DeviceDetailViewController.m */ = {isa = PBXFileReference; fileEncoding = 4; lastKnownFileType = sourcecode.c.objc; name = DeviceDetailViewController.m; path = ViewControllers/DeviceDetailViewController.m; sourceTree = "<group>"; };
		FC790D211E899D8A00A57DA7 /* Pushwoosh.framework */ = {isa = PBXFileReference; lastKnownFileType = wrapper.framework; path = Pushwoosh.framework; sourceTree = "<group>"; };
		FC790D231E899DA800A57DA7 /* libz.tbd */ = {isa = PBXFileReference; lastKnownFileType = "sourcecode.text-based-dylib-definition"; name = libz.tbd; path = usr/lib/libz.tbd; sourceTree = SDKROOT; };
		FC790D251E899DB600A57DA7 /* libstdc++.tbd */ = {isa = PBXFileReference; lastKnownFileType = "sourcecode.text-based-dylib-definition"; name = "libstdc++.tbd"; path = "usr/lib/libstdc++.tbd"; sourceTree = SDKROOT; };
		FC790D271E899EBA00A57DA7 /* BeFit Tracker.entitlements */ = {isa = PBXFileReference; lastKnownFileType = text.plist.entitlements; path = "BeFit Tracker.entitlements"; sourceTree = "<group>"; };
		FC8F8C991FB8D5940015E5E8 /* LaunchScreen.storyboard */ = {isa = PBXFileReference; lastKnownFileType = file.storyboard; path = LaunchScreen.storyboard; sourceTree = "<group>"; };
		FC8F8C9B1FB8DB080015E5E8 /* TrackerINavigationBar.h */ = {isa = PBXFileReference; lastKnownFileType = sourcecode.c.h; path = TrackerINavigationBar.h; sourceTree = "<group>"; };
		FC8F8C9C1FB8DB080015E5E8 /* TrackerINavigationBar.m */ = {isa = PBXFileReference; lastKnownFileType = sourcecode.c.objc; path = TrackerINavigationBar.m; sourceTree = "<group>"; };
		FC9EA5411D98C8210013D96A /* DetailViewController.h */ = {isa = PBXFileReference; fileEncoding = 4; lastKnownFileType = sourcecode.c.h; path = DetailViewController.h; sourceTree = "<group>"; };
		FC9EA5421D98C8210013D96A /* DetailViewController.m */ = {isa = PBXFileReference; fileEncoding = 4; lastKnownFileType = sourcecode.c.objc; path = DetailViewController.m; sourceTree = "<group>"; };
		FCA42DAE1E377CD400619AE6 /* CustomProgView.h */ = {isa = PBXFileReference; fileEncoding = 4; lastKnownFileType = sourcecode.c.h; path = CustomProgView.h; sourceTree = "<group>"; };
		FCA42DAF1E377CD400619AE6 /* CustomProgView.m */ = {isa = PBXFileReference; fileEncoding = 4; lastKnownFileType = sourcecode.c.objc; path = CustomProgView.m; sourceTree = "<group>"; };
		FCA42DD21E38EDAE00619AE6 /* CoreGraphics.framework */ = {isa = PBXFileReference; lastKnownFileType = wrapper.framework; name = CoreGraphics.framework; path = System/Library/Frameworks/CoreGraphics.framework; sourceTree = SDKROOT; };
		FCA42DD61E38F0BD00619AE6 /* Chart.js */ = {isa = PBXFileReference; fileEncoding = 4; lastKnownFileType = sourcecode.javascript; path = Chart.js; sourceTree = "<group>"; };
		FCA42DD71E38F0BD00619AE6 /* Chart.min.js */ = {isa = PBXFileReference; fileEncoding = 4; lastKnownFileType = sourcecode.javascript; path = Chart.min.js; sourceTree = "<group>"; };
		FCA42DD81E38F0BD00619AE6 /* cw.html */ = {isa = PBXFileReference; fileEncoding = 4; lastKnownFileType = text.html; path = cw.html; sourceTree = "<group>"; };
		FCA42DD91E38F0BD00619AE6 /* cw.js */ = {isa = PBXFileReference; fileEncoding = 4; lastKnownFileType = sourcecode.javascript; path = cw.js; sourceTree = "<group>"; };
		FCA42DDA1E38F0BD00619AE6 /* datasets.js */ = {isa = PBXFileReference; fileEncoding = 4; lastKnownFileType = sourcecode.javascript; path = datasets.js; sourceTree = "<group>"; };
		FCA42DDB1E38F0BD00619AE6 /* CW.h */ = {isa = PBXFileReference; fileEncoding = 4; lastKnownFileType = sourcecode.c.h; path = CW.h; sourceTree = "<group>"; };
		FCA42DDC1E38F0BD00619AE6 /* CWBarChart.h */ = {isa = PBXFileReference; fileEncoding = 4; lastKnownFileType = sourcecode.c.h; path = CWBarChart.h; sourceTree = "<group>"; };
		FCA42DDD1E38F0BD00619AE6 /* CWBarChart.m */ = {isa = PBXFileReference; fileEncoding = 4; lastKnownFileType = sourcecode.c.objc; path = CWBarChart.m; sourceTree = "<group>"; };
		FCA42DDE1E38F0BD00619AE6 /* CWBarChartData.h */ = {isa = PBXFileReference; fileEncoding = 4; lastKnownFileType = sourcecode.c.h; path = CWBarChartData.h; sourceTree = "<group>"; };
		FCA42DDF1E38F0BD00619AE6 /* CWBarChartData.m */ = {isa = PBXFileReference; fileEncoding = 4; lastKnownFileType = sourcecode.c.objc; path = CWBarChartData.m; sourceTree = "<group>"; };
		FCA42DE01E38F0BD00619AE6 /* CWBarChartOptions.h */ = {isa = PBXFileReference; fileEncoding = 4; lastKnownFileType = sourcecode.c.h; path = CWBarChartOptions.h; sourceTree = "<group>"; };
		FCA42DE11E38F0BD00619AE6 /* CWBarChartOptions.m */ = {isa = PBXFileReference; fileEncoding = 4; lastKnownFileType = sourcecode.c.objc; path = CWBarChartOptions.m; sourceTree = "<group>"; };
		FCA42DE21E38F0BD00619AE6 /* CWBarDataSet.h */ = {isa = PBXFileReference; fileEncoding = 4; lastKnownFileType = sourcecode.c.h; path = CWBarDataSet.h; sourceTree = "<group>"; };
		FCA42DE31E38F0BD00619AE6 /* CWBarDataSet.m */ = {isa = PBXFileReference; fileEncoding = 4; lastKnownFileType = sourcecode.c.objc; path = CWBarDataSet.m; sourceTree = "<group>"; };
		FCA42DE41E38F0BD00619AE6 /* CWBoolean.h */ = {isa = PBXFileReference; fileEncoding = 4; lastKnownFileType = sourcecode.c.h; path = CWBoolean.h; sourceTree = "<group>"; };
		FCA42DE51E38F0BD00619AE6 /* CWBoolean.m */ = {isa = PBXFileReference; fileEncoding = 4; lastKnownFileType = sourcecode.c.objc; path = CWBoolean.m; sourceTree = "<group>"; };
		FCA42DE61E38F0BD00619AE6 /* CWChart.h */ = {isa = PBXFileReference; fileEncoding = 4; lastKnownFileType = sourcecode.c.h; path = CWChart.h; sourceTree = "<group>"; };
		FCA42DE71E38F0BD00619AE6 /* CWChart.m */ = {isa = PBXFileReference; fileEncoding = 4; lastKnownFileType = sourcecode.c.objc; path = CWChart.m; sourceTree = "<group>"; };
		FCA42DE81E38F0BD00619AE6 /* CWColors.h */ = {isa = PBXFileReference; fileEncoding = 4; lastKnownFileType = sourcecode.c.h; path = CWColors.h; sourceTree = "<group>"; };
		FCA42DE91E38F0BD00619AE6 /* CWColors.m */ = {isa = PBXFileReference; fileEncoding = 4; lastKnownFileType = sourcecode.c.objc; path = CWColors.m; sourceTree = "<group>"; };
		FCA42DEA1E38F0BD00619AE6 /* CWData.h */ = {isa = PBXFileReference; fileEncoding = 4; lastKnownFileType = sourcecode.c.h; path = CWData.h; sourceTree = "<group>"; };
		FCA42DEB1E38F0BD00619AE6 /* CWData.m */ = {isa = PBXFileReference; fileEncoding = 4; lastKnownFileType = sourcecode.c.objc; path = CWData.m; sourceTree = "<group>"; };
		FCA42DEC1E38F0BD00619AE6 /* CWDataSet.h */ = {isa = PBXFileReference; fileEncoding = 4; lastKnownFileType = sourcecode.c.h; path = CWDataSet.h; sourceTree = "<group>"; };
		FCA42DED1E38F0BD00619AE6 /* CWDataSet.m */ = {isa = PBXFileReference; fileEncoding = 4; lastKnownFileType = sourcecode.c.objc; path = CWDataSet.m; sourceTree = "<group>"; };
		FCA42DEE1E38F0BD00619AE6 /* CWDoughnutChart.h */ = {isa = PBXFileReference; fileEncoding = 4; lastKnownFileType = sourcecode.c.h; path = CWDoughnutChart.h; sourceTree = "<group>"; };
		FCA42DEF1E38F0BD00619AE6 /* CWDoughnutChart.m */ = {isa = PBXFileReference; fileEncoding = 4; lastKnownFileType = sourcecode.c.objc; path = CWDoughnutChart.m; sourceTree = "<group>"; };
		FCA42DF01E38F0BD00619AE6 /* CWGlobalOptions.h */ = {isa = PBXFileReference; fileEncoding = 4; lastKnownFileType = sourcecode.c.h; path = CWGlobalOptions.h; sourceTree = "<group>"; };
		FCA42DF11E38F0BD00619AE6 /* CWGlobalOptions.m */ = {isa = PBXFileReference; fileEncoding = 4; lastKnownFileType = sourcecode.c.objc; path = CWGlobalOptions.m; sourceTree = "<group>"; };
		FCA42DF21E38F0BD00619AE6 /* CWLabelledData.h */ = {isa = PBXFileReference; fileEncoding = 4; lastKnownFileType = sourcecode.c.h; path = CWLabelledData.h; sourceTree = "<group>"; };
		FCA42DF31E38F0BD00619AE6 /* CWLabelledData.m */ = {isa = PBXFileReference; fileEncoding = 4; lastKnownFileType = sourcecode.c.objc; path = CWLabelledData.m; sourceTree = "<group>"; };
		FCA42DF41E38F0BD00619AE6 /* CWLineChart.h */ = {isa = PBXFileReference; fileEncoding = 4; lastKnownFileType = sourcecode.c.h; path = CWLineChart.h; sourceTree = "<group>"; };
		FCA42DF51E38F0BD00619AE6 /* CWLineChart.m */ = {isa = PBXFileReference; fileEncoding = 4; lastKnownFileType = sourcecode.c.objc; path = CWLineChart.m; sourceTree = "<group>"; };
		FCA42DF61E38F0BD00619AE6 /* CWLineChartData.h */ = {isa = PBXFileReference; fileEncoding = 4; lastKnownFileType = sourcecode.c.h; path = CWLineChartData.h; sourceTree = "<group>"; };
		FCA42DF71E38F0BD00619AE6 /* CWLineChartData.m */ = {isa = PBXFileReference; fileEncoding = 4; lastKnownFileType = sourcecode.c.objc; path = CWLineChartData.m; sourceTree = "<group>"; };
		FCA42DF81E38F0BD00619AE6 /* CWLineChartOptions.h */ = {isa = PBXFileReference; fileEncoding = 4; lastKnownFileType = sourcecode.c.h; path = CWLineChartOptions.h; sourceTree = "<group>"; };
		FCA42DF91E38F0BD00619AE6 /* CWLineChartOptions.m */ = {isa = PBXFileReference; fileEncoding = 4; lastKnownFileType = sourcecode.c.objc; path = CWLineChartOptions.m; sourceTree = "<group>"; };
		FCA42DFA1E38F0BD00619AE6 /* CWObject.h */ = {isa = PBXFileReference; fileEncoding = 4; lastKnownFileType = sourcecode.c.h; path = CWObject.h; sourceTree = "<group>"; };
		FCA42DFB1E38F0BD00619AE6 /* CWObject.m */ = {isa = PBXFileReference; fileEncoding = 4; lastKnownFileType = sourcecode.c.objc; path = CWObject.m; sourceTree = "<group>"; };
		FCA42DFC1E38F0BD00619AE6 /* CWPieChart.h */ = {isa = PBXFileReference; fileEncoding = 4; lastKnownFileType = sourcecode.c.h; path = CWPieChart.h; sourceTree = "<group>"; };
		FCA42DFD1E38F0BD00619AE6 /* CWPieChart.m */ = {isa = PBXFileReference; fileEncoding = 4; lastKnownFileType = sourcecode.c.objc; path = CWPieChart.m; sourceTree = "<group>"; };
		FCA42DFE1E38F0BD00619AE6 /* CWPieChartOptions.h */ = {isa = PBXFileReference; fileEncoding = 4; lastKnownFileType = sourcecode.c.h; path = CWPieChartOptions.h; sourceTree = "<group>"; };
		FCA42DFF1E38F0BD00619AE6 /* CWPieChartOptions.m */ = {isa = PBXFileReference; fileEncoding = 4; lastKnownFileType = sourcecode.c.objc; path = CWPieChartOptions.m; sourceTree = "<group>"; };
		FCA42E001E38F0BD00619AE6 /* CWPointDataSet.h */ = {isa = PBXFileReference; fileEncoding = 4; lastKnownFileType = sourcecode.c.h; path = CWPointDataSet.h; sourceTree = "<group>"; };
		FCA42E011E38F0BD00619AE6 /* CWPointDataSet.m */ = {isa = PBXFileReference; fileEncoding = 4; lastKnownFileType = sourcecode.c.objc; path = CWPointDataSet.m; sourceTree = "<group>"; };
		FCA42E021E38F0BD00619AE6 /* CWPolarAreaChart.h */ = {isa = PBXFileReference; fileEncoding = 4; lastKnownFileType = sourcecode.c.h; path = CWPolarAreaChart.h; sourceTree = "<group>"; };
		FCA42E031E38F0BD00619AE6 /* CWPolarAreaChart.m */ = {isa = PBXFileReference; fileEncoding = 4; lastKnownFileType = sourcecode.c.objc; path = CWPolarAreaChart.m; sourceTree = "<group>"; };
		FCA42E041E38F0BD00619AE6 /* CWPolarAreaChartOptions.h */ = {isa = PBXFileReference; fileEncoding = 4; lastKnownFileType = sourcecode.c.h; path = CWPolarAreaChartOptions.h; sourceTree = "<group>"; };
		FCA42E051E38F0BD00619AE6 /* CWPolarAreaChartOptions.m */ = {isa = PBXFileReference; fileEncoding = 4; lastKnownFileType = sourcecode.c.objc; path = CWPolarAreaChartOptions.m; sourceTree = "<group>"; };
		FCA42E061E38F0BD00619AE6 /* CWRadarChart.h */ = {isa = PBXFileReference; fileEncoding = 4; lastKnownFileType = sourcecode.c.h; path = CWRadarChart.h; sourceTree = "<group>"; };
		FCA42E071E38F0BD00619AE6 /* CWRadarChart.m */ = {isa = PBXFileReference; fileEncoding = 4; lastKnownFileType = sourcecode.c.objc; path = CWRadarChart.m; sourceTree = "<group>"; };
		FCA42E081E38F0BD00619AE6 /* CWRadarChartData.h */ = {isa = PBXFileReference; fileEncoding = 4; lastKnownFileType = sourcecode.c.h; path = CWRadarChartData.h; sourceTree = "<group>"; };
		FCA42E091E38F0BD00619AE6 /* CWRadarChartData.m */ = {isa = PBXFileReference; fileEncoding = 4; lastKnownFileType = sourcecode.c.objc; path = CWRadarChartData.m; sourceTree = "<group>"; };
		FCA42E0A1E38F0BD00619AE6 /* CWRadarChartOptions.h */ = {isa = PBXFileReference; fileEncoding = 4; lastKnownFileType = sourcecode.c.h; path = CWRadarChartOptions.h; sourceTree = "<group>"; };
		FCA42E0B1E38F0BD00619AE6 /* CWRadarChartOptions.m */ = {isa = PBXFileReference; fileEncoding = 4; lastKnownFileType = sourcecode.c.objc; path = CWRadarChartOptions.m; sourceTree = "<group>"; };
		FCA42E0C1E38F0BD00619AE6 /* CWSegmentData.h */ = {isa = PBXFileReference; fileEncoding = 4; lastKnownFileType = sourcecode.c.h; path = CWSegmentData.h; sourceTree = "<group>"; };
		FCA42E0D1E38F0BD00619AE6 /* CWSegmentData.m */ = {isa = PBXFileReference; fileEncoding = 4; lastKnownFileType = sourcecode.c.objc; path = CWSegmentData.m; sourceTree = "<group>"; };
		FCA42E0E1E38F0BD00619AE6 /* CWTypes.h */ = {isa = PBXFileReference; fileEncoding = 4; lastKnownFileType = sourcecode.c.h; path = CWTypes.h; sourceTree = "<group>"; };
		FCA42E2D1E38F20400619AE6 /* WebKit.framework */ = {isa = PBXFileReference; lastKnownFileType = wrapper.framework; name = WebKit.framework; path = System/Library/Frameworks/WebKit.framework; sourceTree = SDKROOT; };
		FCBC23AA19EB96A600C480B6 /* BeFit_DataModel.xcdatamodel */ = {isa = PBXFileReference; lastKnownFileType = wrapper.xcdatamodel; path = BeFit_DataModel.xcdatamodel; sourceTree = "<group>"; };
		FCBC23AB19EB96A600C480B6 /* BeFit_DataModel2.xcdatamodel */ = {isa = PBXFileReference; lastKnownFileType = wrapper.xcdatamodel; path = BeFit_DataModel2.xcdatamodel; sourceTree = "<group>"; };
		FCBC23AD19EB96A600C480B6 /* BeFit_iOS.xcdatamodel */ = {isa = PBXFileReference; lastKnownFileType = wrapper.xcdatamodel; path = BeFit_iOS.xcdatamodel; sourceTree = "<group>"; };
		FCBC23B819EB96D900C480B6 /* BFMasterTableViewController.h */ = {isa = PBXFileReference; fileEncoding = 4; lastKnownFileType = sourcecode.c.h; name = BFMasterTableViewController.h; path = ViewControllers/BFMasterTableViewController.h; sourceTree = "<group>"; };
		FCBC23B919EB96D900C480B6 /* BFMasterTableViewController.m */ = {isa = PBXFileReference; fileEncoding = 4; lastKnownFileType = sourcecode.c.objc; name = BFMasterTableViewController.m; path = ViewControllers/BFMasterTableViewController.m; sourceTree = "<group>"; };
		FCBC23BA19EB96D900C480B6 /* FirstViewController.h */ = {isa = PBXFileReference; fileEncoding = 4; lastKnownFileType = sourcecode.c.h; name = FirstViewController.h; path = ViewControllers/FirstViewController.h; sourceTree = "<group>"; };
		FCBC23BB19EB96D900C480B6 /* FirstViewController.m */ = {isa = PBXFileReference; fileEncoding = 4; lastKnownFileType = sourcecode.c.objc; name = FirstViewController.m; path = ViewControllers/FirstViewController.m; sourceTree = "<group>"; };
		FCBECD171E4AC60A0034FACF /* AveBorderedButton.h */ = {isa = PBXFileReference; fileEncoding = 4; lastKnownFileType = sourcecode.c.h; path = AveBorderedButton.h; sourceTree = "<group>"; };
		FCBECD181E4AC60A0034FACF /* AveBorderedButton.m */ = {isa = PBXFileReference; fileEncoding = 4; lastKnownFileType = sourcecode.c.objc; path = AveBorderedButton.m; sourceTree = "<group>"; };
		FCBECD191E4AC60A0034FACF /* AveBorderedView.h */ = {isa = PBXFileReference; fileEncoding = 4; lastKnownFileType = sourcecode.c.h; path = AveBorderedView.h; sourceTree = "<group>"; };
		FCBECD1A1E4AC60A0034FACF /* AveBorderedView.m */ = {isa = PBXFileReference; fileEncoding = 4; lastKnownFileType = sourcecode.c.objc; path = AveBorderedView.m; sourceTree = "<group>"; };
		FCBECD1C1E4AC60A0034FACF /* AvePurchaseActivityIndicatorView.h */ = {isa = PBXFileReference; fileEncoding = 4; lastKnownFileType = sourcecode.c.h; path = AvePurchaseActivityIndicatorView.h; sourceTree = "<group>"; };
		FCBECD1D1E4AC60A0034FACF /* AvePurchaseActivityIndicatorView.m */ = {isa = PBXFileReference; fileEncoding = 4; lastKnownFileType = sourcecode.c.objc; path = AvePurchaseActivityIndicatorView.m; sourceTree = "<group>"; };
		FCBECD1E1E4AC60A0034FACF /* AvePurchaseButton.h */ = {isa = PBXFileReference; fileEncoding = 4; lastKnownFileType = sourcecode.c.h; path = AvePurchaseButton.h; sourceTree = "<group>"; };
		FCBECD1F1E4AC60A0034FACF /* AvePurchaseButton.m */ = {isa = PBXFileReference; fileEncoding = 4; lastKnownFileType = sourcecode.c.objc; path = AvePurchaseButton.m; sourceTree = "<group>"; };
		FCC792421E45942F00D19056 /* PickerTableView.h */ = {isa = PBXFileReference; fileEncoding = 4; lastKnownFileType = sourcecode.c.h; path = PickerTableView.h; sourceTree = "<group>"; };
		FCC792431E45942F00D19056 /* PickerTableView.m */ = {isa = PBXFileReference; fileEncoding = 4; lastKnownFileType = sourcecode.c.objc; path = PickerTableView.m; sourceTree = "<group>"; };
		FCE5B9E21E7264D400324083 /* CBAutoScrollLabel.h */ = {isa = PBXFileReference; fileEncoding = 4; lastKnownFileType = sourcecode.c.h; path = CBAutoScrollLabel.h; sourceTree = "<group>"; };
		FCE5B9E31E7264D400324083 /* CBAutoScrollLabel.m */ = {isa = PBXFileReference; fileEncoding = 4; lastKnownFileType = sourcecode.c.objc; path = CBAutoScrollLabel.m; sourceTree = "<group>"; };
/* End PBXFileReference section */

/* Begin PBXFrameworksBuildPhase section */
		FC290AC419CF560E0044C06B /* Frameworks */ = {
			isa = PBXFrameworksBuildPhase;
			buildActionMask = 2147483647;
			files = (
				FC790D261E899DB600A57DA7 /* libstdc++.tbd in Frameworks */,
				FC790D241E899DA800A57DA7 /* libz.tbd in Frameworks */,
				FC790D221E899D8A00A57DA7 /* Pushwoosh.framework in Frameworks */,
				FC29F1731E71153400251B34 /* QuartzCore.framework in Frameworks */,
				FCA42E2E1E38F20400619AE6 /* WebKit.framework in Frameworks */,
				FC290B0219CF57B30044C06B /* CoreData.framework in Frameworks */,
				512609061E5D934E009BA829 /* StoreKit.framework in Frameworks */,
				FC290B0019CF57AC0044C06B /* Foundation.framework in Frameworks */,
				FC290AFE19CF57A60044C06B /* UIKit.framework in Frameworks */,
				906D18D57FE3B691EAA65E5D /* Pods_BeFitTracker.framework in Frameworks */,
			);
			runOnlyForDeploymentPostprocessing = 0;
		};
		FC290AE319CF560E0044C06B /* Frameworks */ = {
			isa = PBXFrameworksBuildPhase;
			buildActionMask = 2147483647;
			files = (
			);
			runOnlyForDeploymentPostprocessing = 0;
		};
/* End PBXFrameworksBuildPhase section */

/* Begin PBXGroup section */
		5107F8131E541D3E00E1EEBD /* Add Food */ = {
			isa = PBXGroup;
			children = (
				435A732F2361BF8F005B4BF4 /* AddFoodViewController.swift */,
			);
			name = "Add Food";
			sourceTree = "<group>";
		};
		5107F8371E543D3600E1EEBD /* BarCodeScanner */ = {
			isa = PBXGroup;
			children = (
				5107F8381E543D4600E1EEBD /* Barcode.h */,
				5107F8391E543D4600E1EEBD /* Barcode.m */,
			);
			name = BarCodeScanner;
			sourceTree = "<group>";
		};
		51E44C461E5C452A007E91C1 /* SimpleBarChart */ = {
			isa = PBXGroup;
			children = (
				51E44C471E5C452A007E91C1 /* SimpleBarChart.h */,
				51E44C481E5C452A007E91C1 /* SimpleBarChart.m */,
			);
			path = SimpleBarChart;
			sourceTree = "<group>";
		};
		8C1556D3F11BA15E5DFC6B0D /* Pods */ = {
			isa = PBXGroup;
			children = (
				5F90FCDC6999BB93B0C27536 /* Pods-BeFitTracker.debug.xcconfig */,
				C093CFF90A16C23A8ED3BFA6 /* Pods-BeFitTracker.release.xcconfig */,
			);
			path = Pods;
			sourceTree = "<group>";
		};
		FC290ABE19CF560E0044C06B = {
			isa = PBXGroup;
			children = (
				FC790D271E899EBA00A57DA7 /* BeFit Tracker.entitlements */,
				FC290AC919CF560E0044C06B /* BeFit iOS */,
				FC290AE919CF560E0044C06B /* BeFit iOSTests */,
				FC290AC819CF560E0044C06B /* Products */,
				FCA42DD11E38EDAD00619AE6 /* Frameworks */,
				8C1556D3F11BA15E5DFC6B0D /* Pods */,
			);
			sourceTree = "<group>";
		};
		FC290AC819CF560E0044C06B /* Products */ = {
			isa = PBXGroup;
			children = (
				FC290AC719CF560E0044C06B /* BeFitTracker.app */,
				FC290AE619CF560E0044C06B /* BeFit iOSTests.xctest */,
			);
			name = Products;
			sourceTree = "<group>";
		};
		FC290AC919CF560E0044C06B /* BeFit iOS */ = {
			isa = PBXGroup;
			children = (
				FCA42DD51E38F0BD00619AE6 /* Assets */,
				FCBC23A619EB962400C480B6 /* DataModel */,
				FCBC23A819EB966F00C480B6 /* ViewControllers */,
				FCBC23A719EB965E00C480B6 /* Resources */,
				FC290ACA19CF560E0044C06B /* Supporting Files */,
			);
			path = "BeFit iOS";
			sourceTree = "<group>";
		};
		FC290ACA19CF560E0044C06B /* Supporting Files */ = {
			isa = PBXGroup;
			children = (
				FCA42DD41E38F0BD00619AE6 /* CW */,
				FCBECD161E4AC60A0034FACF /* BorderedButton */,
				FCBECD1B1E4AC60A0034FACF /* PurchaseButton */,
				FC290B0119CF57B30044C06B /* CoreData.framework */,
				FC290AFF19CF57AC0044C06B /* Foundation.framework */,
				FC290AFD19CF57A60044C06B /* UIKit.framework */,
				FC290ACB19CF560E0044C06B /* Info.plist */,
				FC290ACC19CF560E0044C06B /* main.m */,
				439DE70F23603B4200CC8543 /* BeFit Tracker-Bridging-Header.h */,
			);
			name = "Supporting Files";
			sourceTree = "<group>";
		};
		FC290AE919CF560E0044C06B /* BeFit iOSTests */ = {
			isa = PBXGroup;
			children = (
				FC290AEC19CF560E0044C06B /* BeFit_iOSTests.m */,
				FC290AEA19CF560E0044C06B /* Supporting Files */,
			);
			path = "BeFit iOSTests";
			sourceTree = "<group>";
		};
		FC290AEA19CF560E0044C06B /* Supporting Files */ = {
			isa = PBXGroup;
			children = (
				FC290AEB19CF560E0044C06B /* Info.plist */,
			);
			name = "Supporting Files";
			sourceTree = "<group>";
		};
		FC29F1521E70F9CD00251B34 /* Store */ = {
			isa = PBXGroup;
			children = (
				511DB0E61E56E2FC0061F5CF /* StoreViewController.h */,
				511DB0E71E56E2FC0061F5CF /* StoreViewController.m */,
			);
			name = Store;
			sourceTree = "<group>";
		};
		FC29F1531E70F9E800251B34 /* Tracker */ = {
			isa = PBXGroup;
			children = (
				FC8F8C9B1FB8DB080015E5E8 /* TrackerINavigationBar.h */,
				FC8F8C9C1FB8DB080015E5E8 /* TrackerINavigationBar.m */,
				51E44C421E5C432E007E91C1 /* FoodTrackViewController.h */,
				51E44C431E5C432E007E91C1 /* FoodTrackViewController.m */,
			);
			name = Tracker;
			sourceTree = "<group>";
		};
		FC29F1621E70FA5900251B34 /* More */ = {
			isa = PBXGroup;
			children = (
				FC29F1541E70FA5300251B34 /* AppGalleryView.h */,
				FC29F1551E70FA5300251B34 /* AppGalleryView.m */,
				FC29F1561E70FA5300251B34 /* ARScrollViewEnhancer.h */,
				FC29F1571E70FA5300251B34 /* ARScrollViewEnhancer.m */,
				FC29F1581E70FA5300251B34 /* CustomCell.h */,
				FC29F1591E70FA5300251B34 /* CustomCell.m */,
				FC29F15A1E70FA5300251B34 /* CustomCell.xib */,
				FC29F15B1E70FA5300251B34 /* DetailView.h */,
				FC29F15C1E70FA5300251B34 /* DetailView.m */,
			);
			name = More;
			sourceTree = "<group>";
		};
		FC29F1791E7119BF00251B34 /* Progress */ = {
			isa = PBXGroup;
			children = (
				FC29F1741E7118F500251B34 /* ProgressHUD.bundle */,
				FC29F1751E7118F500251B34 /* ProgressHUD.h */,
				FC29F1761E7118F500251B34 /* ProgressHUD.m */,
			);
			name = Progress;
			sourceTree = "<group>";
		};
		FC3EFA8C1E71FE7A00D6F979 /* Scanner */ = {
			isa = PBXGroup;
			children = (
				5107F83B1E543D5E00E1EEBD /* ScannerViewController.h */,
				5107F83C1E543D5E00E1EEBD /* ScannerViewController.m */,
			);
			name = Scanner;
			sourceTree = "<group>";
		};
		FC760C2B1E4918A400336D75 /* Food Library */ = {
			isa = PBXGroup;
			children = (
				FC29F14F1E70BA4800251B34 /* UISnapNav.h */,
				FC29F1501E70BA4800251B34 /* UISnapNav.m */,
				FCA42DAE1E377CD400619AE6 /* CustomProgView.h */,
				FCA42DAF1E377CD400619AE6 /* CustomProgView.m */,
				FCBC23B819EB96D900C480B6 /* BFMasterTableViewController.h */,
				FCBC23B919EB96D900C480B6 /* BFMasterTableViewController.m */,
				FC9EA5411D98C8210013D96A /* DetailViewController.h */,
				FC9EA5421D98C8210013D96A /* DetailViewController.m */,
			);
			name = "Food Library";
			sourceTree = "<group>";
		};
		FC760C2C1E4918B200336D75 /* Food List */ = {
			isa = PBXGroup;
			children = (
				FC760C251E484B2800336D75 /* DeviceViewController.h */,
				FC760C261E484B2800336D75 /* DeviceViewController.m */,
				FC760C281E484B7A00336D75 /* DeviceDetailViewController.h */,
				FC760C291E484B7A00336D75 /* DeviceDetailViewController.m */,
				511DB0E91E57073A0061F5CF /* FoodObjectsViewController.h */,
				511DB0EA1E57073A0061F5CF /* FoodObjectsViewController.m */,
			);
			name = "Food List";
			sourceTree = "<group>";
		};
		FC760C2D1E4918BE00336D75 /* BMI Calculator */ = {
			isa = PBXGroup;
			children = (
				FC3FF5BF1E47C7120091FDD5 /* GoalTableView.h */,
				FC3FF5C01E47C7120091FDD5 /* GoalTableView.m */,
				FC3FF5BC1E47C2280091FDD5 /* LifestyleTableView.h */,
				FC3FF5BD1E47C2280091FDD5 /* LifestyleTableView.m */,
				FCC792421E45942F00D19056 /* PickerTableView.h */,
				FCC792431E45942F00D19056 /* PickerTableView.m */,
				FCBC23BA19EB96D900C480B6 /* FirstViewController.h */,
				FCBC23BB19EB96D900C480B6 /* FirstViewController.m */,
			);
			name = "BMI Calculator";
			sourceTree = "<group>";
		};
		FCA42DD11E38EDAD00619AE6 /* Frameworks */ = {
			isa = PBXGroup;
			children = (
				FC790D251E899DB600A57DA7 /* libstdc++.tbd */,
				FC790D231E899DA800A57DA7 /* libz.tbd */,
				FC790D211E899D8A00A57DA7 /* Pushwoosh.framework */,
				FC29F1721E71153400251B34 /* QuartzCore.framework */,
				512609051E5D934E009BA829 /* StoreKit.framework */,
				FCA42E2D1E38F20400619AE6 /* WebKit.framework */,
				FCA42DD21E38EDAE00619AE6 /* CoreGraphics.framework */,
				474E423491E3F9AF753F33FA /* Pods_BeFitTracker.framework */,
			);
			name = Frameworks;
			sourceTree = "<group>";
		};
		FCA42DD41E38F0BD00619AE6 /* CW */ = {
			isa = PBXGroup;
			children = (
				FCA42DDB1E38F0BD00619AE6 /* CW.h */,
				FCA42DDC1E38F0BD00619AE6 /* CWBarChart.h */,
				FCA42DDD1E38F0BD00619AE6 /* CWBarChart.m */,
				FCA42DDE1E38F0BD00619AE6 /* CWBarChartData.h */,
				FCA42DDF1E38F0BD00619AE6 /* CWBarChartData.m */,
				FCA42DE01E38F0BD00619AE6 /* CWBarChartOptions.h */,
				FCA42DE11E38F0BD00619AE6 /* CWBarChartOptions.m */,
				FCA42DE21E38F0BD00619AE6 /* CWBarDataSet.h */,
				FCA42DE31E38F0BD00619AE6 /* CWBarDataSet.m */,
				FCA42DE41E38F0BD00619AE6 /* CWBoolean.h */,
				FCA42DE51E38F0BD00619AE6 /* CWBoolean.m */,
				FCA42DE61E38F0BD00619AE6 /* CWChart.h */,
				FCA42DE71E38F0BD00619AE6 /* CWChart.m */,
				FCA42DE81E38F0BD00619AE6 /* CWColors.h */,
				FCA42DE91E38F0BD00619AE6 /* CWColors.m */,
				FCA42DEA1E38F0BD00619AE6 /* CWData.h */,
				FCA42DEB1E38F0BD00619AE6 /* CWData.m */,
				FCA42DEC1E38F0BD00619AE6 /* CWDataSet.h */,
				FCA42DED1E38F0BD00619AE6 /* CWDataSet.m */,
				FCA42DEE1E38F0BD00619AE6 /* CWDoughnutChart.h */,
				FCA42DEF1E38F0BD00619AE6 /* CWDoughnutChart.m */,
				FCA42DF01E38F0BD00619AE6 /* CWGlobalOptions.h */,
				FCA42DF11E38F0BD00619AE6 /* CWGlobalOptions.m */,
				FCA42DF21E38F0BD00619AE6 /* CWLabelledData.h */,
				FCA42DF31E38F0BD00619AE6 /* CWLabelledData.m */,
				FCA42DF41E38F0BD00619AE6 /* CWLineChart.h */,
				FCA42DF51E38F0BD00619AE6 /* CWLineChart.m */,
				FCA42DF61E38F0BD00619AE6 /* CWLineChartData.h */,
				FCA42DF71E38F0BD00619AE6 /* CWLineChartData.m */,
				FCA42DF81E38F0BD00619AE6 /* CWLineChartOptions.h */,
				FCA42DF91E38F0BD00619AE6 /* CWLineChartOptions.m */,
				FCA42DFA1E38F0BD00619AE6 /* CWObject.h */,
				FCA42DFB1E38F0BD00619AE6 /* CWObject.m */,
				FCA42DFC1E38F0BD00619AE6 /* CWPieChart.h */,
				FCA42DFD1E38F0BD00619AE6 /* CWPieChart.m */,
				FCA42DFE1E38F0BD00619AE6 /* CWPieChartOptions.h */,
				FCA42DFF1E38F0BD00619AE6 /* CWPieChartOptions.m */,
				FCA42E001E38F0BD00619AE6 /* CWPointDataSet.h */,
				FCA42E011E38F0BD00619AE6 /* CWPointDataSet.m */,
				FCA42E021E38F0BD00619AE6 /* CWPolarAreaChart.h */,
				FCA42E031E38F0BD00619AE6 /* CWPolarAreaChart.m */,
				FCA42E041E38F0BD00619AE6 /* CWPolarAreaChartOptions.h */,
				FCA42E051E38F0BD00619AE6 /* CWPolarAreaChartOptions.m */,
				FCA42E061E38F0BD00619AE6 /* CWRadarChart.h */,
				FCA42E071E38F0BD00619AE6 /* CWRadarChart.m */,
				FCA42E081E38F0BD00619AE6 /* CWRadarChartData.h */,
				FCA42E091E38F0BD00619AE6 /* CWRadarChartData.m */,
				FCA42E0A1E38F0BD00619AE6 /* CWRadarChartOptions.h */,
				FCA42E0B1E38F0BD00619AE6 /* CWRadarChartOptions.m */,
				FCA42E0C1E38F0BD00619AE6 /* CWSegmentData.h */,
				FCA42E0D1E38F0BD00619AE6 /* CWSegmentData.m */,
				FCA42E0E1E38F0BD00619AE6 /* CWTypes.h */,
			);
			path = CW;
			sourceTree = "<group>";
		};
		FCA42DD51E38F0BD00619AE6 /* Assets */ = {
			isa = PBXGroup;
			children = (
				FCA42DD61E38F0BD00619AE6 /* Chart.js */,
				FCA42DD71E38F0BD00619AE6 /* Chart.min.js */,
				FCA42DD81E38F0BD00619AE6 /* cw.html */,
				FCA42DD91E38F0BD00619AE6 /* cw.js */,
				FCA42DDA1E38F0BD00619AE6 /* datasets.js */,
			);
			name = Assets;
			path = CW/Assets;
			sourceTree = "<group>";
		};
		FCBC23A619EB962400C480B6 /* DataModel */ = {
			isa = PBXGroup;
			children = (
				439DE72323603C2200CC8543 /* Food+CoreDataClass.swift */,
				439DE71E23603C2200CC8543 /* Food+CoreDataProperties.swift */,
				439DE72123603C2200CC8543 /* FoodList+CoreDataClass.swift */,
				439DE72223603C2200CC8543 /* FoodList+CoreDataProperties.swift */,
				439DE71F23603C2200CC8543 /* UserFoodRecords+CoreDataClass.swift */,
				439DE72023603C2200CC8543 /* UserFoodRecords+CoreDataProperties.swift */,
				439DE72A23603D9B00CC8543 /* Food+UI.swift */,
				FC290ACE19CF560E0044C06B /* AppDelegate.h */,
				FC290ACF19CF560E0044C06B /* AppDelegate.m */,
				FCBC23A919EB96A600C480B6 /* BeFit_DataModel.xcdatamodeld */,
				FCBC23AC19EB96A600C480B6 /* BeFit_iOS.xcdatamodeld */,
				51FB9A211E63EB3900FF418D /* BeFit_iOS.sqlite */,
				51FB9A221E63EB3900FF418D /* BeFit_iOS.sqlite-shm */,
				51FB9A231E63EB3900FF418D /* BeFit_iOS.sqlite-wal */,
				510ECE761E6A83C40010DB8A /* ZFOODOBJECT.json */,
			);
			name = DataModel;
			sourceTree = "<group>";
		};
		FCBC23A719EB965E00C480B6 /* Resources */ = {
			isa = PBXGroup;
			children = (
				FCE5B9E51E7264D900324083 /* ScrollLabel */,
				FC29F1791E7119BF00251B34 /* Progress */,
				51E44C461E5C452A007E91C1 /* SimpleBarChart */,
				5107F8371E543D3600E1EEBD /* BarCodeScanner */,
				FC290ADA19CF560E0044C06B /* Main.storyboard */,
				FC8F8C991FB8D5940015E5E8 /* LaunchScreen.storyboard */,
				FC290ADD19CF560E0044C06B /* Images.xcassets */,
			);
			name = Resources;
			sourceTree = "<group>";
		};
		FCBC23A819EB966F00C480B6 /* ViewControllers */ = {
			isa = PBXGroup;
			children = (
				5107F8131E541D3E00E1EEBD /* Add Food */,
				FC3EFA8C1E71FE7A00D6F979 /* Scanner */,
				FC29F1621E70FA5900251B34 /* More */,
				FC29F1531E70F9E800251B34 /* Tracker */,
				FC29F1521E70F9CD00251B34 /* Store */,
				FC760C2D1E4918BE00336D75 /* BMI Calculator */,
				FC760C2B1E4918A400336D75 /* Food Library */,
				FC760C2C1E4918B200336D75 /* Food List */,
			);
			name = ViewControllers;
			sourceTree = "<group>";
		};
		FCBECD161E4AC60A0034FACF /* BorderedButton */ = {
			isa = PBXGroup;
			children = (
				FCBECD171E4AC60A0034FACF /* AveBorderedButton.h */,
				FCBECD181E4AC60A0034FACF /* AveBorderedButton.m */,
				FCBECD191E4AC60A0034FACF /* AveBorderedView.h */,
				FCBECD1A1E4AC60A0034FACF /* AveBorderedView.m */,
			);
			path = BorderedButton;
			sourceTree = "<group>";
		};
		FCBECD1B1E4AC60A0034FACF /* PurchaseButton */ = {
			isa = PBXGroup;
			children = (
				FCBECD1C1E4AC60A0034FACF /* AvePurchaseActivityIndicatorView.h */,
				FCBECD1D1E4AC60A0034FACF /* AvePurchaseActivityIndicatorView.m */,
				FCBECD1E1E4AC60A0034FACF /* AvePurchaseButton.h */,
				FCBECD1F1E4AC60A0034FACF /* AvePurchaseButton.m */,
			);
			path = PurchaseButton;
			sourceTree = "<group>";
		};
		FCE5B9E51E7264D900324083 /* ScrollLabel */ = {
			isa = PBXGroup;
			children = (
				FCE5B9E21E7264D400324083 /* CBAutoScrollLabel.h */,
				FCE5B9E31E7264D400324083 /* CBAutoScrollLabel.m */,
			);
			name = ScrollLabel;
			sourceTree = "<group>";
		};
/* End PBXGroup section */

/* Begin PBXNativeTarget section */
		FC290AC619CF560E0044C06B /* BeFitTracker */ = {
			isa = PBXNativeTarget;
			buildConfigurationList = FC290AF019CF560E0044C06B /* Build configuration list for PBXNativeTarget "BeFitTracker" */;
			buildPhases = (
				CAB56C1316011D500A9DB604 /* [CP] Check Pods Manifest.lock */,
				FC290AC319CF560E0044C06B /* Sources */,
				FC290AC419CF560E0044C06B /* Frameworks */,
				FC290AC519CF560E0044C06B /* Resources */,
				85923CB55897F53130D04F0A /* [CP] Embed Pods Frameworks */,
			);
			buildRules = (
			);
			dependencies = (
			);
			name = BeFitTracker;
			productName = "BeFit iOS";
			productReference = FC290AC719CF560E0044C06B /* BeFitTracker.app */;
			productType = "com.apple.product-type.application";
		};
		FC290AE519CF560E0044C06B /* BeFit iOSTests */ = {
			isa = PBXNativeTarget;
			buildConfigurationList = FC290AF319CF560E0044C06B /* Build configuration list for PBXNativeTarget "BeFit iOSTests" */;
			buildPhases = (
				FC290AE219CF560E0044C06B /* Sources */,
				FC290AE319CF560E0044C06B /* Frameworks */,
				FC290AE419CF560E0044C06B /* Resources */,
			);
			buildRules = (
			);
			dependencies = (
				FC290AE819CF560E0044C06B /* PBXTargetDependency */,
			);
			name = "BeFit iOSTests";
			productName = "BeFit iOSTests";
			productReference = FC290AE619CF560E0044C06B /* BeFit iOSTests.xctest */;
			productType = "com.apple.product-type.bundle.unit-test";
		};
/* End PBXNativeTarget section */

/* Begin PBXProject section */
		FC290ABF19CF560E0044C06B /* Project object */ = {
			isa = PBXProject;
			attributes = {
				LastUpgradeCheck = 0910;
				ORGANIZATIONNAME = "Jon Brown";
				TargetAttributes = {
					FC290AC619CF560E0044C06B = {
						CreatedOnToolsVersion = 6.0.1;
						DevelopmentTeam = 2D4Z7WQ7RS;
						LastSwiftMigration = 1110;
						ProvisioningStyle = Automatic;
						SystemCapabilities = {
							com.apple.BackgroundModes = {
								enabled = 1;
							};
							com.apple.InAppPurchase = {
								enabled = 1;
							};
							com.apple.Push = {
								enabled = 1;
							};
						};
					};
					FC290AE519CF560E0044C06B = {
						CreatedOnToolsVersion = 6.0.1;
						DevelopmentTeam = 2D4Z7WQ7RS;
						ProvisioningStyle = Manual;
						TestTargetID = FC290AC619CF560E0044C06B;
					};
				};
			};
			buildConfigurationList = FC290AC219CF560E0044C06B /* Build configuration list for PBXProject "BeFit iOS" */;
			compatibilityVersion = "Xcode 3.2";
			developmentRegion = English;
			hasScannedForEncodings = 0;
			knownRegions = (
				English,
				en,
				Base,
			);
			mainGroup = FC290ABE19CF560E0044C06B;
			productRefGroup = FC290AC819CF560E0044C06B /* Products */;
			projectDirPath = "";
			projectRoot = "";
			targets = (
				FC290AC619CF560E0044C06B /* BeFitTracker */,
				FC290AE519CF560E0044C06B /* BeFit iOSTests */,
			);
		};
/* End PBXProject section */

/* Begin PBXResourcesBuildPhase section */
		FC290AC519CF560E0044C06B /* Resources */ = {
			isa = PBXResourcesBuildPhase;
			buildActionMask = 2147483647;
			files = (
				FC29F1601E70FA5300251B34 /* CustomCell.xib in Resources */,
				FCA42E111E38F0BD00619AE6 /* cw.html in Resources */,
				FC290ADC19CF560E0044C06B /* Main.storyboard in Resources */,
				51FB9A251E63EB3900FF418D /* BeFit_iOS.sqlite-shm in Resources */,
				FCA42E121E38F0BD00619AE6 /* cw.js in Resources */,
				51FB9A261E63EB3900FF418D /* BeFit_iOS.sqlite-wal in Resources */,
				FC29F1771E7118F500251B34 /* ProgressHUD.bundle in Resources */,
				FC8F8C9A1FB8D5940015E5E8 /* LaunchScreen.storyboard in Resources */,
				510ECE771E6A83C40010DB8A /* ZFOODOBJECT.json in Resources */,
				FCA42E131E38F0BD00619AE6 /* datasets.js in Resources */,
				FCA42E0F1E38F0BD00619AE6 /* Chart.js in Resources */,
				FC290ADE19CF560E0044C06B /* Images.xcassets in Resources */,
				FCA42E101E38F0BD00619AE6 /* Chart.min.js in Resources */,
				51FB9A241E63EB3900FF418D /* BeFit_iOS.sqlite in Resources */,
			);
			runOnlyForDeploymentPostprocessing = 0;
		};
		FC290AE419CF560E0044C06B /* Resources */ = {
			isa = PBXResourcesBuildPhase;
			buildActionMask = 2147483647;
			files = (
			);
			runOnlyForDeploymentPostprocessing = 0;
		};
/* End PBXResourcesBuildPhase section */

/* Begin PBXShellScriptBuildPhase section */
		85923CB55897F53130D04F0A /* [CP] Embed Pods Frameworks */ = {
			isa = PBXShellScriptBuildPhase;
			buildActionMask = 2147483647;
			files = (
			);
			inputPaths = (
				"${PODS_ROOT}/Target Support Files/Pods-BeFitTracker/Pods-BeFitTracker-frameworks.sh",
				"${BUILT_PRODUCTS_DIR}/IQKeyboardManager/IQKeyboardManager.framework",
			);
			name = "[CP] Embed Pods Frameworks";
			outputPaths = (
				"${TARGET_BUILD_DIR}/${FRAMEWORKS_FOLDER_PATH}/IQKeyboardManager.framework",
			);
			runOnlyForDeploymentPostprocessing = 0;
			shellPath = /bin/sh;
			shellScript = "\"${PODS_ROOT}/Target Support Files/Pods-BeFitTracker/Pods-BeFitTracker-frameworks.sh\"\n";
			showEnvVarsInLog = 0;
		};
		CAB56C1316011D500A9DB604 /* [CP] Check Pods Manifest.lock */ = {
			isa = PBXShellScriptBuildPhase;
			buildActionMask = 2147483647;
			files = (
			);
			inputFileListPaths = (
			);
			inputPaths = (
				"${PODS_PODFILE_DIR_PATH}/Podfile.lock",
				"${PODS_ROOT}/Manifest.lock",
			);
			name = "[CP] Check Pods Manifest.lock";
			outputFileListPaths = (
			);
			outputPaths = (
				"$(DERIVED_FILE_DIR)/Pods-BeFitTracker-checkManifestLockResult.txt",
			);
			runOnlyForDeploymentPostprocessing = 0;
			shellPath = /bin/sh;
			shellScript = "diff \"${PODS_PODFILE_DIR_PATH}/Podfile.lock\" \"${PODS_ROOT}/Manifest.lock\" > /dev/null\nif [ $? != 0 ] ; then\n    # print error to STDERR\n    echo \"error: The sandbox is not in sync with the Podfile.lock. Run 'pod install' or update your CocoaPods installation.\" >&2\n    exit 1\nfi\n# This output is used by Xcode 'outputs' to avoid re-running this script phase.\necho \"SUCCESS\" > \"${SCRIPT_OUTPUT_FILE_0}\"\n";
			showEnvVarsInLog = 0;
		};
/* End PBXShellScriptBuildPhase section */

/* Begin PBXSourcesBuildPhase section */
		FC290AC319CF560E0044C06B /* Sources */ = {
			isa = PBXSourcesBuildPhase;
			buildActionMask = 2147483647;
			files = (
				FCA42E181E38F0BD00619AE6 /* CWBoolean.m in Sources */,
				439DE72823603C2200CC8543 /* FoodList+CoreDataProperties.swift in Sources */,
				439DE72623603C2200CC8543 /* UserFoodRecords+CoreDataProperties.swift in Sources */,
				511DB0EB1E57073A0061F5CF /* FoodObjectsViewController.m in Sources */,
				FCA42E271E38F0BD00619AE6 /* CWPolarAreaChart.m in Sources */,
				FCA42E281E38F0BD00619AE6 /* CWPolarAreaChartOptions.m in Sources */,
				FCA42E231E38F0BD00619AE6 /* CWObject.m in Sources */,
				FCA42E261E38F0BD00619AE6 /* CWPointDataSet.m in Sources */,
				FCA42E171E38F0BD00619AE6 /* CWBarDataSet.m in Sources */,
				FCA42DB01E377CD400619AE6 /* CustomProgView.m in Sources */,
				FCA42E191E38F0BD00619AE6 /* CWChart.m in Sources */,
				FC29F15D1E70FA5300251B34 /* AppGalleryView.m in Sources */,
				FCA42E151E38F0BD00619AE6 /* CWBarChartData.m in Sources */,
				FCA42E2B1E38F0BD00619AE6 /* CWRadarChartOptions.m in Sources */,
				FCBC23BF19EB96D900C480B6 /* FirstViewController.m in Sources */,
				FCBECD231E4AC60A0034FACF /* AvePurchaseButton.m in Sources */,
				439DE72523603C2200CC8543 /* UserFoodRecords+CoreDataClass.swift in Sources */,
				FCBECD211E4AC60A0034FACF /* AveBorderedView.m in Sources */,
				FCA42E221E38F0BD00619AE6 /* CWLineChartOptions.m in Sources */,
				439DE72923603C2200CC8543 /* Food+CoreDataClass.swift in Sources */,
				511DB0E81E56E2FC0061F5CF /* StoreViewController.m in Sources */,
				FCBECD201E4AC60A0034FACF /* AveBorderedButton.m in Sources */,
				439DE72423603C2200CC8543 /* Food+CoreDataProperties.swift in Sources */,
				FCA42E1A1E38F0BD00619AE6 /* CWColors.m in Sources */,
				FC3FF5C11E47C7120091FDD5 /* GoalTableView.m in Sources */,
				FCE5B9E41E7264D400324083 /* CBAutoScrollLabel.m in Sources */,
				FCA42E2A1E38F0BD00619AE6 /* CWRadarChartData.m in Sources */,
				51E44C491E5C452A007E91C1 /* SimpleBarChart.m in Sources */,
				FCA42E1B1E38F0BD00619AE6 /* CWData.m in Sources */,
				435A73302361BF8F005B4BF4 /* AddFoodViewController.swift in Sources */,
				439DE72723603C2200CC8543 /* FoodList+CoreDataClass.swift in Sources */,
				FC3FF5BE1E47C2280091FDD5 /* LifestyleTableView.m in Sources */,
				FCA42E251E38F0BD00619AE6 /* CWPieChartOptions.m in Sources */,
				FC290AD019CF560E0044C06B /* AppDelegate.m in Sources */,
				FCA42E211E38F0BD00619AE6 /* CWLineChartData.m in Sources */,
				FC29F1611E70FA5300251B34 /* DetailView.m in Sources */,
				FCA42E291E38F0BD00619AE6 /* CWRadarChart.m in Sources */,
				FCBC23B419EB96A600C480B6 /* BeFit_iOS.xcdatamodeld in Sources */,
				FC760C271E484B2800336D75 /* DeviceViewController.m in Sources */,
				FCC792441E45942F00D19056 /* PickerTableView.m in Sources */,
				FC29F15F1E70FA5300251B34 /* CustomCell.m in Sources */,
				FCA42E201E38F0BD00619AE6 /* CWLineChart.m in Sources */,
				FC29F15E1E70FA5300251B34 /* ARScrollViewEnhancer.m in Sources */,
				FC8F8C9D1FB8DB080015E5E8 /* TrackerINavigationBar.m in Sources */,
				FCBECD221E4AC60A0034FACF /* AvePurchaseActivityIndicatorView.m in Sources */,
				5107F83D1E543D5E00E1EEBD /* ScannerViewController.m in Sources */,
				FC9EA5431D98C8210013D96A /* DetailViewController.m in Sources */,
				51E44C441E5C432E007E91C1 /* FoodTrackViewController.m in Sources */,
				FCA42E241E38F0BD00619AE6 /* CWPieChart.m in Sources */,
				FC290ACD19CF560E0044C06B /* main.m in Sources */,
				FC29F1781E7118F500251B34 /* ProgressHUD.m in Sources */,
				FCA42E1C1E38F0BD00619AE6 /* CWDataSet.m in Sources */,
				5107F83A1E543D4600E1EEBD /* Barcode.m in Sources */,
				FCA42E161E38F0BD00619AE6 /* CWBarChartOptions.m in Sources */,
				FCA42E141E38F0BD00619AE6 /* CWBarChart.m in Sources */,
				439DE72B23603D9B00CC8543 /* Food+UI.swift in Sources */,
				FCA42E1E1E38F0BD00619AE6 /* CWGlobalOptions.m in Sources */,
				FCBC23BE19EB96D900C480B6 /* BFMasterTableViewController.m in Sources */,
				FC760C2A1E484B7A00336D75 /* DeviceDetailViewController.m in Sources */,
				FCA42E1F1E38F0BD00619AE6 /* CWLabelledData.m in Sources */,
				FC29F1511E70BA4800251B34 /* UISnapNav.m in Sources */,
				FCA42E2C1E38F0BD00619AE6 /* CWSegmentData.m in Sources */,
				FCBC23B319EB96A600C480B6 /* BeFit_DataModel.xcdatamodeld in Sources */,
				FCA42E1D1E38F0BD00619AE6 /* CWDoughnutChart.m in Sources */,
			);
			runOnlyForDeploymentPostprocessing = 0;
		};
		FC290AE219CF560E0044C06B /* Sources */ = {
			isa = PBXSourcesBuildPhase;
			buildActionMask = 2147483647;
			files = (
			);
			runOnlyForDeploymentPostprocessing = 0;
		};
/* End PBXSourcesBuildPhase section */

/* Begin PBXTargetDependency section */
		FC290AE819CF560E0044C06B /* PBXTargetDependency */ = {
			isa = PBXTargetDependency;
			target = FC290AC619CF560E0044C06B /* BeFitTracker */;
			targetProxy = FC290AE719CF560E0044C06B /* PBXContainerItemProxy */;
		};
/* End PBXTargetDependency section */

/* Begin PBXVariantGroup section */
		FC290ADA19CF560E0044C06B /* Main.storyboard */ = {
			isa = PBXVariantGroup;
			children = (
				FC290ADB19CF560E0044C06B /* Base */,
			);
			name = Main.storyboard;
			sourceTree = "<group>";
		};
/* End PBXVariantGroup section */

/* Begin XCBuildConfiguration section */
		FC290AEE19CF560E0044C06B /* Debug */ = {
			isa = XCBuildConfiguration;
			buildSettings = {
				ALWAYS_SEARCH_USER_PATHS = NO;
				CLANG_CXX_LANGUAGE_STANDARD = "gnu++0x";
				CLANG_CXX_LIBRARY = "libc++";
				CLANG_ENABLE_MODULES = YES;
				CLANG_ENABLE_OBJC_ARC = YES;
				CLANG_WARN_BLOCK_CAPTURE_AUTORELEASING = YES;
				CLANG_WARN_BOOL_CONVERSION = YES;
				CLANG_WARN_COMMA = YES;
				CLANG_WARN_CONSTANT_CONVERSION = YES;
				CLANG_WARN_DIRECT_OBJC_ISA_USAGE = YES_ERROR;
				CLANG_WARN_EMPTY_BODY = YES;
				CLANG_WARN_ENUM_CONVERSION = YES;
				CLANG_WARN_INFINITE_RECURSION = YES;
				CLANG_WARN_INT_CONVERSION = YES;
				CLANG_WARN_NON_LITERAL_NULL_CONVERSION = YES;
				CLANG_WARN_OBJC_LITERAL_CONVERSION = YES;
				CLANG_WARN_OBJC_ROOT_CLASS = YES_ERROR;
				CLANG_WARN_RANGE_LOOP_ANALYSIS = YES;
				CLANG_WARN_STRICT_PROTOTYPES = YES;
				CLANG_WARN_SUSPICIOUS_MOVE = YES;
				CLANG_WARN_UNREACHABLE_CODE = YES;
				CLANG_WARN__DUPLICATE_METHOD_MATCH = YES;
				CODE_SIGN_IDENTITY = "iPhone Developer: Jonathan Brown (E9WTB27D9J)";
				"CODE_SIGN_IDENTITY[sdk=iphoneos*]" = "iPhone Developer: Jonathan Brown (E9WTB27D9J)";
				COPY_PHASE_STRIP = NO;
				DEVELOPMENT_TEAM = 2D4Z7WQ7RS;
				ENABLE_STRICT_OBJC_MSGSEND = YES;
				ENABLE_TESTABILITY = YES;
				GCC_C_LANGUAGE_STANDARD = gnu99;
				GCC_DYNAMIC_NO_PIC = NO;
				GCC_NO_COMMON_BLOCKS = YES;
				GCC_OPTIMIZATION_LEVEL = 0;
				GCC_PREPROCESSOR_DEFINITIONS = (
					"DEBUG=1",
					"$(inherited)",
				);
				GCC_SYMBOLS_PRIVATE_EXTERN = NO;
				GCC_WARN_64_TO_32_BIT_CONVERSION = YES;
				GCC_WARN_ABOUT_RETURN_TYPE = YES_ERROR;
				GCC_WARN_UNDECLARED_SELECTOR = YES;
				GCC_WARN_UNINITIALIZED_AUTOS = YES_AGGRESSIVE;
				GCC_WARN_UNUSED_FUNCTION = YES;
				GCC_WARN_UNUSED_VARIABLE = YES;
				IPHONEOS_DEPLOYMENT_TARGET = 11.1;
				MTL_ENABLE_DEBUG_INFO = YES;
				ONLY_ACTIVE_ARCH = YES;
				PROVISIONING_PROFILE = "9c0c2981-ffb3-432a-9ce1-8f4e6b02f8d6";
				SDKROOT = iphoneos;
			};
			name = Debug;
		};
		FC290AEF19CF560E0044C06B /* Release */ = {
			isa = XCBuildConfiguration;
			buildSettings = {
				ALWAYS_SEARCH_USER_PATHS = NO;
				CLANG_CXX_LANGUAGE_STANDARD = "gnu++0x";
				CLANG_CXX_LIBRARY = "libc++";
				CLANG_ENABLE_MODULES = YES;
				CLANG_ENABLE_OBJC_ARC = YES;
				CLANG_WARN_BLOCK_CAPTURE_AUTORELEASING = YES;
				CLANG_WARN_BOOL_CONVERSION = YES;
				CLANG_WARN_COMMA = YES;
				CLANG_WARN_CONSTANT_CONVERSION = YES;
				CLANG_WARN_DIRECT_OBJC_ISA_USAGE = YES_ERROR;
				CLANG_WARN_EMPTY_BODY = YES;
				CLANG_WARN_ENUM_CONVERSION = YES;
				CLANG_WARN_INFINITE_RECURSION = YES;
				CLANG_WARN_INT_CONVERSION = YES;
				CLANG_WARN_NON_LITERAL_NULL_CONVERSION = YES;
				CLANG_WARN_OBJC_LITERAL_CONVERSION = YES;
				CLANG_WARN_OBJC_ROOT_CLASS = YES_ERROR;
				CLANG_WARN_RANGE_LOOP_ANALYSIS = YES;
				CLANG_WARN_STRICT_PROTOTYPES = YES;
				CLANG_WARN_SUSPICIOUS_MOVE = YES;
				CLANG_WARN_UNREACHABLE_CODE = YES;
				CLANG_WARN__DUPLICATE_METHOD_MATCH = YES;
				CODE_SIGN_IDENTITY = "iPhone Developer: Jonathan Brown (E9WTB27D9J)";
				"CODE_SIGN_IDENTITY[sdk=iphoneos*]" = "iPhone Developer: Jonathan Brown (E9WTB27D9J)";
				COPY_PHASE_STRIP = YES;
				DEVELOPMENT_TEAM = 2D4Z7WQ7RS;
				ENABLE_NS_ASSERTIONS = NO;
				ENABLE_STRICT_OBJC_MSGSEND = YES;
				GCC_C_LANGUAGE_STANDARD = gnu99;
				GCC_NO_COMMON_BLOCKS = YES;
				GCC_WARN_64_TO_32_BIT_CONVERSION = YES;
				GCC_WARN_ABOUT_RETURN_TYPE = YES_ERROR;
				GCC_WARN_UNDECLARED_SELECTOR = YES;
				GCC_WARN_UNINITIALIZED_AUTOS = YES_AGGRESSIVE;
				GCC_WARN_UNUSED_FUNCTION = YES;
				GCC_WARN_UNUSED_VARIABLE = YES;
				IPHONEOS_DEPLOYMENT_TARGET = 11.1;
				MTL_ENABLE_DEBUG_INFO = NO;
				ONLY_ACTIVE_ARCH = YES;
				PROVISIONING_PROFILE = "9c0c2981-ffb3-432a-9ce1-8f4e6b02f8d6";
				SDKROOT = iphoneos;
				VALIDATE_PRODUCT = YES;
			};
			name = Release;
		};
		FC290AF119CF560E0044C06B /* Debug */ = {
			isa = XCBuildConfiguration;
			baseConfigurationReference = 5F90FCDC6999BB93B0C27536 /* Pods-BeFitTracker.debug.xcconfig */;
			buildSettings = {
				ASSETCATALOG_COMPILER_APPICON_NAME = AppIcon;
				CLANG_ENABLE_MODULES = YES;
				CODE_SIGN_ENTITLEMENTS = "BeFit Tracker.entitlements";
				CODE_SIGN_IDENTITY = "iPhone Developer: Jonathan Brown (E9WTB27D9J)";
				"CODE_SIGN_IDENTITY[sdk=iphoneos*]" = "iPhone Developer";
				DEVELOPMENT_TEAM = 2D4Z7WQ7RS;
				FRAMEWORK_SEARCH_PATHS = (
					"$(inherited)",
					"$(PROJECT_DIR)",
				);
				IBC_WARNINGS = NO;
				IBSC_WARNINGS = NO;
				INFOPLIST_FILE = "BeFit iOS/Info.plist";
				IPHONEOS_DEPLOYMENT_TARGET = 12.0;
				LD_RUNPATH_SEARCH_PATHS = "$(inherited) @executable_path/Frameworks";
				PRODUCT_BUNDLE_IDENTIFIER = "com.jonbrown.org.BeFit-iOS";
				PRODUCT_NAME = "$(TARGET_NAME)";
				PROVISIONING_PROFILE = "";
				PROVISIONING_PROFILE_SPECIFIER = "";
				SWIFT_OBJC_BRIDGING_HEADER = "BeFit iOS/BeFit Tracker-Bridging-Header.h";
				SWIFT_OPTIMIZATION_LEVEL = "-Onone";
				SWIFT_VERSION = 5.0;
			};
			name = Debug;
		};
		FC290AF219CF560E0044C06B /* Release */ = {
			isa = XCBuildConfiguration;
			baseConfigurationReference = C093CFF90A16C23A8ED3BFA6 /* Pods-BeFitTracker.release.xcconfig */;
			buildSettings = {
				ASSETCATALOG_COMPILER_APPICON_NAME = AppIcon;
				CLANG_ENABLE_MODULES = YES;
				CODE_SIGN_ENTITLEMENTS = "BeFit Tracker.entitlements";
				CODE_SIGN_IDENTITY = "iPhone Developer: Jonathan Brown (E9WTB27D9J)";
				"CODE_SIGN_IDENTITY[sdk=iphoneos*]" = "iPhone Developer";
				DEVELOPMENT_TEAM = 2D4Z7WQ7RS;
				FRAMEWORK_SEARCH_PATHS = (
					"$(inherited)",
					"$(PROJECT_DIR)",
				);
				IBC_WARNINGS = NO;
				IBSC_WARNINGS = NO;
				INFOPLIST_FILE = "BeFit iOS/Info.plist";
				IPHONEOS_DEPLOYMENT_TARGET = 12.0;
				LD_RUNPATH_SEARCH_PATHS = "$(inherited) @executable_path/Frameworks";
				PRODUCT_BUNDLE_IDENTIFIER = "com.jonbrown.org.BeFit-iOS";
				PRODUCT_NAME = "$(TARGET_NAME)";
				PROVISIONING_PROFILE = "";
				PROVISIONING_PROFILE_SPECIFIER = "";
				SWIFT_OBJC_BRIDGING_HEADER = "BeFit iOS/BeFit Tracker-Bridging-Header.h";
				SWIFT_VERSION = 5.0;
			};
			name = Release;
		};
		FC290AF419CF560E0044C06B /* Debug */ = {
			isa = XCBuildConfiguration;
			buildSettings = {
				ALWAYS_EMBED_SWIFT_STANDARD_LIBRARIES = YES;
				BUNDLE_LOADER = "$(TEST_HOST)";
				CODE_SIGN_IDENTITY = "iPhone Developer";
				"CODE_SIGN_IDENTITY[sdk=iphoneos*]" = "iPhone Developer";
				DEVELOPMENT_TEAM = 2D4Z7WQ7RS;
				FRAMEWORK_SEARCH_PATHS = "";
				GCC_PREPROCESSOR_DEFINITIONS = (
					"DEBUG=1",
					"$(inherited)",
				);
				INFOPLIST_FILE = "BeFit iOSTests/Info.plist";
				LD_RUNPATH_SEARCH_PATHS = "$(inherited) @executable_path/Frameworks @loader_path/Frameworks";
				PRODUCT_BUNDLE_IDENTIFIER = "com.jonbrown.org.$(PRODUCT_NAME:rfc1034identifier)";
				PRODUCT_NAME = "$(TARGET_NAME)";
				PROVISIONING_PROFILE = "";
				PROVISIONING_PROFILE_SPECIFIER = "";
				TEST_HOST = "$(BUILT_PRODUCTS_DIR)/BeFit Tracker.app/BeFit Tracker";
			};
			name = Debug;
		};
		FC290AF519CF560E0044C06B /* Release */ = {
			isa = XCBuildConfiguration;
			buildSettings = {
				ALWAYS_EMBED_SWIFT_STANDARD_LIBRARIES = YES;
				BUNDLE_LOADER = "$(TEST_HOST)";
				CODE_SIGN_IDENTITY = "iPhone Developer";
				"CODE_SIGN_IDENTITY[sdk=iphoneos*]" = "iPhone Developer";
				DEVELOPMENT_TEAM = 2D4Z7WQ7RS;
				FRAMEWORK_SEARCH_PATHS = "";
				INFOPLIST_FILE = "BeFit iOSTests/Info.plist";
				LD_RUNPATH_SEARCH_PATHS = "$(inherited) @executable_path/Frameworks @loader_path/Frameworks";
				PRODUCT_BUNDLE_IDENTIFIER = "com.jonbrown.org.$(PRODUCT_NAME:rfc1034identifier)";
				PRODUCT_NAME = "$(TARGET_NAME)";
				PROVISIONING_PROFILE = "";
				PROVISIONING_PROFILE_SPECIFIER = "";
				TEST_HOST = "$(BUILT_PRODUCTS_DIR)/BeFit Tracker.app/BeFit Tracker";
			};
			name = Release;
		};
/* End XCBuildConfiguration section */

/* Begin XCConfigurationList section */
		FC290AC219CF560E0044C06B /* Build configuration list for PBXProject "BeFit iOS" */ = {
			isa = XCConfigurationList;
			buildConfigurations = (
				FC290AEE19CF560E0044C06B /* Debug */,
				FC290AEF19CF560E0044C06B /* Release */,
			);
			defaultConfigurationIsVisible = 0;
			defaultConfigurationName = Release;
		};
		FC290AF019CF560E0044C06B /* Build configuration list for PBXNativeTarget "BeFitTracker" */ = {
			isa = XCConfigurationList;
			buildConfigurations = (
				FC290AF119CF560E0044C06B /* Debug */,
				FC290AF219CF560E0044C06B /* Release */,
			);
			defaultConfigurationIsVisible = 0;
			defaultConfigurationName = Release;
		};
		FC290AF319CF560E0044C06B /* Build configuration list for PBXNativeTarget "BeFit iOSTests" */ = {
			isa = XCConfigurationList;
			buildConfigurations = (
				FC290AF419CF560E0044C06B /* Debug */,
				FC290AF519CF560E0044C06B /* Release */,
			);
			defaultConfigurationIsVisible = 0;
			defaultConfigurationName = Release;
		};
/* End XCConfigurationList section */

/* Begin XCVersionGroup section */
		FCBC23A919EB96A600C480B6 /* BeFit_DataModel.xcdatamodeld */ = {
			isa = XCVersionGroup;
			children = (
				FCBC23AA19EB96A600C480B6 /* BeFit_DataModel.xcdatamodel */,
				FCBC23AB19EB96A600C480B6 /* BeFit_DataModel2.xcdatamodel */,
			);
			currentVersion = FCBC23AB19EB96A600C480B6 /* BeFit_DataModel2.xcdatamodel */;
			name = BeFit_DataModel.xcdatamodeld;
			path = DataModel/BeFit_DataModel.xcdatamodeld;
			sourceTree = "<group>";
			versionGroupType = wrapper.xcdatamodel;
		};
		FCBC23AC19EB96A600C480B6 /* BeFit_iOS.xcdatamodeld */ = {
			isa = XCVersionGroup;
			children = (
				FCBC23AD19EB96A600C480B6 /* BeFit_iOS.xcdatamodel */,
			);
			currentVersion = FCBC23AD19EB96A600C480B6 /* BeFit_iOS.xcdatamodel */;
			name = BeFit_iOS.xcdatamodeld;
			path = DataModel/BeFit_iOS.xcdatamodeld;
			sourceTree = "<group>";
			versionGroupType = wrapper.xcdatamodel;
		};
/* End XCVersionGroup section */
	};
	rootObject = FC290ABF19CF560E0044C06B /* Project object */;
}
