// !$*UTF8*$!
{
	archiveVersion = 1;
	classes = {
	};
	objectVersion = 46;
	objects = {

/* Begin PBXBuildFile section */
		FC290ACD19CF560E0044C06B /* main.m in Sources */ = {isa = PBXBuildFile; fileRef = FC290ACC19CF560E0044C06B /* main.m */; };
		FC290AD019CF560E0044C06B /* AppDelegate.m in Sources */ = {isa = PBXBuildFile; fileRef = FC290ACF19CF560E0044C06B /* AppDelegate.m */; };
		FC290ADE19CF560E0044C06B /* Images.xcassets in Resources */ = {isa = PBXBuildFile; fileRef = FC290ADD19CF560E0044C06B /* Images.xcassets */; };
		FC290AFE19CF57A60044C06B /* UIKit.framework in Frameworks */ = {isa = PBXBuildFile; fileRef = FC290AFD19CF57A60044C06B /* UIKit.framework */; };
		FC290B0019CF57AC0044C06B /* Foundation.framework in Frameworks */ = {isa = PBXBuildFile; fileRef = FC290AFF19CF57AC0044C06B /* Foundation.framework */; };
		FC290B0219CF57B30044C06B /* CoreData.framework in Frameworks */ = {isa = PBXBuildFile; fileRef = FC290B0119CF57B30044C06B /* CoreData.framework */; };
		FC3FF5BE1E47C2280091FDD5 /* LifestyleTableView.m in Sources */ = {isa = PBXBuildFile; fileRef = FC3FF5BD1E47C2280091FDD5 /* LifestyleTableView.m */; };
		FC3FF5C11E47C7120091FDD5 /* GoalTableView.m in Sources */ = {isa = PBXBuildFile; fileRef = FC3FF5C01E47C7120091FDD5 /* GoalTableView.m */; };
		FC5FAA5F1E52AD8700A55309 /* Main.storyboard in Resources */ = {isa = PBXBuildFile; fileRef = FC5FAA5D1E52AD8700A55309 /* Main.storyboard */; };
		FC760C271E484B2800336D75 /* DeviceViewController.m in Sources */ = {isa = PBXBuildFile; fileRef = FC760C261E484B2800336D75 /* DeviceViewController.m */; };
		FC760C2A1E484B7A00336D75 /* DeviceDetailViewController.m in Sources */ = {isa = PBXBuildFile; fileRef = FC760C291E484B7A00336D75 /* DeviceDetailViewController.m */; };
		FC77B21C1E501E90009DED53 /* FoodChoiceViewController.m in Sources */ = {isa = PBXBuildFile; fileRef = FC77B21B1E501E90009DED53 /* FoodChoiceViewController.m */; };
		FC77B21F1E501F7A009DED53 /* AVFoundation.framework in Frameworks */ = {isa = PBXBuildFile; fileRef = FC77B21E1E501F7A009DED53 /* AVFoundation.framework */; };
		FC77B2211E501F87009DED53 /* QuartzCore.framework in Frameworks */ = {isa = PBXBuildFile; fileRef = FC77B2201E501F87009DED53 /* QuartzCore.framework */; };
		FC77B2241E501FA2009DED53 /* igViewController.m in Sources */ = {isa = PBXBuildFile; fileRef = FC77B2231E501FA2009DED53 /* igViewController.m */; };
		FC77B2271E50E345009DED53 /* AddFoodViewController.m in Sources */ = {isa = PBXBuildFile; fileRef = FC77B2261E50E345009DED53 /* AddFoodViewController.m */; };
		FC9EA5431D98C8210013D96A /* DetailViewController.m in Sources */ = {isa = PBXBuildFile; fileRef = FC9EA5421D98C8210013D96A /* DetailViewController.m */; };
		FCA42DB01E377CD400619AE6 /* CustomProgView.m in Sources */ = {isa = PBXBuildFile; fileRef = FCA42DAF1E377CD400619AE6 /* CustomProgView.m */; };
		FCA42E0F1E38F0BD00619AE6 /* Chart.js in Resources */ = {isa = PBXBuildFile; fileRef = FCA42DD61E38F0BD00619AE6 /* Chart.js */; };
		FCA42E101E38F0BD00619AE6 /* Chart.min.js in Resources */ = {isa = PBXBuildFile; fileRef = FCA42DD71E38F0BD00619AE6 /* Chart.min.js */; };
		FCA42E111E38F0BD00619AE6 /* cw.html in Resources */ = {isa = PBXBuildFile; fileRef = FCA42DD81E38F0BD00619AE6 /* cw.html */; };
		FCA42E121E38F0BD00619AE6 /* cw.js in Resources */ = {isa = PBXBuildFile; fileRef = FCA42DD91E38F0BD00619AE6 /* cw.js */; };
		FCA42E131E38F0BD00619AE6 /* datasets.js in Resources */ = {isa = PBXBuildFile; fileRef = FCA42DDA1E38F0BD00619AE6 /* datasets.js */; };
		FCA42E141E38F0BD00619AE6 /* CWBarChart.m in Sources */ = {isa = PBXBuildFile; fileRef = FCA42DDD1E38F0BD00619AE6 /* CWBarChart.m */; };
		FCA42E151E38F0BD00619AE6 /* CWBarChartData.m in Sources */ = {isa = PBXBuildFile; fileRef = FCA42DDF1E38F0BD00619AE6 /* CWBarChartData.m */; };
		FCA42E161E38F0BD00619AE6 /* CWBarChartOptions.m in Sources */ = {isa = PBXBuildFile; fileRef = FCA42DE11E38F0BD00619AE6 /* CWBarChartOptions.m */; };
		FCA42E171E38F0BD00619AE6 /* CWBarDataSet.m in Sources */ = {isa = PBXBuildFile; fileRef = FCA42DE31E38F0BD00619AE6 /* CWBarDataSet.m */; };
		FCA42E181E38F0BD00619AE6 /* CWBoolean.m in Sources */ = {isa = PBXBuildFile; fileRef = FCA42DE51E38F0BD00619AE6 /* CWBoolean.m */; };
		FCA42E191E38F0BD00619AE6 /* CWChart.m in Sources */ = {isa = PBXBuildFile; fileRef = FCA42DE71E38F0BD00619AE6 /* CWChart.m */; };
		FCA42E1A1E38F0BD00619AE6 /* CWColors.m in Sources */ = {isa = PBXBuildFile; fileRef = FCA42DE91E38F0BD00619AE6 /* CWColors.m */; };
		FCA42E1B1E38F0BD00619AE6 /* CWData.m in Sources */ = {isa = PBXBuildFile; fileRef = FCA42DEB1E38F0BD00619AE6 /* CWData.m */; };
		FCA42E1C1E38F0BD00619AE6 /* CWDataSet.m in Sources */ = {isa = PBXBuildFile; fileRef = FCA42DED1E38F0BD00619AE6 /* CWDataSet.m */; };
		FCA42E1D1E38F0BD00619AE6 /* CWDoughnutChart.m in Sources */ = {isa = PBXBuildFile; fileRef = FCA42DEF1E38F0BD00619AE6 /* CWDoughnutChart.m */; };
		FCA42E1E1E38F0BD00619AE6 /* CWGlobalOptions.m in Sources */ = {isa = PBXBuildFile; fileRef = FCA42DF11E38F0BD00619AE6 /* CWGlobalOptions.m */; };
		FCA42E1F1E38F0BD00619AE6 /* CWLabelledData.m in Sources */ = {isa = PBXBuildFile; fileRef = FCA42DF31E38F0BD00619AE6 /* CWLabelledData.m */; };
		FCA42E201E38F0BD00619AE6 /* CWLineChart.m in Sources */ = {isa = PBXBuildFile; fileRef = FCA42DF51E38F0BD00619AE6 /* CWLineChart.m */; };
		FCA42E211E38F0BD00619AE6 /* CWLineChartData.m in Sources */ = {isa = PBXBuildFile; fileRef = FCA42DF71E38F0BD00619AE6 /* CWLineChartData.m */; };
		FCA42E221E38F0BD00619AE6 /* CWLineChartOptions.m in Sources */ = {isa = PBXBuildFile; fileRef = FCA42DF91E38F0BD00619AE6 /* CWLineChartOptions.m */; };
		FCA42E231E38F0BD00619AE6 /* CWObject.m in Sources */ = {isa = PBXBuildFile; fileRef = FCA42DFB1E38F0BD00619AE6 /* CWObject.m */; };
		FCA42E241E38F0BD00619AE6 /* CWPieChart.m in Sources */ = {isa = PBXBuildFile; fileRef = FCA42DFD1E38F0BD00619AE6 /* CWPieChart.m */; };
		FCA42E251E38F0BD00619AE6 /* CWPieChartOptions.m in Sources */ = {isa = PBXBuildFile; fileRef = FCA42DFF1E38F0BD00619AE6 /* CWPieChartOptions.m */; };
		FCA42E261E38F0BD00619AE6 /* CWPointDataSet.m in Sources */ = {isa = PBXBuildFile; fileRef = FCA42E011E38F0BD00619AE6 /* CWPointDataSet.m */; };
		FCA42E271E38F0BD00619AE6 /* CWPolarAreaChart.m in Sources */ = {isa = PBXBuildFile; fileRef = FCA42E031E38F0BD00619AE6 /* CWPolarAreaChart.m */; };
		FCA42E281E38F0BD00619AE6 /* CWPolarAreaChartOptions.m in Sources */ = {isa = PBXBuildFile; fileRef = FCA42E051E38F0BD00619AE6 /* CWPolarAreaChartOptions.m */; };
		FCA42E291E38F0BD00619AE6 /* CWRadarChart.m in Sources */ = {isa = PBXBuildFile; fileRef = FCA42E071E38F0BD00619AE6 /* CWRadarChart.m */; };
		FCA42E2A1E38F0BD00619AE6 /* CWRadarChartData.m in Sources */ = {isa = PBXBuildFile; fileRef = FCA42E091E38F0BD00619AE6 /* CWRadarChartData.m */; };
		FCA42E2B1E38F0BD00619AE6 /* CWRadarChartOptions.m in Sources */ = {isa = PBXBuildFile; fileRef = FCA42E0B1E38F0BD00619AE6 /* CWRadarChartOptions.m */; };
		FCA42E2C1E38F0BD00619AE6 /* CWSegmentData.m in Sources */ = {isa = PBXBuildFile; fileRef = FCA42E0D1E38F0BD00619AE6 /* CWSegmentData.m */; };
		FCA42E2E1E38F20400619AE6 /* WebKit.framework in Frameworks */ = {isa = PBXBuildFile; fileRef = FCA42E2D1E38F20400619AE6 /* WebKit.framework */; };
		FCBC23B319EB96A600C480B6 /* BeFit_DataModel.xcdatamodeld in Sources */ = {isa = PBXBuildFile; fileRef = FCBC23A919EB96A600C480B6 /* BeFit_DataModel.xcdatamodeld */; };
		FCBC23B419EB96A600C480B6 /* BeFit_iOS.xcdatamodeld in Sources */ = {isa = PBXBuildFile; fileRef = FCBC23AC19EB96A600C480B6 /* BeFit_iOS.xcdatamodeld */; };
		FCBC23B519EB96A600C480B6 /* BeFit2D.sqlite in Resources */ = {isa = PBXBuildFile; fileRef = FCBC23AE19EB96A600C480B6 /* BeFit2D.sqlite */; };
		FCBC23B619EB96A600C480B6 /* Food.m in Sources */ = {isa = PBXBuildFile; fileRef = FCBC23B019EB96A600C480B6 /* Food.m */; };
		FCBC23B719EB96A600C480B6 /* FoodList.m in Sources */ = {isa = PBXBuildFile; fileRef = FCBC23B219EB96A600C480B6 /* FoodList.m */; };
		FCBC23BE19EB96D900C480B6 /* BFMasterTableViewController.m in Sources */ = {isa = PBXBuildFile; fileRef = FCBC23B919EB96D900C480B6 /* BFMasterTableViewController.m */; };
		FCBC23BF19EB96D900C480B6 /* FirstViewController.m in Sources */ = {isa = PBXBuildFile; fileRef = FCBC23BB19EB96D900C480B6 /* FirstViewController.m */; };
		FCBC23C019EB96D900C480B6 /* SecondViewController.m in Sources */ = {isa = PBXBuildFile; fileRef = FCBC23BD19EB96D900C480B6 /* SecondViewController.m */; };
		FCBE070D1E4E2E97007519FC /* BeFit2.sqlite in Resources */ = {isa = PBXBuildFile; fileRef = FCBE070C1E4E2E97007519FC /* BeFit2.sqlite */; };
		FCBECD201E4AC60A0034FACF /* AveBorderedButton.m in Sources */ = {isa = PBXBuildFile; fileRef = FCBECD181E4AC60A0034FACF /* AveBorderedButton.m */; };
		FCBECD211E4AC60A0034FACF /* AveBorderedView.m in Sources */ = {isa = PBXBuildFile; fileRef = FCBECD1A1E4AC60A0034FACF /* AveBorderedView.m */; };
		FCBECD221E4AC60A0034FACF /* AvePurchaseActivityIndicatorView.m in Sources */ = {isa = PBXBuildFile; fileRef = FCBECD1D1E4AC60A0034FACF /* AvePurchaseActivityIndicatorView.m */; };
		FCBECD231E4AC60A0034FACF /* AvePurchaseButton.m in Sources */ = {isa = PBXBuildFile; fileRef = FCBECD1F1E4AC60A0034FACF /* AvePurchaseButton.m */; };
		FCC792441E45942F00D19056 /* PickerTableView.m in Sources */ = {isa = PBXBuildFile; fileRef = FCC792431E45942F00D19056 /* PickerTableView.m */; };
/* End PBXBuildFile section */

/* Begin PBXContainerItemProxy section */
		FC290AE719CF560E0044C06B /* PBXContainerItemProxy */ = {
			isa = PBXContainerItemProxy;
			containerPortal = FC290ABF19CF560E0044C06B /* Project object */;
			proxyType = 1;
			remoteGlobalIDString = FC290AC619CF560E0044C06B;
			remoteInfo = "BeFit iOS";
		};
/* End PBXContainerItemProxy section */

/* Begin PBXFileReference section */
		FC290AC719CF560E0044C06B /* BeFit iOS.app */ = {isa = PBXFileReference; explicitFileType = wrapper.application; includeInIndex = 0; path = "BeFit iOS.app"; sourceTree = BUILT_PRODUCTS_DIR; };
		FC290ACB19CF560E0044C06B /* Info.plist */ = {isa = PBXFileReference; lastKnownFileType = text.plist.xml; path = Info.plist; sourceTree = "<group>"; };
		FC290ACC19CF560E0044C06B /* main.m */ = {isa = PBXFileReference; lastKnownFileType = sourcecode.c.objc; path = main.m; sourceTree = "<group>"; };
		FC290ACE19CF560E0044C06B /* AppDelegate.h */ = {isa = PBXFileReference; lastKnownFileType = sourcecode.c.h; path = AppDelegate.h; sourceTree = "<group>"; };
		FC290ACF19CF560E0044C06B /* AppDelegate.m */ = {isa = PBXFileReference; lastKnownFileType = sourcecode.c.objc; path = AppDelegate.m; sourceTree = "<group>"; };
		FC290ADD19CF560E0044C06B /* Images.xcassets */ = {isa = PBXFileReference; lastKnownFileType = folder.assetcatalog; path = Images.xcassets; sourceTree = "<group>"; };
		FC290AE619CF560E0044C06B /* BeFit iOSTests.xctest */ = {isa = PBXFileReference; explicitFileType = wrapper.cfbundle; includeInIndex = 0; path = "BeFit iOSTests.xctest"; sourceTree = BUILT_PRODUCTS_DIR; };
		FC290AEB19CF560E0044C06B /* Info.plist */ = {isa = PBXFileReference; lastKnownFileType = text.plist.xml; path = Info.plist; sourceTree = "<group>"; };
		FC290AEC19CF560E0044C06B /* BeFit_iOSTests.m */ = {isa = PBXFileReference; lastKnownFileType = sourcecode.c.objc; path = BeFit_iOSTests.m; sourceTree = "<group>"; };
		FC290AFD19CF57A60044C06B /* UIKit.framework */ = {isa = PBXFileReference; lastKnownFileType = wrapper.framework; name = UIKit.framework; path = System/Library/Frameworks/UIKit.framework; sourceTree = SDKROOT; };
		FC290AFF19CF57AC0044C06B /* Foundation.framework */ = {isa = PBXFileReference; lastKnownFileType = wrapper.framework; name = Foundation.framework; path = System/Library/Frameworks/Foundation.framework; sourceTree = SDKROOT; };
		FC290B0119CF57B30044C06B /* CoreData.framework */ = {isa = PBXFileReference; lastKnownFileType = wrapper.framework; name = CoreData.framework; path = System/Library/Frameworks/CoreData.framework; sourceTree = SDKROOT; };
		FC3FF5BC1E47C2280091FDD5 /* LifestyleTableView.h */ = {isa = PBXFileReference; fileEncoding = 4; lastKnownFileType = sourcecode.c.h; path = LifestyleTableView.h; sourceTree = "<group>"; };
		FC3FF5BD1E47C2280091FDD5 /* LifestyleTableView.m */ = {isa = PBXFileReference; fileEncoding = 4; lastKnownFileType = sourcecode.c.objc; path = LifestyleTableView.m; sourceTree = "<group>"; };
		FC3FF5BF1E47C7120091FDD5 /* GoalTableView.h */ = {isa = PBXFileReference; fileEncoding = 4; lastKnownFileType = sourcecode.c.h; path = GoalTableView.h; sourceTree = "<group>"; };
		FC3FF5C01E47C7120091FDD5 /* GoalTableView.m */ = {isa = PBXFileReference; fileEncoding = 4; lastKnownFileType = sourcecode.c.objc; path = GoalTableView.m; sourceTree = "<group>"; };
		FC5FAA5E1E52AD8700A55309 /* Base */ = {isa = PBXFileReference; lastKnownFileType = file.storyboard; name = Base; path = Base.lproj/Main.storyboard; sourceTree = "<group>"; };
		FC760C251E484B2800336D75 /* DeviceViewController.h */ = {isa = PBXFileReference; fileEncoding = 4; lastKnownFileType = sourcecode.c.h; name = DeviceViewController.h; path = ViewControllers/DeviceViewController.h; sourceTree = "<group>"; };
		FC760C261E484B2800336D75 /* DeviceViewController.m */ = {isa = PBXFileReference; fileEncoding = 4; lastKnownFileType = sourcecode.c.objc; name = DeviceViewController.m; path = ViewControllers/DeviceViewController.m; sourceTree = "<group>"; };
		FC760C281E484B7A00336D75 /* DeviceDetailViewController.h */ = {isa = PBXFileReference; fileEncoding = 4; lastKnownFileType = sourcecode.c.h; name = DeviceDetailViewController.h; path = ViewControllers/DeviceDetailViewController.h; sourceTree = "<group>"; };
		FC760C291E484B7A00336D75 /* DeviceDetailViewController.m */ = {isa = PBXFileReference; fileEncoding = 4; lastKnownFileType = sourcecode.c.objc; name = DeviceDetailViewController.m; path = ViewControllers/DeviceDetailViewController.m; sourceTree = "<group>"; };
		FC77B21A1E501E90009DED53 /* FoodChoiceViewController.h */ = {isa = PBXFileReference; fileEncoding = 4; lastKnownFileType = sourcecode.c.h; name = FoodChoiceViewController.h; path = ViewControllers/FoodChoiceViewController.h; sourceTree = "<group>"; };
		FC77B21B1E501E90009DED53 /* FoodChoiceViewController.m */ = {isa = PBXFileReference; fileEncoding = 4; lastKnownFileType = sourcecode.c.objc; name = FoodChoiceViewController.m; path = ViewControllers/FoodChoiceViewController.m; sourceTree = "<group>"; };
		FC77B21E1E501F7A009DED53 /* AVFoundation.framework */ = {isa = PBXFileReference; lastKnownFileType = wrapper.framework; name = AVFoundation.framework; path = System/Library/Frameworks/AVFoundation.framework; sourceTree = SDKROOT; };
		FC77B2201E501F87009DED53 /* QuartzCore.framework */ = {isa = PBXFileReference; lastKnownFileType = wrapper.framework; name = QuartzCore.framework; path = System/Library/Frameworks/QuartzCore.framework; sourceTree = SDKROOT; };
		FC77B2221E501FA2009DED53 /* igViewController.h */ = {isa = PBXFileReference; fileEncoding = 4; lastKnownFileType = sourcecode.c.h; path = igViewController.h; sourceTree = "<group>"; };
		FC77B2231E501FA2009DED53 /* igViewController.m */ = {isa = PBXFileReference; fileEncoding = 4; lastKnownFileType = sourcecode.c.objc; path = igViewController.m; sourceTree = "<group>"; };
		FC77B2251E50E345009DED53 /* AddFoodViewController.h */ = {isa = PBXFileReference; fileEncoding = 4; lastKnownFileType = sourcecode.c.h; name = AddFoodViewController.h; path = ViewControllers/AddFoodViewController.h; sourceTree = "<group>"; };
		FC77B2261E50E345009DED53 /* AddFoodViewController.m */ = {isa = PBXFileReference; fileEncoding = 4; lastKnownFileType = sourcecode.c.objc; name = AddFoodViewController.m; path = ViewControllers/AddFoodViewController.m; sourceTree = "<group>"; };
		FC9EA5411D98C8210013D96A /* DetailViewController.h */ = {isa = PBXFileReference; fileEncoding = 4; lastKnownFileType = sourcecode.c.h; path = DetailViewController.h; sourceTree = "<group>"; };
		FC9EA5421D98C8210013D96A /* DetailViewController.m */ = {isa = PBXFileReference; fileEncoding = 4; lastKnownFileType = sourcecode.c.objc; path = DetailViewController.m; sourceTree = "<group>"; };
		FCA42DAE1E377CD400619AE6 /* CustomProgView.h */ = {isa = PBXFileReference; fileEncoding = 4; lastKnownFileType = sourcecode.c.h; path = CustomProgView.h; sourceTree = "<group>"; };
		FCA42DAF1E377CD400619AE6 /* CustomProgView.m */ = {isa = PBXFileReference; fileEncoding = 4; lastKnownFileType = sourcecode.c.objc; path = CustomProgView.m; sourceTree = "<group>"; };
		FCA42DD21E38EDAE00619AE6 /* CoreGraphics.framework */ = {isa = PBXFileReference; lastKnownFileType = wrapper.framework; name = CoreGraphics.framework; path = System/Library/Frameworks/CoreGraphics.framework; sourceTree = SDKROOT; };
		FCA42DD61E38F0BD00619AE6 /* Chart.js */ = {isa = PBXFileReference; fileEncoding = 4; lastKnownFileType = sourcecode.javascript; path = Chart.js; sourceTree = "<group>"; };
		FCA42DD71E38F0BD00619AE6 /* Chart.min.js */ = {isa = PBXFileReference; fileEncoding = 4; lastKnownFileType = sourcecode.javascript; path = Chart.min.js; sourceTree = "<group>"; };
		FCA42DD81E38F0BD00619AE6 /* cw.html */ = {isa = PBXFileReference; fileEncoding = 4; lastKnownFileType = text.html; path = cw.html; sourceTree = "<group>"; };
		FCA42DD91E38F0BD00619AE6 /* cw.js */ = {isa = PBXFileReference; fileEncoding = 4; lastKnownFileType = sourcecode.javascript; path = cw.js; sourceTree = "<group>"; };
		FCA42DDA1E38F0BD00619AE6 /* datasets.js */ = {isa = PBXFileReference; fileEncoding = 4; lastKnownFileType = sourcecode.javascript; path = datasets.js; sourceTree = "<group>"; };
		FCA42DDB1E38F0BD00619AE6 /* CW.h */ = {isa = PBXFileReference; fileEncoding = 4; lastKnownFileType = sourcecode.c.h; path = CW.h; sourceTree = "<group>"; };
		FCA42DDC1E38F0BD00619AE6 /* CWBarChart.h */ = {isa = PBXFileReference; fileEncoding = 4; lastKnownFileType = sourcecode.c.h; path = CWBarChart.h; sourceTree = "<group>"; };
		FCA42DDD1E38F0BD00619AE6 /* CWBarChart.m */ = {isa = PBXFileReference; fileEncoding = 4; lastKnownFileType = sourcecode.c.objc; path = CWBarChart.m; sourceTree = "<group>"; };
		FCA42DDE1E38F0BD00619AE6 /* CWBarChartData.h */ = {isa = PBXFileReference; fileEncoding = 4; lastKnownFileType = sourcecode.c.h; path = CWBarChartData.h; sourceTree = "<group>"; };
		FCA42DDF1E38F0BD00619AE6 /* CWBarChartData.m */ = {isa = PBXFileReference; fileEncoding = 4; lastKnownFileType = sourcecode.c.objc; path = CWBarChartData.m; sourceTree = "<group>"; };
		FCA42DE01E38F0BD00619AE6 /* CWBarChartOptions.h */ = {isa = PBXFileReference; fileEncoding = 4; lastKnownFileType = sourcecode.c.h; path = CWBarChartOptions.h; sourceTree = "<group>"; };
		FCA42DE11E38F0BD00619AE6 /* CWBarChartOptions.m */ = {isa = PBXFileReference; fileEncoding = 4; lastKnownFileType = sourcecode.c.objc; path = CWBarChartOptions.m; sourceTree = "<group>"; };
		FCA42DE21E38F0BD00619AE6 /* CWBarDataSet.h */ = {isa = PBXFileReference; fileEncoding = 4; lastKnownFileType = sourcecode.c.h; path = CWBarDataSet.h; sourceTree = "<group>"; };
		FCA42DE31E38F0BD00619AE6 /* CWBarDataSet.m */ = {isa = PBXFileReference; fileEncoding = 4; lastKnownFileType = sourcecode.c.objc; path = CWBarDataSet.m; sourceTree = "<group>"; };
		FCA42DE41E38F0BD00619AE6 /* CWBoolean.h */ = {isa = PBXFileReference; fileEncoding = 4; lastKnownFileType = sourcecode.c.h; path = CWBoolean.h; sourceTree = "<group>"; };
		FCA42DE51E38F0BD00619AE6 /* CWBoolean.m */ = {isa = PBXFileReference; fileEncoding = 4; lastKnownFileType = sourcecode.c.objc; path = CWBoolean.m; sourceTree = "<group>"; };
		FCA42DE61E38F0BD00619AE6 /* CWChart.h */ = {isa = PBXFileReference; fileEncoding = 4; lastKnownFileType = sourcecode.c.h; path = CWChart.h; sourceTree = "<group>"; };
		FCA42DE71E38F0BD00619AE6 /* CWChart.m */ = {isa = PBXFileReference; fileEncoding = 4; lastKnownFileType = sourcecode.c.objc; path = CWChart.m; sourceTree = "<group>"; };
		FCA42DE81E38F0BD00619AE6 /* CWColors.h */ = {isa = PBXFileReference; fileEncoding = 4; lastKnownFileType = sourcecode.c.h; path = CWColors.h; sourceTree = "<group>"; };
		FCA42DE91E38F0BD00619AE6 /* CWColors.m */ = {isa = PBXFileReference; fileEncoding = 4; lastKnownFileType = sourcecode.c.objc; path = CWColors.m; sourceTree = "<group>"; };
		FCA42DEA1E38F0BD00619AE6 /* CWData.h */ = {isa = PBXFileReference; fileEncoding = 4; lastKnownFileType = sourcecode.c.h; path = CWData.h; sourceTree = "<group>"; };
		FCA42DEB1E38F0BD00619AE6 /* CWData.m */ = {isa = PBXFileReference; fileEncoding = 4; lastKnownFileType = sourcecode.c.objc; path = CWData.m; sourceTree = "<group>"; };
		FCA42DEC1E38F0BD00619AE6 /* CWDataSet.h */ = {isa = PBXFileReference; fileEncoding = 4; lastKnownFileType = sourcecode.c.h; path = CWDataSet.h; sourceTree = "<group>"; };
		FCA42DED1E38F0BD00619AE6 /* CWDataSet.m */ = {isa = PBXFileReference; fileEncoding = 4; lastKnownFileType = sourcecode.c.objc; path = CWDataSet.m; sourceTree = "<group>"; };
		FCA42DEE1E38F0BD00619AE6 /* CWDoughnutChart.h */ = {isa = PBXFileReference; fileEncoding = 4; lastKnownFileType = sourcecode.c.h; path = CWDoughnutChart.h; sourceTree = "<group>"; };
		FCA42DEF1E38F0BD00619AE6 /* CWDoughnutChart.m */ = {isa = PBXFileReference; fileEncoding = 4; lastKnownFileType = sourcecode.c.objc; path = CWDoughnutChart.m; sourceTree = "<group>"; };
		FCA42DF01E38F0BD00619AE6 /* CWGlobalOptions.h */ = {isa = PBXFileReference; fileEncoding = 4; lastKnownFileType = sourcecode.c.h; path = CWGlobalOptions.h; sourceTree = "<group>"; };
		FCA42DF11E38F0BD00619AE6 /* CWGlobalOptions.m */ = {isa = PBXFileReference; fileEncoding = 4; lastKnownFileType = sourcecode.c.objc; path = CWGlobalOptions.m; sourceTree = "<group>"; };
		FCA42DF21E38F0BD00619AE6 /* CWLabelledData.h */ = {isa = PBXFileReference; fileEncoding = 4; lastKnownFileType = sourcecode.c.h; path = CWLabelledData.h; sourceTree = "<group>"; };
		FCA42DF31E38F0BD00619AE6 /* CWLabelledData.m */ = {isa = PBXFileReference; fileEncoding = 4; lastKnownFileType = sourcecode.c.objc; path = CWLabelledData.m; sourceTree = "<group>"; };
		FCA42DF41E38F0BD00619AE6 /* CWLineChart.h */ = {isa = PBXFileReference; fileEncoding = 4; lastKnownFileType = sourcecode.c.h; path = CWLineChart.h; sourceTree = "<group>"; };
		FCA42DF51E38F0BD00619AE6 /* CWLineChart.m */ = {isa = PBXFileReference; fileEncoding = 4; lastKnownFileType = sourcecode.c.objc; path = CWLineChart.m; sourceTree = "<group>"; };
		FCA42DF61E38F0BD00619AE6 /* CWLineChartData.h */ = {isa = PBXFileReference; fileEncoding = 4; lastKnownFileType = sourcecode.c.h; path = CWLineChartData.h; sourceTree = "<group>"; };
		FCA42DF71E38F0BD00619AE6 /* CWLineChartData.m */ = {isa = PBXFileReference; fileEncoding = 4; lastKnownFileType = sourcecode.c.objc; path = CWLineChartData.m; sourceTree = "<group>"; };
		FCA42DF81E38F0BD00619AE6 /* CWLineChartOptions.h */ = {isa = PBXFileReference; fileEncoding = 4; lastKnownFileType = sourcecode.c.h; path = CWLineChartOptions.h; sourceTree = "<group>"; };
		FCA42DF91E38F0BD00619AE6 /* CWLineChartOptions.m */ = {isa = PBXFileReference; fileEncoding = 4; lastKnownFileType = sourcecode.c.objc; path = CWLineChartOptions.m; sourceTree = "<group>"; };
		FCA42DFA1E38F0BD00619AE6 /* CWObject.h */ = {isa = PBXFileReference; fileEncoding = 4; lastKnownFileType = sourcecode.c.h; path = CWObject.h; sourceTree = "<group>"; };
		FCA42DFB1E38F0BD00619AE6 /* CWObject.m */ = {isa = PBXFileReference; fileEncoding = 4; lastKnownFileType = sourcecode.c.objc; path = CWObject.m; sourceTree = "<group>"; };
		FCA42DFC1E38F0BD00619AE6 /* CWPieChart.h */ = {isa = PBXFileReference; fileEncoding = 4; lastKnownFileType = sourcecode.c.h; path = CWPieChart.h; sourceTree = "<group>"; };
		FCA42DFD1E38F0BD00619AE6 /* CWPieChart.m */ = {isa = PBXFileReference; fileEncoding = 4; lastKnownFileType = sourcecode.c.objc; path = CWPieChart.m; sourceTree = "<group>"; };
		FCA42DFE1E38F0BD00619AE6 /* CWPieChartOptions.h */ = {isa = PBXFileReference; fileEncoding = 4; lastKnownFileType = sourcecode.c.h; path = CWPieChartOptions.h; sourceTree = "<group>"; };
		FCA42DFF1E38F0BD00619AE6 /* CWPieChartOptions.m */ = {isa = PBXFileReference; fileEncoding = 4; lastKnownFileType = sourcecode.c.objc; path = CWPieChartOptions.m; sourceTree = "<group>"; };
		FCA42E001E38F0BD00619AE6 /* CWPointDataSet.h */ = {isa = PBXFileReference; fileEncoding = 4; lastKnownFileType = sourcecode.c.h; path = CWPointDataSet.h; sourceTree = "<group>"; };
		FCA42E011E38F0BD00619AE6 /* CWPointDataSet.m */ = {isa = PBXFileReference; fileEncoding = 4; lastKnownFileType = sourcecode.c.objc; path = CWPointDataSet.m; sourceTree = "<group>"; };
		FCA42E021E38F0BD00619AE6 /* CWPolarAreaChart.h */ = {isa = PBXFileReference; fileEncoding = 4; lastKnownFileType = sourcecode.c.h; path = CWPolarAreaChart.h; sourceTree = "<group>"; };
		FCA42E031E38F0BD00619AE6 /* CWPolarAreaChart.m */ = {isa = PBXFileReference; fileEncoding = 4; lastKnownFileType = sourcecode.c.objc; path = CWPolarAreaChart.m; sourceTree = "<group>"; };
		FCA42E041E38F0BD00619AE6 /* CWPolarAreaChartOptions.h */ = {isa = PBXFileReference; fileEncoding = 4; lastKnownFileType = sourcecode.c.h; path = CWPolarAreaChartOptions.h; sourceTree = "<group>"; };
		FCA42E051E38F0BD00619AE6 /* CWPolarAreaChartOptions.m */ = {isa = PBXFileReference; fileEncoding = 4; lastKnownFileType = sourcecode.c.objc; path = CWPolarAreaChartOptions.m; sourceTree = "<group>"; };
		FCA42E061E38F0BD00619AE6 /* CWRadarChart.h */ = {isa = PBXFileReference; fileEncoding = 4; lastKnownFileType = sourcecode.c.h; path = CWRadarChart.h; sourceTree = "<group>"; };
		FCA42E071E38F0BD00619AE6 /* CWRadarChart.m */ = {isa = PBXFileReference; fileEncoding = 4; lastKnownFileType = sourcecode.c.objc; path = CWRadarChart.m; sourceTree = "<group>"; };
		FCA42E081E38F0BD00619AE6 /* CWRadarChartData.h */ = {isa = PBXFileReference; fileEncoding = 4; lastKnownFileType = sourcecode.c.h; path = CWRadarChartData.h; sourceTree = "<group>"; };
		FCA42E091E38F0BD00619AE6 /* CWRadarChartData.m */ = {isa = PBXFileReference; fileEncoding = 4; lastKnownFileType = sourcecode.c.objc; path = CWRadarChartData.m; sourceTree = "<group>"; };
		FCA42E0A1E38F0BD00619AE6 /* CWRadarChartOptions.h */ = {isa = PBXFileReference; fileEncoding = 4; lastKnownFileType = sourcecode.c.h; path = CWRadarChartOptions.h; sourceTree = "<group>"; };
		FCA42E0B1E38F0BD00619AE6 /* CWRadarChartOptions.m */ = {isa = PBXFileReference; fileEncoding = 4; lastKnownFileType = sourcecode.c.objc; path = CWRadarChartOptions.m; sourceTree = "<group>"; };
		FCA42E0C1E38F0BD00619AE6 /* CWSegmentData.h */ = {isa = PBXFileReference; fileEncoding = 4; lastKnownFileType = sourcecode.c.h; path = CWSegmentData.h; sourceTree = "<group>"; };
		FCA42E0D1E38F0BD00619AE6 /* CWSegmentData.m */ = {isa = PBXFileReference; fileEncoding = 4; lastKnownFileType = sourcecode.c.objc; path = CWSegmentData.m; sourceTree = "<group>"; };
		FCA42E0E1E38F0BD00619AE6 /* CWTypes.h */ = {isa = PBXFileReference; fileEncoding = 4; lastKnownFileType = sourcecode.c.h; path = CWTypes.h; sourceTree = "<group>"; };
		FCA42E2D1E38F20400619AE6 /* WebKit.framework */ = {isa = PBXFileReference; lastKnownFileType = wrapper.framework; name = WebKit.framework; path = System/Library/Frameworks/WebKit.framework; sourceTree = SDKROOT; };
		FCBC23AA19EB96A600C480B6 /* BeFit_DataModel.xcdatamodel */ = {isa = PBXFileReference; lastKnownFileType = wrapper.xcdatamodel; path = BeFit_DataModel.xcdatamodel; sourceTree = "<group>"; };
		FCBC23AB19EB96A600C480B6 /* BeFit_DataModel2.xcdatamodel */ = {isa = PBXFileReference; lastKnownFileType = wrapper.xcdatamodel; path = BeFit_DataModel2.xcdatamodel; sourceTree = "<group>"; };
		FCBC23AD19EB96A600C480B6 /* BeFit_iOS.xcdatamodel */ = {isa = PBXFileReference; lastKnownFileType = wrapper.xcdatamodel; path = BeFit_iOS.xcdatamodel; sourceTree = "<group>"; };
		FCBC23AE19EB96A600C480B6 /* BeFit2D.sqlite */ = {isa = PBXFileReference; lastKnownFileType = file; name = BeFit2D.sqlite; path = DataModel/BeFit2D.sqlite; sourceTree = "<group>"; };
		FCBC23AF19EB96A600C480B6 /* Food.h */ = {isa = PBXFileReference; fileEncoding = 4; lastKnownFileType = sourcecode.c.h; name = Food.h; path = DataModel/Food.h; sourceTree = "<group>"; };
		FCBC23B019EB96A600C480B6 /* Food.m */ = {isa = PBXFileReference; fileEncoding = 4; lastKnownFileType = sourcecode.c.objc; name = Food.m; path = DataModel/Food.m; sourceTree = "<group>"; };
		FCBC23B119EB96A600C480B6 /* FoodList.h */ = {isa = PBXFileReference; fileEncoding = 4; lastKnownFileType = sourcecode.c.h; name = FoodList.h; path = DataModel/FoodList.h; sourceTree = "<group>"; };
		FCBC23B219EB96A600C480B6 /* FoodList.m */ = {isa = PBXFileReference; fileEncoding = 4; lastKnownFileType = sourcecode.c.objc; name = FoodList.m; path = DataModel/FoodList.m; sourceTree = "<group>"; };
		FCBC23B819EB96D900C480B6 /* BFMasterTableViewController.h */ = {isa = PBXFileReference; fileEncoding = 4; lastKnownFileType = sourcecode.c.h; name = BFMasterTableViewController.h; path = ViewControllers/BFMasterTableViewController.h; sourceTree = "<group>"; };
		FCBC23B919EB96D900C480B6 /* BFMasterTableViewController.m */ = {isa = PBXFileReference; fileEncoding = 4; lastKnownFileType = sourcecode.c.objc; name = BFMasterTableViewController.m; path = ViewControllers/BFMasterTableViewController.m; sourceTree = "<group>"; };
		FCBC23BA19EB96D900C480B6 /* FirstViewController.h */ = {isa = PBXFileReference; fileEncoding = 4; lastKnownFileType = sourcecode.c.h; name = FirstViewController.h; path = ViewControllers/FirstViewController.h; sourceTree = "<group>"; };
		FCBC23BB19EB96D900C480B6 /* FirstViewController.m */ = {isa = PBXFileReference; fileEncoding = 4; lastKnownFileType = sourcecode.c.objc; name = FirstViewController.m; path = ViewControllers/FirstViewController.m; sourceTree = "<group>"; };
		FCBC23BC19EB96D900C480B6 /* SecondViewController.h */ = {isa = PBXFileReference; fileEncoding = 4; lastKnownFileType = sourcecode.c.h; name = SecondViewController.h; path = ViewControllers/SecondViewController.h; sourceTree = "<group>"; };
		FCBC23BD19EB96D900C480B6 /* SecondViewController.m */ = {isa = PBXFileReference; fileEncoding = 4; lastKnownFileType = sourcecode.c.objc; name = SecondViewController.m; path = ViewControllers/SecondViewController.m; sourceTree = "<group>"; };
		FCBE070C1E4E2E97007519FC /* BeFit2.sqlite */ = {isa = PBXFileReference; lastKnownFileType = file; path = BeFit2.sqlite; sourceTree = "<group>"; };
		FCBECD171E4AC60A0034FACF /* AveBorderedButton.h */ = {isa = PBXFileReference; fileEncoding = 4; lastKnownFileType = sourcecode.c.h; path = AveBorderedButton.h; sourceTree = "<group>"; };
		FCBECD181E4AC60A0034FACF /* AveBorderedButton.m */ = {isa = PBXFileReference; fileEncoding = 4; lastKnownFileType = sourcecode.c.objc; path = AveBorderedButton.m; sourceTree = "<group>"; };
		FCBECD191E4AC60A0034FACF /* AveBorderedView.h */ = {isa = PBXFileReference; fileEncoding = 4; lastKnownFileType = sourcecode.c.h; path = AveBorderedView.h; sourceTree = "<group>"; };
		FCBECD1A1E4AC60A0034FACF /* AveBorderedView.m */ = {isa = PBXFileReference; fileEncoding = 4; lastKnownFileType = sourcecode.c.objc; path = AveBorderedView.m; sourceTree = "<group>"; };
		FCBECD1C1E4AC60A0034FACF /* AvePurchaseActivityIndicatorView.h */ = {isa = PBXFileReference; fileEncoding = 4; lastKnownFileType = sourcecode.c.h; path = AvePurchaseActivityIndicatorView.h; sourceTree = "<group>"; };
		FCBECD1D1E4AC60A0034FACF /* AvePurchaseActivityIndicatorView.m */ = {isa = PBXFileReference; fileEncoding = 4; lastKnownFileType = sourcecode.c.objc; path = AvePurchaseActivityIndicatorView.m; sourceTree = "<group>"; };
		FCBECD1E1E4AC60A0034FACF /* AvePurchaseButton.h */ = {isa = PBXFileReference; fileEncoding = 4; lastKnownFileType = sourcecode.c.h; path = AvePurchaseButton.h; sourceTree = "<group>"; };
		FCBECD1F1E4AC60A0034FACF /* AvePurchaseButton.m */ = {isa = PBXFileReference; fileEncoding = 4; lastKnownFileType = sourcecode.c.objc; path = AvePurchaseButton.m; sourceTree = "<group>"; };
		FCC792421E45942F00D19056 /* PickerTableView.h */ = {isa = PBXFileReference; fileEncoding = 4; lastKnownFileType = sourcecode.c.h; path = PickerTableView.h; sourceTree = "<group>"; };
		FCC792431E45942F00D19056 /* PickerTableView.m */ = {isa = PBXFileReference; fileEncoding = 4; lastKnownFileType = sourcecode.c.objc; path = PickerTableView.m; sourceTree = "<group>"; };
/* End PBXFileReference section */

/* Begin PBXFrameworksBuildPhase section */
		FC290AC419CF560E0044C06B /* Frameworks */ = {
			isa = PBXFrameworksBuildPhase;
			buildActionMask = 2147483647;
			files = (
				FC77B2211E501F87009DED53 /* QuartzCore.framework in Frameworks */,
				FC77B21F1E501F7A009DED53 /* AVFoundation.framework in Frameworks */,
				FCA42E2E1E38F20400619AE6 /* WebKit.framework in Frameworks */,
				FC290B0219CF57B30044C06B /* CoreData.framework in Frameworks */,
				FC290B0019CF57AC0044C06B /* Foundation.framework in Frameworks */,
				FC290AFE19CF57A60044C06B /* UIKit.framework in Frameworks */,
			);
			runOnlyForDeploymentPostprocessing = 0;
		};
		FC290AE319CF560E0044C06B /* Frameworks */ = {
			isa = PBXFrameworksBuildPhase;
			buildActionMask = 2147483647;
			files = (
			);
			runOnlyForDeploymentPostprocessing = 0;
		};
/* End PBXFrameworksBuildPhase section */

/* Begin PBXGroup section */
		FC290ABE19CF560E0044C06B = {
			isa = PBXGroup;
			children = (
				FC290AC919CF560E0044C06B /* BeFit iOS */,
				FC290AE919CF560E0044C06B /* BeFit iOSTests */,
				FC290AC819CF560E0044C06B /* Products */,
				FCA42DD11E38EDAD00619AE6 /* Frameworks */,
			);
			sourceTree = "<group>";
		};
		FC290AC819CF560E0044C06B /* Products */ = {
			isa = PBXGroup;
			children = (
				FC290AC719CF560E0044C06B /* BeFit iOS.app */,
				FC290AE619CF560E0044C06B /* BeFit iOSTests.xctest */,
			);
			name = Products;
			sourceTree = "<group>";
		};
		FC290AC919CF560E0044C06B /* BeFit iOS */ = {
			isa = PBXGroup;
			children = (
				FCA42DD51E38F0BD00619AE6 /* Assets */,
				FCBC23A619EB962400C480B6 /* DataModel */,
				FCBC23A819EB966F00C480B6 /* ViewControllers */,
				FCBC23A719EB965E00C480B6 /* Resources */,
				FC290ACA19CF560E0044C06B /* Supporting Files */,
			);
			path = "BeFit iOS";
			sourceTree = "<group>";
		};
		FC290ACA19CF560E0044C06B /* Supporting Files */ = {
			isa = PBXGroup;
			children = (
				FCA42DD41E38F0BD00619AE6 /* CW */,
				FCBECD161E4AC60A0034FACF /* BorderedButton */,
				FCBECD1B1E4AC60A0034FACF /* PurchaseButton */,
				FC290B0119CF57B30044C06B /* CoreData.framework */,
				FC290AFF19CF57AC0044C06B /* Foundation.framework */,
				FC290AFD19CF57A60044C06B /* UIKit.framework */,
				FC290ACB19CF560E0044C06B /* Info.plist */,
				FC290ACC19CF560E0044C06B /* main.m */,
			);
			name = "Supporting Files";
			sourceTree = "<group>";
		};
		FC290AE919CF560E0044C06B /* BeFit iOSTests */ = {
			isa = PBXGroup;
			children = (
				FC290AEC19CF560E0044C06B /* BeFit_iOSTests.m */,
				FC290AEA19CF560E0044C06B /* Supporting Files */,
			);
			path = "BeFit iOSTests";
			sourceTree = "<group>";
		};
		FC290AEA19CF560E0044C06B /* Supporting Files */ = {
			isa = PBXGroup;
			children = (
				FC290AEB19CF560E0044C06B /* Info.plist */,
			);
			name = "Supporting Files";
			sourceTree = "<group>";
		};
		FC760C2B1E4918A400336D75 /* Food Library */ = {
			isa = PBXGroup;
			children = (
				FCA42DAE1E377CD400619AE6 /* CustomProgView.h */,
				FCA42DAF1E377CD400619AE6 /* CustomProgView.m */,
				FCBC23B819EB96D900C480B6 /* BFMasterTableViewController.h */,
				FCBC23B919EB96D900C480B6 /* BFMasterTableViewController.m */,
				FC9EA5411D98C8210013D96A /* DetailViewController.h */,
				FC9EA5421D98C8210013D96A /* DetailViewController.m */,
			);
			name = "Food Library";
			sourceTree = "<group>";
		};
		FC760C2C1E4918B200336D75 /* Food List */ = {
			isa = PBXGroup;
			children = (
				FC760C251E484B2800336D75 /* DeviceViewController.h */,
				FC760C261E484B2800336D75 /* DeviceViewController.m */,
				FC760C281E484B7A00336D75 /* DeviceDetailViewController.h */,
				FC760C291E484B7A00336D75 /* DeviceDetailViewController.m */,
			);
			name = "Food List";
			sourceTree = "<group>";
		};
		FC760C2D1E4918BE00336D75 /* BMI Calculator */ = {
			isa = PBXGroup;
			children = (
				FC3FF5BF1E47C7120091FDD5 /* GoalTableView.h */,
				FC3FF5C01E47C7120091FDD5 /* GoalTableView.m */,
				FC3FF5BC1E47C2280091FDD5 /* LifestyleTableView.h */,
				FC3FF5BD1E47C2280091FDD5 /* LifestyleTableView.m */,
				FCC792421E45942F00D19056 /* PickerTableView.h */,
				FCC792431E45942F00D19056 /* PickerTableView.m */,
				FCBC23BA19EB96D900C480B6 /* FirstViewController.h */,
				FCBC23BB19EB96D900C480B6 /* FirstViewController.m */,
			);
			name = "BMI Calculator";
			sourceTree = "<group>";
		};
		FC77B21D1E501F32009DED53 /* Scanner */ = {
			isa = PBXGroup;
			children = (
				FC77B2221E501FA2009DED53 /* igViewController.h */,
				FC77B2231E501FA2009DED53 /* igViewController.m */,
				FC77B21A1E501E90009DED53 /* FoodChoiceViewController.h */,
				FC77B21B1E501E90009DED53 /* FoodChoiceViewController.m */,
			);
			name = Scanner;
			sourceTree = "<group>";
		};
		FC77B2281E50E352009DED53 /* AddFood */ = {
			isa = PBXGroup;
			children = (
				FC77B2251E50E345009DED53 /* AddFoodViewController.h */,
				FC77B2261E50E345009DED53 /* AddFoodViewController.m */,
			);
			name = AddFood;
			sourceTree = "<group>";
		};
		FCA42DD11E38EDAD00619AE6 /* Frameworks */ = {
			isa = PBXGroup;
			children = (
				FC77B2201E501F87009DED53 /* QuartzCore.framework */,
				FC77B21E1E501F7A009DED53 /* AVFoundation.framework */,
				FCA42E2D1E38F20400619AE6 /* WebKit.framework */,
				FCA42DD21E38EDAE00619AE6 /* CoreGraphics.framework */,
			);
			name = Frameworks;
			sourceTree = "<group>";
		};
		FCA42DD41E38F0BD00619AE6 /* CW */ = {
			isa = PBXGroup;
			children = (
				FCA42DDB1E38F0BD00619AE6 /* CW.h */,
				FCA42DDC1E38F0BD00619AE6 /* CWBarChart.h */,
				FCA42DDD1E38F0BD00619AE6 /* CWBarChart.m */,
				FCA42DDE1E38F0BD00619AE6 /* CWBarChartData.h */,
				FCA42DDF1E38F0BD00619AE6 /* CWBarChartData.m */,
				FCA42DE01E38F0BD00619AE6 /* CWBarChartOptions.h */,
				FCA42DE11E38F0BD00619AE6 /* CWBarChartOptions.m */,
				FCA42DE21E38F0BD00619AE6 /* CWBarDataSet.h */,
				FCA42DE31E38F0BD00619AE6 /* CWBarDataSet.m */,
				FCA42DE41E38F0BD00619AE6 /* CWBoolean.h */,
				FCA42DE51E38F0BD00619AE6 /* CWBoolean.m */,
				FCA42DE61E38F0BD00619AE6 /* CWChart.h */,
				FCA42DE71E38F0BD00619AE6 /* CWChart.m */,
				FCA42DE81E38F0BD00619AE6 /* CWColors.h */,
				FCA42DE91E38F0BD00619AE6 /* CWColors.m */,
				FCA42DEA1E38F0BD00619AE6 /* CWData.h */,
				FCA42DEB1E38F0BD00619AE6 /* CWData.m */,
				FCA42DEC1E38F0BD00619AE6 /* CWDataSet.h */,
				FCA42DED1E38F0BD00619AE6 /* CWDataSet.m */,
				FCA42DEE1E38F0BD00619AE6 /* CWDoughnutChart.h */,
				FCA42DEF1E38F0BD00619AE6 /* CWDoughnutChart.m */,
				FCA42DF01E38F0BD00619AE6 /* CWGlobalOptions.h */,
				FCA42DF11E38F0BD00619AE6 /* CWGlobalOptions.m */,
				FCA42DF21E38F0BD00619AE6 /* CWLabelledData.h */,
				FCA42DF31E38F0BD00619AE6 /* CWLabelledData.m */,
				FCA42DF41E38F0BD00619AE6 /* CWLineChart.h */,
				FCA42DF51E38F0BD00619AE6 /* CWLineChart.m */,
				FCA42DF61E38F0BD00619AE6 /* CWLineChartData.h */,
				FCA42DF71E38F0BD00619AE6 /* CWLineChartData.m */,
				FCA42DF81E38F0BD00619AE6 /* CWLineChartOptions.h */,
				FCA42DF91E38F0BD00619AE6 /* CWLineChartOptions.m */,
				FCA42DFA1E38F0BD00619AE6 /* CWObject.h */,
				FCA42DFB1E38F0BD00619AE6 /* CWObject.m */,
				FCA42DFC1E38F0BD00619AE6 /* CWPieChart.h */,
				FCA42DFD1E38F0BD00619AE6 /* CWPieChart.m */,
				FCA42DFE1E38F0BD00619AE6 /* CWPieChartOptions.h */,
				FCA42DFF1E38F0BD00619AE6 /* CWPieChartOptions.m */,
				FCA42E001E38F0BD00619AE6 /* CWPointDataSet.h */,
				FCA42E011E38F0BD00619AE6 /* CWPointDataSet.m */,
				FCA42E021E38F0BD00619AE6 /* CWPolarAreaChart.h */,
				FCA42E031E38F0BD00619AE6 /* CWPolarAreaChart.m */,
				FCA42E041E38F0BD00619AE6 /* CWPolarAreaChartOptions.h */,
				FCA42E051E38F0BD00619AE6 /* CWPolarAreaChartOptions.m */,
				FCA42E061E38F0BD00619AE6 /* CWRadarChart.h */,
				FCA42E071E38F0BD00619AE6 /* CWRadarChart.m */,
				FCA42E081E38F0BD00619AE6 /* CWRadarChartData.h */,
				FCA42E091E38F0BD00619AE6 /* CWRadarChartData.m */,
				FCA42E0A1E38F0BD00619AE6 /* CWRadarChartOptions.h */,
				FCA42E0B1E38F0BD00619AE6 /* CWRadarChartOptions.m */,
				FCA42E0C1E38F0BD00619AE6 /* CWSegmentData.h */,
				FCA42E0D1E38F0BD00619AE6 /* CWSegmentData.m */,
				FCA42E0E1E38F0BD00619AE6 /* CWTypes.h */,
			);
			path = CW;
			sourceTree = "<group>";
		};
		FCA42DD51E38F0BD00619AE6 /* Assets */ = {
			isa = PBXGroup;
			children = (
				FCA42DD61E38F0BD00619AE6 /* Chart.js */,
				FCA42DD71E38F0BD00619AE6 /* Chart.min.js */,
				FCA42DD81E38F0BD00619AE6 /* cw.html */,
				FCA42DD91E38F0BD00619AE6 /* cw.js */,
				FCA42DDA1E38F0BD00619AE6 /* datasets.js */,
			);
			name = Assets;
			path = CW/Assets;
			sourceTree = "<group>";
		};
		FCBC23A619EB962400C480B6 /* DataModel */ = {
			isa = PBXGroup;
			children = (
				FC290ACE19CF560E0044C06B /* AppDelegate.h */,
				FC290ACF19CF560E0044C06B /* AppDelegate.m */,
				FCBC23A919EB96A600C480B6 /* BeFit_DataModel.xcdatamodeld */,
				FCBC23AC19EB96A600C480B6 /* BeFit_iOS.xcdatamodeld */,
				FCBC23AE19EB96A600C480B6 /* BeFit2D.sqlite */,
				FCBE070C1E4E2E97007519FC /* BeFit2.sqlite */,
				FCBC23AF19EB96A600C480B6 /* Food.h */,
				FCBC23B019EB96A600C480B6 /* Food.m */,
				FCBC23B119EB96A600C480B6 /* FoodList.h */,
				FCBC23B219EB96A600C480B6 /* FoodList.m */,
			);
			name = DataModel;
			sourceTree = "<group>";
		};
		FCBC23A719EB965E00C480B6 /* Resources */ = {
			isa = PBXGroup;
			children = (
				FC5FAA5D1E52AD8700A55309 /* Main.storyboard */,
				FC290ADD19CF560E0044C06B /* Images.xcassets */,
			);
			name = Resources;
			sourceTree = "<group>";
		};
		FCBC23A819EB966F00C480B6 /* ViewControllers */ = {
			isa = PBXGroup;
			children = (
				FC77B2281E50E352009DED53 /* AddFood */,
				FC77B21D1E501F32009DED53 /* Scanner */,
				FC760C2D1E4918BE00336D75 /* BMI Calculator */,
				FC760C2B1E4918A400336D75 /* Food Library */,
				FC760C2C1E4918B200336D75 /* Food List */,
				FCBC23BC19EB96D900C480B6 /* SecondViewController.h */,
				FCBC23BD19EB96D900C480B6 /* SecondViewController.m */,
			);
			name = ViewControllers;
			sourceTree = "<group>";
		};
		FCBECD161E4AC60A0034FACF /* BorderedButton */ = {
			isa = PBXGroup;
			children = (
				FCBECD171E4AC60A0034FACF /* AveBorderedButton.h */,
				FCBECD181E4AC60A0034FACF /* AveBorderedButton.m */,
				FCBECD191E4AC60A0034FACF /* AveBorderedView.h */,
				FCBECD1A1E4AC60A0034FACF /* AveBorderedView.m */,
			);
			path = BorderedButton;
			sourceTree = "<group>";
		};
		FCBECD1B1E4AC60A0034FACF /* PurchaseButton */ = {
			isa = PBXGroup;
			children = (
				FCBECD1C1E4AC60A0034FACF /* AvePurchaseActivityIndicatorView.h */,
				FCBECD1D1E4AC60A0034FACF /* AvePurchaseActivityIndicatorView.m */,
				FCBECD1E1E4AC60A0034FACF /* AvePurchaseButton.h */,
				FCBECD1F1E4AC60A0034FACF /* AvePurchaseButton.m */,
			);
			path = PurchaseButton;
			sourceTree = "<group>";
		};
/* End PBXGroup section */

/* Begin PBXNativeTarget section */
		FC290AC619CF560E0044C06B /* BeFit iOS */ = {
			isa = PBXNativeTarget;
			buildConfigurationList = FC290AF019CF560E0044C06B /* Build configuration list for PBXNativeTarget "BeFit iOS" */;
			buildPhases = (
				FC290AC319CF560E0044C06B /* Sources */,
				FC290AC419CF560E0044C06B /* Frameworks */,
				FC290AC519CF560E0044C06B /* Resources */,
			);
			buildRules = (
			);
			dependencies = (
			);
			name = "BeFit iOS";
			productName = "BeFit iOS";
			productReference = FC290AC719CF560E0044C06B /* BeFit iOS.app */;
			productType = "com.apple.product-type.application";
		};
		FC290AE519CF560E0044C06B /* BeFit iOSTests */ = {
			isa = PBXNativeTarget;
			buildConfigurationList = FC290AF319CF560E0044C06B /* Build configuration list for PBXNativeTarget "BeFit iOSTests" */;
			buildPhases = (
				FC290AE219CF560E0044C06B /* Sources */,
				FC290AE319CF560E0044C06B /* Frameworks */,
				FC290AE419CF560E0044C06B /* Resources */,
			);
			buildRules = (
			);
			dependencies = (
				FC290AE819CF560E0044C06B /* PBXTargetDependency */,
			);
			name = "BeFit iOSTests";
			productName = "BeFit iOSTests";
			productReference = FC290AE619CF560E0044C06B /* BeFit iOSTests.xctest */;
			productType = "com.apple.product-type.bundle.unit-test";
		};
/* End PBXNativeTarget section */

/* Begin PBXProject section */
		FC290ABF19CF560E0044C06B /* Project object */ = {
			isa = PBXProject;
			attributes = {
				LastUpgradeCheck = 0800;
				ORGANIZATIONNAME = "Jon Brown";
				TargetAttributes = {
					FC290AC619CF560E0044C06B = {
						CreatedOnToolsVersion = 6.0.1;
						DevelopmentTeam = 2D4Z7WQ7RS;
						ProvisioningStyle = Automatic;
					};
					FC290AE519CF560E0044C06B = {
						CreatedOnToolsVersion = 6.0.1;
						DevelopmentTeam = 2D4Z7WQ7RS;
						ProvisioningStyle = Automatic;
						TestTargetID = FC290AC619CF560E0044C06B;
					};
				};
			};
			buildConfigurationList = FC290AC219CF560E0044C06B /* Build configuration list for PBXProject "BeFit iOS" */;
			compatibilityVersion = "Xcode 3.2";
			developmentRegion = English;
			hasScannedForEncodings = 0;
			knownRegions = (
				en,
				Base,
			);
			mainGroup = FC290ABE19CF560E0044C06B;
			productRefGroup = FC290AC819CF560E0044C06B /* Products */;
			projectDirPath = "";
			projectRoot = "";
			targets = (
				FC290AC619CF560E0044C06B /* BeFit iOS */,
				FC290AE519CF560E0044C06B /* BeFit iOSTests */,
			);
		};
/* End PBXProject section */

/* Begin PBXResourcesBuildPhase section */
		FC290AC519CF560E0044C06B /* Resources */ = {
			isa = PBXResourcesBuildPhase;
			buildActionMask = 2147483647;
			files = (
				FCA42E111E38F0BD00619AE6 /* cw.html in Resources */,
				FCA42E121E38F0BD00619AE6 /* cw.js in Resources */,
				FCBE070D1E4E2E97007519FC /* BeFit2.sqlite in Resources */,
				FCA42E131E38F0BD00619AE6 /* datasets.js in Resources */,
				FCA42E0F1E38F0BD00619AE6 /* Chart.js in Resources */,
				FCBC23B519EB96A600C480B6 /* BeFit2D.sqlite in Resources */,
				FC5FAA5F1E52AD8700A55309 /* Main.storyboard in Resources */,
				FC290ADE19CF560E0044C06B /* Images.xcassets in Resources */,
				FCA42E101E38F0BD00619AE6 /* Chart.min.js in Resources */,
			);
			runOnlyForDeploymentPostprocessing = 0;
		};
		FC290AE419CF560E0044C06B /* Resources */ = {
			isa = PBXResourcesBuildPhase;
			buildActionMask = 2147483647;
			files = (
			);
			runOnlyForDeploymentPostprocessing = 0;
		};
/* End PBXResourcesBuildPhase section */

/* Begin PBXSourcesBuildPhase section */
		FC290AC319CF560E0044C06B /* Sources */ = {
			isa = PBXSourcesBuildPhase;
			buildActionMask = 2147483647;
			files = (
				FCA42E181E38F0BD00619AE6 /* CWBoolean.m in Sources */,
				FCBC23C019EB96D900C480B6 /* SecondViewController.m in Sources */,
				FC77B2271E50E345009DED53 /* AddFoodViewController.m in Sources */,
				FCA42E271E38F0BD00619AE6 /* CWPolarAreaChart.m in Sources */,
				FCA42E281E38F0BD00619AE6 /* CWPolarAreaChartOptions.m in Sources */,
				FCA42E231E38F0BD00619AE6 /* CWObject.m in Sources */,
				FCA42E261E38F0BD00619AE6 /* CWPointDataSet.m in Sources */,
				FCA42E171E38F0BD00619AE6 /* CWBarDataSet.m in Sources */,
				FCA42DB01E377CD400619AE6 /* CustomProgView.m in Sources */,
				FCA42E191E38F0BD00619AE6 /* CWChart.m in Sources */,
				FCA42E151E38F0BD00619AE6 /* CWBarChartData.m in Sources */,
				FC77B2241E501FA2009DED53 /* igViewController.m in Sources */,
				FCA42E2B1E38F0BD00619AE6 /* CWRadarChartOptions.m in Sources */,
				FCBC23BF19EB96D900C480B6 /* FirstViewController.m in Sources */,
				FCBECD231E4AC60A0034FACF /* AvePurchaseButton.m in Sources */,
				FCBECD211E4AC60A0034FACF /* AveBorderedView.m in Sources */,
				FCA42E221E38F0BD00619AE6 /* CWLineChartOptions.m in Sources */,
				FCBECD201E4AC60A0034FACF /* AveBorderedButton.m in Sources */,
				FCA42E1A1E38F0BD00619AE6 /* CWColors.m in Sources */,
				FC3FF5C11E47C7120091FDD5 /* GoalTableView.m in Sources */,
				FCA42E2A1E38F0BD00619AE6 /* CWRadarChartData.m in Sources */,
				FCBC23B719EB96A600C480B6 /* FoodList.m in Sources */,
				FCA42E1B1E38F0BD00619AE6 /* CWData.m in Sources */,
				FC3FF5BE1E47C2280091FDD5 /* LifestyleTableView.m in Sources */,
				FCA42E251E38F0BD00619AE6 /* CWPieChartOptions.m in Sources */,
				FC290AD019CF560E0044C06B /* AppDelegate.m in Sources */,
				FCA42E211E38F0BD00619AE6 /* CWLineChartData.m in Sources */,
				FCA42E291E38F0BD00619AE6 /* CWRadarChart.m in Sources */,
				FCBC23B419EB96A600C480B6 /* BeFit_iOS.xcdatamodeld in Sources */,
				FC760C271E484B2800336D75 /* DeviceViewController.m in Sources */,
				FCC792441E45942F00D19056 /* PickerTableView.m in Sources */,
				FCA42E201E38F0BD00619AE6 /* CWLineChart.m in Sources */,
				FCBECD221E4AC60A0034FACF /* AvePurchaseActivityIndicatorView.m in Sources */,
				FC77B21C1E501E90009DED53 /* FoodChoiceViewController.m in Sources */,
				FC9EA5431D98C8210013D96A /* DetailViewController.m in Sources */,
				FCA42E241E38F0BD00619AE6 /* CWPieChart.m in Sources */,
				FC290ACD19CF560E0044C06B /* main.m in Sources */,
				FCA42E1C1E38F0BD00619AE6 /* CWDataSet.m in Sources */,
				FCA42E161E38F0BD00619AE6 /* CWBarChartOptions.m in Sources */,
				FCA42E141E38F0BD00619AE6 /* CWBarChart.m in Sources */,
				FCA42E1E1E38F0BD00619AE6 /* CWGlobalOptions.m in Sources */,
				FCBC23B619EB96A600C480B6 /* Food.m in Sources */,
				FCBC23BE19EB96D900C480B6 /* BFMasterTableViewController.m in Sources */,
				FC760C2A1E484B7A00336D75 /* DeviceDetailViewController.m in Sources */,
				FCA42E1F1E38F0BD00619AE6 /* CWLabelledData.m in Sources */,
				FCA42E2C1E38F0BD00619AE6 /* CWSegmentData.m in Sources */,
				FCBC23B319EB96A600C480B6 /* BeFit_DataModel.xcdatamodeld in Sources */,
				FCA42E1D1E38F0BD00619AE6 /* CWDoughnutChart.m in Sources */,
			);
			runOnlyForDeploymentPostprocessing = 0;
		};
		FC290AE219CF560E0044C06B /* Sources */ = {
			isa = PBXSourcesBuildPhase;
			buildActionMask = 2147483647;
			files = (
			);
			runOnlyForDeploymentPostprocessing = 0;
		};
/* End PBXSourcesBuildPhase section */

/* Begin PBXTargetDependency section */
		FC290AE819CF560E0044C06B /* PBXTargetDependency */ = {
			isa = PBXTargetDependency;
			target = FC290AC619CF560E0044C06B /* BeFit iOS */;
			targetProxy = FC290AE719CF560E0044C06B /* PBXContainerItemProxy */;
		};
/* End PBXTargetDependency section */

/* Begin PBXVariantGroup section */
		FC5FAA5D1E52AD8700A55309 /* Main.storyboard */ = {
			isa = PBXVariantGroup;
			children = (
				FC5FAA5E1E52AD8700A55309 /* Base */,
			);
			name = Main.storyboard;
			sourceTree = "<group>";
		};
/* End PBXVariantGroup section */

/* Begin XCBuildConfiguration section */
		FC290AEE19CF560E0044C06B /* Debug */ = {
			isa = XCBuildConfiguration;
			buildSettings = {
				ALWAYS_SEARCH_USER_PATHS = NO;
				CLANG_CXX_LANGUAGE_STANDARD = "gnu++0x";
				CLANG_CXX_LIBRARY = "libc++";
				CLANG_ENABLE_MODULES = YES;
				CLANG_ENABLE_OBJC_ARC = YES;
				CLANG_WARN_BOOL_CONVERSION = YES;
				CLANG_WARN_CONSTANT_CONVERSION = YES;
				CLANG_WARN_DIRECT_OBJC_ISA_USAGE = YES_ERROR;
				CLANG_WARN_EMPTY_BODY = YES;
				CLANG_WARN_ENUM_CONVERSION = YES;
				CLANG_WARN_INFINITE_RECURSION = YES;
				CLANG_WARN_INT_CONVERSION = YES;
				CLANG_WARN_OBJC_ROOT_CLASS = YES_ERROR;
				CLANG_WARN_SUSPICIOUS_MOVE = YES;
				CLANG_WARN_UNREACHABLE_CODE = YES;
				CLANG_WARN__DUPLICATE_METHOD_MATCH = YES;
				"CODE_SIGN_IDENTITY[sdk=iphoneos*]" = "iPhone Developer";
				COPY_PHASE_STRIP = NO;
				ENABLE_STRICT_OBJC_MSGSEND = YES;
				ENABLE_TESTABILITY = YES;
				GCC_C_LANGUAGE_STANDARD = gnu99;
				GCC_DYNAMIC_NO_PIC = NO;
				GCC_NO_COMMON_BLOCKS = YES;
				GCC_OPTIMIZATION_LEVEL = 0;
				GCC_PREPROCESSOR_DEFINITIONS = (
					"DEBUG=1",
					"$(inherited)",
				);
				GCC_SYMBOLS_PRIVATE_EXTERN = NO;
				GCC_WARN_64_TO_32_BIT_CONVERSION = YES;
				GCC_WARN_ABOUT_RETURN_TYPE = YES_ERROR;
				GCC_WARN_UNDECLARED_SELECTOR = YES;
				GCC_WARN_UNINITIALIZED_AUTOS = YES_AGGRESSIVE;
				GCC_WARN_UNUSED_FUNCTION = YES;
				GCC_WARN_UNUSED_VARIABLE = YES;
				IPHONEOS_DEPLOYMENT_TARGET = 8.0;
				MTL_ENABLE_DEBUG_INFO = YES;
				ONLY_ACTIVE_ARCH = YES;
				SDKROOT = iphoneos;
			};
			name = Debug;
		};
		FC290AEF19CF560E0044C06B /* Release */ = {
			isa = XCBuildConfiguration;
			buildSettings = {
				ALWAYS_SEARCH_USER_PATHS = NO;
				CLANG_CXX_LANGUAGE_STANDARD = "gnu++0x";
				CLANG_CXX_LIBRARY = "libc++";
				CLANG_ENABLE_MODULES = YES;
				CLANG_ENABLE_OBJC_ARC = YES;
				CLANG_WARN_BOOL_CONVERSION = YES;
				CLANG_WARN_CONSTANT_CONVERSION = YES;
				CLANG_WARN_DIRECT_OBJC_ISA_USAGE = YES_ERROR;
				CLANG_WARN_EMPTY_BODY = YES;
				CLANG_WARN_ENUM_CONVERSION = YES;
				CLANG_WARN_INFINITE_RECURSION = YES;
				CLANG_WARN_INT_CONVERSION = YES;
				CLANG_WARN_OBJC_ROOT_CLASS = YES_ERROR;
				CLANG_WARN_SUSPICIOUS_MOVE = YES;
				CLANG_WARN_UNREACHABLE_CODE = YES;
				CLANG_WARN__DUPLICATE_METHOD_MATCH = YES;
				"CODE_SIGN_IDENTITY[sdk=iphoneos*]" = "iPhone Developer";
				COPY_PHASE_STRIP = YES;
				ENABLE_NS_ASSERTIONS = NO;
				ENABLE_STRICT_OBJC_MSGSEND = YES;
				GCC_C_LANGUAGE_STANDARD = gnu99;
				GCC_NO_COMMON_BLOCKS = YES;
				GCC_WARN_64_TO_32_BIT_CONVERSION = YES;
				GCC_WARN_ABOUT_RETURN_TYPE = YES_ERROR;
				GCC_WARN_UNDECLARED_SELECTOR = YES;
				GCC_WARN_UNINITIALIZED_AUTOS = YES_AGGRESSIVE;
				GCC_WARN_UNUSED_FUNCTION = YES;
				GCC_WARN_UNUSED_VARIABLE = YES;
				IPHONEOS_DEPLOYMENT_TARGET = 8.0;
				MTL_ENABLE_DEBUG_INFO = NO;
				ONLY_ACTIVE_ARCH = YES;
				SDKROOT = iphoneos;
				VALIDATE_PRODUCT = YES;
			};
			name = Release;
		};
		FC290AF119CF560E0044C06B /* Debug */ = {
			isa = XCBuildConfiguration;
			buildSettings = {
				ASSETCATALOG_COMPILER_APPICON_NAME = AppIcon;
				ASSETCATALOG_COMPILER_LAUNCHIMAGE_NAME = LaunchImage;
				"CODE_SIGN_IDENTITY[sdk=iphoneos*]" = "iPhone Developer";
				DEVELOPMENT_TEAM = 2D4Z7WQ7RS;
				INFOPLIST_FILE = "BeFit iOS/Info.plist";
				IPHONEOS_DEPLOYMENT_TARGET = 10.2;
				LD_RUNPATH_SEARCH_PATHS = "$(inherited) @executable_path/Frameworks";
				PRODUCT_BUNDLE_IDENTIFIER = "com.jonbrown.org.$(PRODUCT_NAME:rfc1034identifier)";
				PRODUCT_NAME = "$(TARGET_NAME)";
				PROVISIONING_PROFILE = "";
				PROVISIONING_PROFILE_SPECIFIER = "";
			};
			name = Debug;
		};
		FC290AF219CF560E0044C06B /* Release */ = {
			isa = XCBuildConfiguration;
			buildSettings = {
				ASSETCATALOG_COMPILER_APPICON_NAME = AppIcon;
				ASSETCATALOG_COMPILER_LAUNCHIMAGE_NAME = LaunchImage;
				"CODE_SIGN_IDENTITY[sdk=iphoneos*]" = "iPhone Developer";
				DEVELOPMENT_TEAM = 2D4Z7WQ7RS;
				INFOPLIST_FILE = "BeFit iOS/Info.plist";
				IPHONEOS_DEPLOYMENT_TARGET = 10.2;
				LD_RUNPATH_SEARCH_PATHS = "$(inherited) @executable_path/Frameworks";
				PRODUCT_BUNDLE_IDENTIFIER = "com.jonbrown.org.$(PRODUCT_NAME:rfc1034identifier)";
				PRODUCT_NAME = "$(TARGET_NAME)";
				PROVISIONING_PROFILE = "";
				PROVISIONING_PROFILE_SPECIFIER = "";
			};
			name = Release;
		};
		FC290AF419CF560E0044C06B /* Debug */ = {
			isa = XCBuildConfiguration;
			buildSettings = {
				BUNDLE_LOADER = "$(TEST_HOST)";
				"CODE_SIGN_IDENTITY[sdk=iphoneos*]" = "iPhone Developer";
				DEVELOPMENT_TEAM = 2D4Z7WQ7RS;
				FRAMEWORK_SEARCH_PATHS = "";
				GCC_PREPROCESSOR_DEFINITIONS = (
					"DEBUG=1",
					"$(inherited)",
				);
				INFOPLIST_FILE = "BeFit iOSTests/Info.plist";
				LD_RUNPATH_SEARCH_PATHS = "$(inherited) @executable_path/Frameworks @loader_path/Frameworks";
				PRODUCT_BUNDLE_IDENTIFIER = "com.jonbrown.org.$(PRODUCT_NAME:rfc1034identifier)";
				PRODUCT_NAME = "$(TARGET_NAME)";
				TEST_HOST = "$(BUILT_PRODUCTS_DIR)/BeFit iOS.app/BeFit iOS";
			};
			name = Debug;
		};
		FC290AF519CF560E0044C06B /* Release */ = {
			isa = XCBuildConfiguration;
			buildSettings = {
				BUNDLE_LOADER = "$(TEST_HOST)";
				"CODE_SIGN_IDENTITY[sdk=iphoneos*]" = "iPhone Developer";
				DEVELOPMENT_TEAM = 2D4Z7WQ7RS;
				FRAMEWORK_SEARCH_PATHS = "";
				INFOPLIST_FILE = "BeFit iOSTests/Info.plist";
				LD_RUNPATH_SEARCH_PATHS = "$(inherited) @executable_path/Frameworks @loader_path/Frameworks";
				PRODUCT_BUNDLE_IDENTIFIER = "com.jonbrown.org.$(PRODUCT_NAME:rfc1034identifier)";
				PRODUCT_NAME = "$(TARGET_NAME)";
				TEST_HOST = "$(BUILT_PRODUCTS_DIR)/BeFit iOS.app/BeFit iOS";
			};
			name = Release;
		};
/* End XCBuildConfiguration section */

/* Begin XCConfigurationList section */
		FC290AC219CF560E0044C06B /* Build configuration list for PBXProject "BeFit iOS" */ = {
			isa = XCConfigurationList;
			buildConfigurations = (
				FC290AEE19CF560E0044C06B /* Debug */,
				FC290AEF19CF560E0044C06B /* Release */,
			);
			defaultConfigurationIsVisible = 0;
			defaultConfigurationName = Release;
		};
		FC290AF019CF560E0044C06B /* Build configuration list for PBXNativeTarget "BeFit iOS" */ = {
			isa = XCConfigurationList;
			buildConfigurations = (
				FC290AF119CF560E0044C06B /* Debug */,
				FC290AF219CF560E0044C06B /* Release */,
			);
			defaultConfigurationIsVisible = 0;
			defaultConfigurationName = Release;
		};
		FC290AF319CF560E0044C06B /* Build configuration list for PBXNativeTarget "BeFit iOSTests" */ = {
			isa = XCConfigurationList;
			buildConfigurations = (
				FC290AF419CF560E0044C06B /* Debug */,
				FC290AF519CF560E0044C06B /* Release */,
			);
			defaultConfigurationIsVisible = 0;
			defaultConfigurationName = Release;
		};
/* End XCConfigurationList section */

/* Begin XCVersionGroup section */
		FCBC23A919EB96A600C480B6 /* BeFit_DataModel.xcdatamodeld */ = {
			isa = XCVersionGroup;
			children = (
				FCBC23AA19EB96A600C480B6 /* BeFit_DataModel.xcdatamodel */,
				FCBC23AB19EB96A600C480B6 /* BeFit_DataModel2.xcdatamodel */,
			);
			currentVersion = FCBC23AB19EB96A600C480B6 /* BeFit_DataModel2.xcdatamodel */;
			name = BeFit_DataModel.xcdatamodeld;
			path = DataModel/BeFit_DataModel.xcdatamodeld;
			sourceTree = "<group>";
			versionGroupType = wrapper.xcdatamodel;
		};
		FCBC23AC19EB96A600C480B6 /* BeFit_iOS.xcdatamodeld */ = {
			isa = XCVersionGroup;
			children = (
				FCBC23AD19EB96A600C480B6 /* BeFit_iOS.xcdatamodel */,
			);
			currentVersion = FCBC23AD19EB96A600C480B6 /* BeFit_iOS.xcdatamodel */;
			name = BeFit_iOS.xcdatamodeld;
			path = DataModel/BeFit_iOS.xcdatamodeld;
			sourceTree = "<group>";
			versionGroupType = wrapper.xcdatamodel;
		};
/* End XCVersionGroup section */
	};
	rootObject = FC290ABF19CF560E0044C06B /* Project object */;
}
